{
	"name": "@typed/hkt",
	"version": "0.0.0",
	"lockfileVersion": 1,
	"requires": true,
	"dependencies": {
		"ts-toolbelt": {
			"version": "6.13.11",
			"resolved": "https://registry.npmjs.org/ts-toolbelt/-/ts-toolbelt-6.13.11.tgz",
			"integrity": "sha512-QmvHwAofS1MAn1ndXCn2AVhxJLipaj4tK26SrhBTiydfgKtbLlU2efpIP/8Jocrc9ynNslZqrhqAesruJMlxCQ=="
		},
		"typescript": {
			"version": "4.0.0-dev.20200722",
			"resolved": "https://registry.npmjs.org/typescript/-/typescript-4.0.0-dev.20200722.tgz",
			"integrity": "sha512-MmJ1YyPNK3JYeKLiTg5sQXdeZaMgt99Fg4BMRZhJmhoq1/x2V1cpXMYvE1rtIYl9K7NvmTDdU3WDW7ZOD6ybaw==",
			"dev": true
		}
	}
}
