{
	"name": "@typed/hkt",
	"version": "0.0.0",
	"lockfileVersion": 1,
	"requires": true,
	"dependencies": {
		"hkt-ts": {
			"version": "1.3.0",
			"resolved": "https://registry.npmjs.org/hkt-ts/-/hkt-ts-1.3.0.tgz",
			"integrity": "sha512-7kVQwMs3c9jMrW83OPCyVd2DnImUSssZjGKw4vMahqhrnzPOmcIHCaP9o0KEdfMztVUp4SYT5/We5cswXKjj+Q==",
			"requires": {
				"ts-toolbelt": "^6.13.21"
			}
		},
		"ts-toolbelt": {
			"version": "6.13.28",
			"resolved": "https://registry.npmjs.org/ts-toolbelt/-/ts-toolbelt-6.13.28.tgz",
			"integrity": "sha512-89amEuUFvgcErtKh0+8egz8I+DertVSSGYaFAtNK56H7DXx4czFDL+wApauD4xSq4NZrB12kM++ZYu9e/1l3lA=="
		}
	}
}
