{
	"name": "@typed/css",
	"version": "1.5.0",
	"lockfileVersion": 3,
	"requires": true,
	"packages": {
		"": {
			"name": "@typed/css",
			"version": "1.5.0",
			"license": "Parity-6.0.0",
			"dependencies": {
				"csstype": "^2.6.10"
			},
			"peerDependencies": {
				"tslib": "^2.0.0"
			}
		},
		"node_modules/csstype": {
			"version": "2.6.10",
			"resolved": "https://registry.npmjs.org/csstype/-/csstype-2.6.10.tgz",
			"integrity": "sha512-D34BqZU4cIlMCY93rZHbrq9pjTAQJ3U8S8rfBqjwHxkGPThWFjzZDQpgMJY0QViLxth6ZKYiwFBo14RdN44U/w=="
		},
		"node_modules/tslib": {
			"version": "2.5.2",
			"resolved": "https://registry.npmjs.org/tslib/-/tslib-2.5.2.tgz",
			"integrity": "sha512-5svOrSA2w3iGFDs1HibEVBGbDrAY82bFQ3HZ3ixB+88nsbsWQoKqDRb5UBYAUPEzbBn6dAp5gRNXglySbx1MlA==",
			"peer": true
		}
	}
}
