{
	"name": "@typed/css",
	"version": "1.5.0",
	"lockfileVersion": 2,
	"requires": true,
	"packages": {
		"": {
			"name": "@typed/css",
			"version": "1.5.0",
			"license": "Parity-6.0.0",
			"dependencies": {
				"csstype": "^2.6.10"
			},
			"peerDependencies": {
				"tslib": "^2.0.0"
			}
		},
		"node_modules/csstype": {
			"version": "2.6.10",
			"resolved": "https://registry.npmjs.org/csstype/-/csstype-2.6.10.tgz",
			"integrity": "sha512-D34BqZU4cIlMCY93rZHbrq9pjTAQJ3U8S8rfBqjwHxkGPThWFjzZDQpgMJY0QViLxth6ZKYiwFBo14RdN44U/w=="
		},
		"node_modules/tslib": {
			"version": "2.4.0",
			"resolved": "https://registry.npmjs.org/tslib/-/tslib-2.4.0.tgz",
			"integrity": "sha512-d6xOpEDfsi2CZVlPQzGeux8XMwLT9hssAsaPYExaQMuYskwb+x1x7J371tWlbBdWHroy99KnVB6qIkUbs5X3UQ==",
			"peer": true
		}
	},
	"dependencies": {
		"csstype": {
			"version": "2.6.10",
			"resolved": "https://registry.npmjs.org/csstype/-/csstype-2.6.10.tgz",
			"integrity": "sha512-D34BqZU4cIlMCY93rZHbrq9pjTAQJ3U8S8rfBqjwHxkGPThWFjzZDQpgMJY0QViLxth6ZKYiwFBo14RdN44U/w=="
		},
		"tslib": {
			"version": "2.4.0",
			"resolved": "https://registry.npmjs.org/tslib/-/tslib-2.4.0.tgz",
			"integrity": "sha512-d6xOpEDfsi2CZVlPQzGeux8XMwLT9hssAsaPYExaQMuYskwb+x1x7J371tWlbBdWHroy99KnVB6qIkUbs5X3UQ==",
			"peer": true
		}
	}
}
