{
  "name": "@typed/routing",
  "version": "2.1.2",
  "lockfileVersion": 1,
  "requires": true,
  "dependencies": {
    "@typed/common": {
      "version": "2.0.1"
    },
    "@typed/history": {
      "version": "4.0.6",
      "requires": {
        "@typed/common": "^2.0.1",
        "@typed/disposable": "^2.0.1",
        "@typed/env": "^2.0.3",
        "@typed/lambda": "^2.0.1",
        "@typed/new-type": "^2.0.2",
        "@typed/subscription": "^2.1.4",
        "@typed/tuple": "^2.0.1"
      }
    },
    "@typed/lambda": {
      "version": "2.0.1",
      "requires": {
        "@typed/common": "^2.0.1"
      }
    },
    "@typed/logic": {
      "version": "5.0.2",
      "requires": {
        "@typed/common": "^2.0.1",
        "@typed/lambda": "^2.0.1",
        "@typed/maybe": "^9.0.1"
      }
    },
    "@typed/maybe": {
      "version": "9.0.1",
      "requires": {
        "@typed/lambda": "^2.0.1"
      }
    },
    "path-to-regexp": {
      "version": "5.0.0",
      "resolved": "https://registry.npmjs.org/path-to-regexp/-/path-to-regexp-5.0.0.tgz",
      "integrity": "sha512-VOQVA+0mivusQfaveeWlrW7ddXKuStHMTdovn/1epf7cEpUL4dpzGl7eq8ho96H9w90/q66yJLsqn84jSCfkmQ=="
    }
  }
}
