{
  "name": "counter",
  "version": "1.0.0",
  "lockfileVersion": 1,
  "requires": true,
  "dependencies": {
    "@typed/common": {
      "version": "0.0.1-alpha.183",
      "resolved": "https://registry.npmjs.org/@typed/common/-/common-0.0.1-alpha.183.tgz",
      "integrity": "sha512-qEJUaD4UFTZxSQd9aZ86ltwcW+eXIliS+EKuQ7Cux7htLIIyiqffVREjbwN3yNnAK6gUgDNcwS5Ca/b1WvuvfQ=="
    },
    "@typed/disposable": {
      "version": "0.0.1-alpha.183",
      "resolved": "https://registry.npmjs.org/@typed/disposable/-/disposable-0.0.1-alpha.183.tgz",
      "integrity": "sha512-pdp4jXBXCxosqgNCnW2Zf51MFL43U3eaWL4xDyDQQUWbv4Fhd5MDjNshq0Q4f0l/ShWZXfRbaC0z/p7vkDZKQA==",
      "requires": {
        "@typed/lambda": "^0.0.1-alpha.183+594b000"
      }
    },
    "@typed/dom": {
      "version": "0.0.1-alpha.183",
      "resolved": "https://registry.npmjs.org/@typed/dom/-/dom-0.0.1-alpha.183.tgz",
      "integrity": "sha512-T+B9bbfKf6FuX9ki5yiaJ8wM/XQ/eDe9zTCUKtNYIVF1tDqYLr/OS+qevSier2zlm0HogWjeFSiT1xW7FFUwlw==",
      "requires": {
        "@typed/common": "^0.0.1-alpha.183+594b000",
        "@typed/disposable": "^0.0.1-alpha.183+594b000",
        "@typed/either": "^4.0.1-alpha.183+594b000",
        "@typed/env": "^0.0.1-alpha.183+594b000",
        "@typed/history": "^2.0.1-alpha.183+594b000",
        "@typed/http": "^0.0.1-alpha.183+594b000",
        "@typed/lambda": "^0.0.1-alpha.183+594b000",
        "@typed/list": "^3.0.1-alpha.183+594b000",
        "@typed/logger": "^0.0.1-alpha.183+594b000",
        "@typed/logic": "^3.0.1-alpha.183+594b000",
        "@typed/maybe": "^7.0.1-alpha.183+594b000",
        "@typed/new-type": "^0.0.1-alpha.183+594b000",
        "@typed/objects": "^3.0.1-alpha.183+594b000",
        "@typed/remote-data": "^0.0.1-alpha.183+594b000",
        "@typed/routing": "^0.0.1-alpha.183+594b000",
        "@typed/storage": "^0.0.1-alpha.183+594b000",
        "@typed/subscription": "^0.0.1-alpha.183+594b000",
        "@typed/timer": "^0.0.1-alpha.183+594b000",
        "@typed/tuple": "^0.0.1-alpha.183+594b000",
        "@typed/uuid": "^2.0.1-alpha.183+594b000",
        "basichtml": "^0.24.0",
        "dom-augmentor": "^0.3.1",
        "lighterhtml-plus": "^0.15.2"
      }
    },
    "@typed/either": {
      "version": "4.0.1-alpha.183",
      "resolved": "https://registry.npmjs.org/@typed/either/-/either-4.0.1-alpha.183.tgz",
      "integrity": "sha512-DT8NKeA9xShvY7B0SgJOAjpB+cDBWPU7++i3DYeWCJarop+9qbHSZMPuctE4G8kzui/wi+zLoD2cuy8Pq1LP2w==",
      "requires": {
        "@typed/lambda": "^0.0.1-alpha.183+594b000"
      }
    },
    "@typed/env": {
      "version": "0.0.1-alpha.183",
      "resolved": "https://registry.npmjs.org/@typed/env/-/env-0.0.1-alpha.183.tgz",
      "integrity": "sha512-YGJOSirt4SXnyOMSCuu7Ta4W5mPbu+nt7+XLkbTql0INGlMoHH+qVCoBaCQI2LbcAde90X4lgQCAw9sC+U8uHw==",
      "requires": {
        "@typed/common": "^0.0.1-alpha.183+594b000",
        "@typed/disposable": "^0.0.1-alpha.183+594b000",
        "@typed/lambda": "^0.0.1-alpha.183+594b000",
        "@typed/list": "^3.0.1-alpha.183+594b000",
        "@typed/objects": "^3.0.1-alpha.183+594b000",
        "@typed/timer": "^0.0.1-alpha.183+594b000"
      }
    },
    "@typed/history": {
      "version": "2.0.1-alpha.183",
      "resolved": "https://registry.npmjs.org/@typed/history/-/history-2.0.1-alpha.183.tgz",
      "integrity": "sha512-VPTIfQT6YI2rz/clTlgE86u5ctBUSHszOmleD3OzqFnJoMoE+FDu2LIpluqKcKM1yro2Qec7+EVSu6e1g53D3Q==",
      "requires": {
        "@typed/common": "^0.0.1-alpha.183+594b000",
        "@typed/disposable": "^0.0.1-alpha.183+594b000",
        "@typed/env": "^0.0.1-alpha.183+594b000",
        "@typed/lambda": "^0.0.1-alpha.183+594b000",
        "@typed/new-type": "^0.0.1-alpha.183+594b000",
        "@typed/subscription": "^0.0.1-alpha.183+594b000",
        "@typed/tuple": "^0.0.1-alpha.183+594b000"
      }
    },
    "@typed/http": {
      "version": "0.0.1-alpha.183",
      "resolved": "https://registry.npmjs.org/@typed/http/-/http-0.0.1-alpha.183.tgz",
      "integrity": "sha512-r/o8z0USowH4Snz4bfeqzmlUDdWVaPG0TSTNZaCUenVJmV7/ByKFgku37EWlBFaxD9iyYTJ45nncMrpPxs0l/A==",
      "requires": {
        "@typed/common": "^0.0.1-alpha.183+594b000",
        "@typed/disposable": "^0.0.1-alpha.183+594b000",
        "@typed/either": "^4.0.1-alpha.183+594b000",
        "@typed/env": "^0.0.1-alpha.183+594b000",
        "@typed/lambda": "^0.0.1-alpha.183+594b000",
        "@typed/maybe": "^7.0.1-alpha.183+594b000",
        "@typed/objects": "^3.0.1-alpha.183+594b000",
        "@typed/remote-data": "^0.0.1-alpha.183+594b000",
        "@typed/timer": "^0.0.1-alpha.183+594b000"
      }
    },
    "@typed/lambda": {
      "version": "0.0.1-alpha.183",
      "resolved": "https://registry.npmjs.org/@typed/lambda/-/lambda-0.0.1-alpha.183.tgz",
      "integrity": "sha512-9YHTfvxF7xEXUpGw3DHLVS7OiLKsITjYwrZXy+fMgzaTACmvpxoQGo3ENaJTpw1wkVQXMie3k5+HS476Z7n4fg==",
      "requires": {
        "@typed/common": "^0.0.1-alpha.183+594b000"
      }
    },
    "@typed/list": {
      "version": "3.0.1-alpha.183",
      "resolved": "https://registry.npmjs.org/@typed/list/-/list-3.0.1-alpha.183.tgz",
      "integrity": "sha512-EBImdkIodhYOrX4SqvbNhaHlS3sUqAO9Rgc0JUlbs6SMO15Mr+T6CRyxMNjj4ptXMrCauhEEGj90liJ+eHm9og==",
      "requires": {
        "@typed/common": "^0.0.1-alpha.183+594b000",
        "@typed/lambda": "^0.0.1-alpha.183+594b000",
        "@typed/logic": "^3.0.1-alpha.183+594b000",
        "@typed/math": "^3.0.1-alpha.183+594b000",
        "@typed/maybe": "^7.0.1-alpha.183+594b000",
        "@typed/tuple": "^0.0.1-alpha.183+594b000"
      }
    },
    "@typed/logger": {
      "version": "0.0.1-alpha.183",
      "resolved": "https://registry.npmjs.org/@typed/logger/-/logger-0.0.1-alpha.183.tgz",
      "integrity": "sha512-VpenWRKsqLyktDv4wT53+9A5as3CPsw8dDAlH4Fe6R562AlfAf2V4hNFwYYKJoTrmgxmPy5XWpEdk2INy3DNtg==",
      "requires": {
        "@typed/env": "^0.0.1-alpha.183+594b000",
        "@typed/objects": "^3.0.1-alpha.183+594b000",
        "@typed/timer": "^0.0.1-alpha.183+594b000"
      }
    },
    "@typed/logic": {
      "version": "3.0.1-alpha.183",
      "resolved": "https://registry.npmjs.org/@typed/logic/-/logic-3.0.1-alpha.183.tgz",
      "integrity": "sha512-F+4ib54lJRxmEIAlr9qUnj67eBg0YRy1Hc95SbMII4nEZXtyWlyKtyFs7EEPBrZn0XdeRbRr4Q8Avep44lEJLg==",
      "requires": {
        "@typed/common": "^0.0.1-alpha.183+594b000",
        "@typed/lambda": "^0.0.1-alpha.183+594b000",
        "@typed/maybe": "^7.0.1-alpha.183+594b000"
      }
    },
    "@typed/math": {
      "version": "3.0.1-alpha.183",
      "resolved": "https://registry.npmjs.org/@typed/math/-/math-3.0.1-alpha.183.tgz",
      "integrity": "sha512-AILtznGYXfVYXj2VnOwy/yub2ezbb+5fiC0wlabxwxgYM3lMElKDUOfYXa7mPpg/sQ4CLGIVq47qq/S19UklWA==",
      "requires": {
        "@typed/lambda": "^0.0.1-alpha.183+594b000",
        "@typed/maybe": "^7.0.1-alpha.183+594b000"
      }
    },
    "@typed/maybe": {
      "version": "7.0.1-alpha.183",
      "resolved": "https://registry.npmjs.org/@typed/maybe/-/maybe-7.0.1-alpha.183.tgz",
      "integrity": "sha512-gTgd2y3whCNb7Iz8zn+2ryOTo/ivOpk9sLJln0gp1pneHUWyvLBSV43EbLbS7eEARNI2BSXlrV2FJf1OWJJb9A==",
      "requires": {
        "@typed/lambda": "^0.0.1-alpha.183+594b000"
      }
    },
    "@typed/new-type": {
      "version": "0.0.1-alpha.183",
      "resolved": "https://registry.npmjs.org/@typed/new-type/-/new-type-0.0.1-alpha.183.tgz",
      "integrity": "sha512-NvKzHWfjN7pfcSYynbmpJn52AKulTBqtWUc56DjYRuw91qjnD1QzD8PNRwneLSAAVcJ5rJ01Juj8AJy01+/LGQ==",
      "requires": {
        "@typed/lambda": "^0.0.1-alpha.183+594b000"
      }
    },
    "@typed/objects": {
      "version": "3.0.1-alpha.183",
      "resolved": "https://registry.npmjs.org/@typed/objects/-/objects-3.0.1-alpha.183.tgz",
      "integrity": "sha512-s6H2G9l6lqJgCjFQmjqSaFOBMeqoftQC2Rz6nf5yjhDekfaxzbC4uKCGfYuqUB49C9ogH5ThuZederSwHZU5eg==",
      "requires": {
        "@typed/common": "^0.0.1-alpha.183+594b000",
        "@typed/lambda": "^0.0.1-alpha.183+594b000",
        "@typed/maybe": "^7.0.1-alpha.183+594b000"
      }
    },
    "@typed/remote-data": {
      "version": "0.0.1-alpha.183",
      "resolved": "https://registry.npmjs.org/@typed/remote-data/-/remote-data-0.0.1-alpha.183.tgz",
      "integrity": "sha512-CJqUeTDeMHBv8DHA+3JqhJtfhjyjd3XK0GE40QhhlsRFhHcpcp+TtqSjxNVwM2x6A7Oc74MqsjBbak5j5EDNrg==",
      "requires": {
        "@typed/either": "^4.0.1-alpha.183+594b000",
        "@typed/lambda": "^0.0.1-alpha.183+594b000"
      }
    },
    "@typed/routing": {
      "version": "0.0.1-alpha.183",
      "resolved": "https://registry.npmjs.org/@typed/routing/-/routing-0.0.1-alpha.183.tgz",
      "integrity": "sha512-rSvbDw5a3EpY10PRCkjKi9Om8MpiMMjLblOPAqhHLuIc25Nn3DVkOXTb/G6lwo+riVfk1wYp3I7ccXT6Zn0dPQ==",
      "requires": {
        "@typed/common": "^0.0.1-alpha.183+594b000",
        "@typed/history": "^2.0.1-alpha.183+594b000",
        "@typed/lambda": "^0.0.1-alpha.183+594b000",
        "@typed/logic": "^3.0.1-alpha.183+594b000",
        "@typed/maybe": "^7.0.1-alpha.183+594b000"
      }
    },
    "@typed/storage": {
      "version": "0.0.1-alpha.183",
      "resolved": "https://registry.npmjs.org/@typed/storage/-/storage-0.0.1-alpha.183.tgz",
      "integrity": "sha512-M9O8nHF6wa0F6j6HZXcLzMmnvpu0Mtt8M8nmPw0+TiAj4/2XevrqeGE3qw6f6HyywVHJPc1Gp9ZmJc0XIoPFHw==",
      "requires": {
        "@typed/env": "^0.0.1-alpha.183+594b000",
        "@typed/lambda": "^0.0.1-alpha.183+594b000",
        "@typed/maybe": "^7.0.1-alpha.183+594b000"
      }
    },
    "@typed/subscription": {
      "version": "0.0.1-alpha.183",
      "resolved": "https://registry.npmjs.org/@typed/subscription/-/subscription-0.0.1-alpha.183.tgz",
      "integrity": "sha512-RXifj65UD0izCnQPXWYTQ+YocfW+enEFM0QYJN9f/KLOgHpehqFpaoiI4X60MprCHVrnvrMO2RViqaYLV7qlXg==",
      "requires": {
        "@typed/disposable": "^0.0.1-alpha.183+594b000",
        "@typed/lambda": "^0.0.1-alpha.183+594b000",
        "@typed/logic": "^3.0.1-alpha.183+594b000"
      }
    },
    "@typed/timer": {
      "version": "0.0.1-alpha.183",
      "resolved": "https://registry.npmjs.org/@typed/timer/-/timer-0.0.1-alpha.183.tgz",
      "integrity": "sha512-njTXyuR6E9u5/cpWlEuk50YfJdnR9laCss63AkObi9bneRyR96FxaGmfsBnet59MWL9PmSdl29FEYqAFrawFZw==",
      "requires": {
        "@typed/common": "^0.0.1-alpha.183+594b000",
        "@typed/disposable": "^0.0.1-alpha.183+594b000",
        "@typed/lambda": "^0.0.1-alpha.183+594b000",
        "@typed/list": "^3.0.1-alpha.183+594b000"
      }
    },
    "@typed/tuple": {
      "version": "0.0.1-alpha.183",
      "resolved": "https://registry.npmjs.org/@typed/tuple/-/tuple-0.0.1-alpha.183.tgz",
      "integrity": "sha512-JjXA2MMJP0Zoys8iA+0b8fowiXphTS5llSKO5vBiINRN/Cw5KVftoIb+LjjtS61MAkEtzTVeQnp2B+nULJvgmw==",
      "requires": {
        "@typed/lambda": "^0.0.1-alpha.183+594b000"
      }
    },
    "@typed/uuid": {
      "version": "2.0.1-alpha.183",
      "resolved": "https://registry.npmjs.org/@typed/uuid/-/uuid-2.0.1-alpha.183.tgz",
      "integrity": "sha512-fz9ML6bFsDBe5e5TXzl04TDRnmHL7LOQo8QFbYHCSVNhrCumL2OYorCgIJq1kIobS3VUU4xLoe/VtLGGw15Sug==",
      "requires": {
        "@typed/env": "^0.0.1-alpha.183+594b000",
        "@typed/new-type": "^0.0.1-alpha.183+594b000"
      }
    },
    "@ungap/create-content": {
      "version": "0.1.4",
      "resolved": "https://registry.npmjs.org/@ungap/create-content/-/create-content-0.1.4.tgz",
      "integrity": "sha512-YM6YQkF5wUxJlw5yDzEAzJfPK/kXR/GxIARx4NNJCInfx/nirHmy3ujPjfi7CaXjcVCwyfpv3vKQm6h762lbRA=="
    },
    "@ungap/custom-event": {
      "version": "0.2.0",
      "resolved": "https://registry.npmjs.org/@ungap/custom-event/-/custom-event-0.2.0.tgz",
      "integrity": "sha512-jovJx+4IaAL8JAzepJXDBVlS9t9mR3vKbbjcHwHCF+sN0KKCYQ2pNVAlQYiRrPqeNBl5VXU7uUDOKBg9ODB+0Q=="
    },
    "@ungap/essential-map": {
      "version": "0.1.7",
      "resolved": "https://registry.npmjs.org/@ungap/essential-map/-/essential-map-0.1.7.tgz",
      "integrity": "sha512-zkugZ6xxu0tHHTOfoce5B7ax2anIRP7hGIwKh5MEWH5mWPNXLigxEubkKv5WLUsFELCdKaMfjdqfI0H0/tLhpw=="
    },
    "@ungap/import-node": {
      "version": "0.1.0",
      "resolved": "https://registry.npmjs.org/@ungap/import-node/-/import-node-0.1.0.tgz",
      "integrity": "sha512-FymNeJTWYNrZcnj7HFJwdaAZWrD1bUv8Na60RGIA142qtaRcOZs0KHGh+QSy7u7GNpW6wGnw9EdCQx4IYPE8cg=="
    },
    "@ungap/template-literal": {
      "version": "0.4.0",
      "resolved": "https://registry.npmjs.org/@ungap/template-literal/-/template-literal-0.4.0.tgz",
      "integrity": "sha512-EjYB6WjrUJWUUQfhf+VYKJKBahVvWkJRyf6nC7CUkmbrfC+VKV3QRjypv+yY5Eh1haGDj6xDM1Mw+dtI4878nA==",
      "requires": {
        "@ungap/weakmap": "^0.1.4"
      }
    },
    "@ungap/template-tag-arguments": {
      "version": "0.3.0",
      "resolved": "https://registry.npmjs.org/@ungap/template-tag-arguments/-/template-tag-arguments-0.3.0.tgz",
      "integrity": "sha512-yJobqBniOQ50jGUQJHPT/0/ZZ/Ibnj/7e+Abn63aGX7OmRV609gKfQo8Jr20wx5hRrOMHsNxQGE5hhT6E2jhRQ==",
      "requires": {
        "@ungap/template-literal": "^0.4.0"
      }
    },
    "@ungap/trim": {
      "version": "0.1.1",
      "resolved": "https://registry.npmjs.org/@ungap/trim/-/trim-0.1.1.tgz",
      "integrity": "sha512-f2jiPMFD8qmoNV5kxZ6RwSwmnloxtGUcG3W5Fbe9rC3vwXlPxWT0g5J0mN3+rM9C/u1p24gIVTSxNBPOtyu7Sw=="
    },
    "@ungap/weakmap": {
      "version": "0.1.4",
      "resolved": "https://registry.npmjs.org/@ungap/weakmap/-/weakmap-0.1.4.tgz",
      "integrity": "sha512-TO4TTwlQXdjHKoWgKxsMqApnOV8JruaNilqOg0I04MTYb5+fj9taIVijS4ILwWg0ytQY5DwTKzPWj+0G+7bsXw=="
    },
    "@ungap/weakset": {
      "version": "0.1.5",
      "resolved": "https://registry.npmjs.org/@ungap/weakset/-/weakset-0.1.5.tgz",
      "integrity": "sha512-C8hEf9h8OjdiOkO4onVTRld6ssMGma9rkaXw6k97p2Hi9PRIHJHV9evEqFy2VVS+koLtTw4Bf4qFOwTGobazkA=="
    },
    "@webreflection/interface": {
      "version": "0.1.1",
      "resolved": "https://registry.npmjs.org/@webreflection/interface/-/interface-0.1.1.tgz",
      "integrity": "sha1-ryqR2vOBeWVgcqb5Lp+SEWWPhWY="
    },
    "arg": {
      "version": "4.1.0",
      "resolved": "https://registry.npmjs.org/arg/-/arg-4.1.0.tgz",
      "integrity": "sha512-ZWc51jO3qegGkVh8Hwpv636EkbesNV5ZNQPCtRa+0qytRYPEs9IYT9qITY9buezqUH5uqyzlWLcufrzU2rffdg==",
      "dev": true
    },
    "attributechanged": {
      "version": "0.2.0",
      "resolved": "https://registry.npmjs.org/attributechanged/-/attributechanged-0.2.0.tgz",
      "integrity": "sha512-XEqjFuASh7/xsydJodHoikqb7bPlHupZ+uZaXlwFhNgh4ZXe2ZjJ1pFLmPJMLUrrsMrhb0Ogps/2qsz+EXkKVQ=="
    },
    "augmentor": {
      "version": "0.2.6",
      "resolved": "https://registry.npmjs.org/augmentor/-/augmentor-0.2.6.tgz",
      "integrity": "sha512-j3XvUAbwNTtfRBTkD0O+G4p1XOf6EqWZriqPafP/kv9kMRDqnAbcWkt0FEG9dNKfvGPVXxnR/5lOKZrwmblesA=="
    },
    "basichtml": {
      "version": "0.24.0",
      "resolved": "https://registry.npmjs.org/basichtml/-/basichtml-0.24.0.tgz",
      "integrity": "sha512-onV1T5/XZnSpuYG8+CqNGIG0zT+WMhyKWh3Z4U4YoWUEIeohog6SIiLA31KFp1axJC5KJcK8ywEn7VUe819T+Q==",
      "requires": {
        "@webreflection/interface": "^0.1.1",
        "broadcast": "^3.0.0",
        "html-escaper": "^1.0.1",
        "htmlparser2": "^3.9.2"
      }
    },
    "broadcast": {
      "version": "3.0.0",
      "resolved": "https://registry.npmjs.org/broadcast/-/broadcast-3.0.0.tgz",
      "integrity": "sha512-q//26zihgUvAtvSBRD1xtk/9KBVNfiUrS8Phz8dN95Y5mqINO/gFT6181b4Yvhoeal3Aa9+rsFnKzA6a6UTHfg=="
    },
    "buffer-from": {
      "version": "1.1.1",
      "resolved": "https://registry.npmjs.org/buffer-from/-/buffer-from-1.1.1.tgz",
      "integrity": "sha512-MQcXEUbCKtEo7bhqEs6560Hyd4XaovZlO/k9V3hjVUF/zwW7KBVdSK4gIt/bzwS9MbR5qob+F5jusZsb0YQK2A==",
      "dev": true
    },
    "diff": {
      "version": "4.0.1",
      "resolved": "https://registry.npmjs.org/diff/-/diff-4.0.1.tgz",
      "integrity": "sha512-s2+XdvhPCOF01LRQBC8hf4vhbVmI2CGS5aZnxLJlT5FtdhPCDFq80q++zK2KlrVorVDdL5BOGZ/VfLrVtYNF+Q==",
      "dev": true
    },
    "disconnected": {
      "version": "0.2.1",
      "resolved": "https://registry.npmjs.org/disconnected/-/disconnected-0.2.1.tgz",
      "integrity": "sha512-483TUpj4dA7Ye42xrErztbw3PKpkboPf1aB9mG4+S+RGGxFVv72hQBbS8MqN8LZLWHzfcmk2tMTRR5CoyxNglg=="
    },
    "dom-augmentor": {
      "version": "0.3.1",
      "resolved": "https://registry.npmjs.org/dom-augmentor/-/dom-augmentor-0.3.1.tgz",
      "integrity": "sha512-AZsFxGbG+oqUt4yjrW/boPnLGmSTLyLtqvsBdvtsOr9px8NXcFu8Mos0+vA6oThthPWiMppJhNf0TYlRPOIDYg==",
      "requires": {
        "@ungap/custom-event": "^0.2.0",
        "@ungap/weakset": "^0.1.5",
        "augmentor": "^0.2.6",
        "disconnected": "^0.2.0"
      }
    },
    "dom-serializer": {
      "version": "0.1.1",
      "resolved": "https://registry.npmjs.org/dom-serializer/-/dom-serializer-0.1.1.tgz",
      "integrity": "sha512-l0IU0pPzLWSHBcieZbpOKgkIn3ts3vAh7ZuFyXNwJxJXk/c4Gwj9xaTJwIDVQCXawWD0qb3IzMGH5rglQaO0XA==",
      "requires": {
        "domelementtype": "^1.3.0",
        "entities": "^1.1.1"
      }
    },
    "domconstants": {
      "version": "0.1.1",
      "resolved": "https://registry.npmjs.org/domconstants/-/domconstants-0.1.1.tgz",
      "integrity": "sha512-Pk4K6tLOzSh0cZDuh7TQivZtYLC6Z8dNissoDyy2tQoVNg8ewScxG3AVJO76kLcTta/u7bgEO6xbIR97MiInfA=="
    },
    "domdiff": {
      "version": "2.0.3",
      "resolved": "https://registry.npmjs.org/domdiff/-/domdiff-2.0.3.tgz",
      "integrity": "sha512-De9vNvWnTIhvNs95ZShYY7Bk8dBa4sQ5KS0evKqF5t5f0sywYiw3OmhDbPONoHDZ33toaZOFerZH/qsjeXCm0g==",
      "requires": {
        "@ungap/essential-map": "^0.1.7"
      }
    },
    "domelementtype": {
      "version": "1.3.1",
      "resolved": "https://registry.npmjs.org/domelementtype/-/domelementtype-1.3.1.tgz",
      "integrity": "sha512-BSKB+TSpMpFI/HOxCNr1O8aMOTZ8hT3pM3GQ0w/mWRmkhEDSFJkkyzz4XQsBV44BChwGkrDfMyjVD0eA2aFV3w=="
    },
    "domhandler": {
      "version": "2.4.2",
      "resolved": "https://registry.npmjs.org/domhandler/-/domhandler-2.4.2.tgz",
      "integrity": "sha512-JiK04h0Ht5u/80fdLMCEmV4zkNh2BcoMFBmZ/91WtYZ8qVXSKjiw7fXMgFPnHcSZgOo3XdinHvmnDUeMf5R4wA==",
      "requires": {
        "domelementtype": "1"
      }
    },
    "domsanitizer": {
      "version": "0.2.0",
      "resolved": "https://registry.npmjs.org/domsanitizer/-/domsanitizer-0.2.0.tgz",
      "integrity": "sha512-karqLj2RFQE+76vF4qTnPCfRim+QboJcxwM0v459Vr2NkiIBik/msR5tTq1yKviUePBz4J7VHK1Io3j6wSsq9Q==",
      "requires": {
        "domconstants": "^0.1.1"
      }
    },
    "domtagger": {
      "version": "0.4.0",
      "resolved": "https://registry.npmjs.org/domtagger/-/domtagger-0.4.0.tgz",
      "integrity": "sha512-9R0jbiIn6Pyr+0X+RgPrGBOdJTnIsM/arX7jCOAKyFu/FugwtKjg/gyI898uLnLELphEOk/nWyf+nGIPLLMxwQ==",
      "requires": {
        "@ungap/create-content": "^0.1.4",
        "@ungap/essential-map": "^0.1.7",
        "@ungap/import-node": "^0.1.0",
        "@ungap/trim": "^0.1.1",
        "@ungap/weakmap": "^0.1.4",
        "domconstants": "^0.1.1",
        "domsanitizer": "^0.2.0"
      }
    },
    "domutils": {
      "version": "1.7.0",
      "resolved": "https://registry.npmjs.org/domutils/-/domutils-1.7.0.tgz",
      "integrity": "sha512-Lgd2XcJ/NjEw+7tFvfKxOzCYKZsdct5lczQ2ZaQY8Djz7pfAD3Gbp8ySJWtreII/vDlMVmxwa6pHmdxIYgttDg==",
      "requires": {
        "dom-serializer": "0",
        "domelementtype": "1"
      }
    },
    "entities": {
      "version": "1.1.2",
      "resolved": "https://registry.npmjs.org/entities/-/entities-1.1.2.tgz",
      "integrity": "sha512-f2LZMYl1Fzu7YSBKg+RoROelpOaNrcGmE9AZubeDfrCEia483oW4MI4VyFd5VNHIgQ/7qm1I0wUHK1eJnn2y2w=="
    },
    "html-escaper": {
      "version": "1.0.1",
      "resolved": "https://registry.npmjs.org/html-escaper/-/html-escaper-1.0.1.tgz",
      "integrity": "sha1-7gKeKGJnQBeUE1Wn9h/Cx8Cm/XI="
    },
    "htmlparser2": {
      "version": "3.10.1",
      "resolved": "https://registry.npmjs.org/htmlparser2/-/htmlparser2-3.10.1.tgz",
      "integrity": "sha512-IgieNijUMbkDovyoKObU1DUhm1iwNYE/fuifEoEHfd1oZKZDaONBSkal7Y01shxsM49R4XaMdGez3WnF9UfiCQ==",
      "requires": {
        "domelementtype": "^1.3.1",
        "domhandler": "^2.3.0",
        "domutils": "^1.5.1",
        "entities": "^1.1.1",
        "inherits": "^2.0.1",
        "readable-stream": "^3.1.1"
      }
    },
    "hyperhtml-style": {
      "version": "0.1.2",
      "resolved": "https://registry.npmjs.org/hyperhtml-style/-/hyperhtml-style-0.1.2.tgz",
      "integrity": "sha512-ZDRYNClEaqUS0a8RAED0nQRqWmZk7ctdyij3Iw/PqUUef6xhYO87nx9vJNuxg7Yc6J2FdJjXRKbB0iud2ZyzwQ=="
    },
    "hyperhtml-wire": {
      "version": "2.1.0",
      "resolved": "https://registry.npmjs.org/hyperhtml-wire/-/hyperhtml-wire-2.1.0.tgz",
      "integrity": "sha512-LqFs/MgvxyMVM8O3Fx7QcCDWWkga3JeMA7C1inHM71PIchupSyj2u/zG8Blw+KfJHIFmEsx09KxOrgykGqoopQ=="
    },
    "inherits": {
      "version": "2.0.4",
      "resolved": "https://registry.npmjs.org/inherits/-/inherits-2.0.4.tgz",
      "integrity": "sha512-k/vGaX4/Yla3WzyMCvTQOXYeIHvqOKtnqBduzTHpzpQZzAskKMhZ2K+EnBiSM9zGSoIFeMpXKxa4dYeZIQqewQ=="
    },
    "lighterhtml-plus": {
      "version": "0.15.2",
      "resolved": "https://registry.npmjs.org/lighterhtml-plus/-/lighterhtml-plus-0.15.2.tgz",
      "integrity": "sha512-z7B8SH/ig5zB+GICUU7TkmiQ8UmuOZaxnH8qlUIaTITsw2qwTIDOssFB1/Li5Q0Zl7VUXW44vVLJYHTUN/mPgw==",
      "requires": {
        "@ungap/create-content": "^0.1.4",
        "@ungap/custom-event": "^0.2.0",
        "@ungap/template-tag-arguments": "^0.3.0",
        "@ungap/weakmap": "^0.1.4",
        "attributechanged": "^0.2.0",
        "disconnected": "^0.2.1",
        "domdiff": "^2.0.3",
        "domtagger": "^0.4.0",
        "hyperhtml-style": "^0.1.2",
        "hyperhtml-wire": "^2.1.0"
      }
    },
    "make-error": {
      "version": "1.3.5",
      "resolved": "https://registry.npmjs.org/make-error/-/make-error-1.3.5.tgz",
      "integrity": "sha512-c3sIjNUow0+8swNwVpqoH4YCShKNFkMaw6oH1mNS2haDZQqkeZFlHS3dhoeEbKKmJB4vXpJucU6oH75aDYeE9g==",
      "dev": true
    },
    "readable-stream": {
      "version": "3.4.0",
      "resolved": "https://registry.npmjs.org/readable-stream/-/readable-stream-3.4.0.tgz",
      "integrity": "sha512-jItXPLmrSR8jmTRmRWJXCnGJsfy85mB3Wd/uINMXA65yrnFo0cPClFIUWzo2najVNSl+mx7/4W8ttlLWJe99pQ==",
      "requires": {
        "inherits": "^2.0.3",
        "string_decoder": "^1.1.1",
        "util-deprecate": "^1.0.1"
      }
    },
    "safe-buffer": {
      "version": "5.1.2",
      "resolved": "https://registry.npmjs.org/safe-buffer/-/safe-buffer-5.1.2.tgz",
      "integrity": "sha512-Gd2UZBJDkXlY7GbJxfsE8/nvKkUEU1G38c1siN6QP6a9PT9MmHB8GnpscSmMJSoF8LOIrt8ud/wPtojys4G6+g=="
    },
    "source-map": {
      "version": "0.6.1",
      "resolved": "https://registry.npmjs.org/source-map/-/source-map-0.6.1.tgz",
      "integrity": "sha512-UjgapumWlbMhkBgzT7Ykc5YXUT46F0iKu8SGXq0bcwP5dz/h0Plj6enJqjz1Zbq2l5WaqYnrVbwWOWMyF3F47g==",
      "dev": true
    },
    "source-map-support": {
      "version": "0.5.12",
      "resolved": "https://registry.npmjs.org/source-map-support/-/source-map-support-0.5.12.tgz",
      "integrity": "sha512-4h2Pbvyy15EE02G+JOZpUCmqWJuqrs+sEkzewTm++BPi7Hvn/HwcqLAcNxYAyI0x13CpPPn+kMjl+hplXMHITQ==",
      "dev": true,
      "requires": {
        "buffer-from": "^1.0.0",
        "source-map": "^0.6.0"
      }
    },
    "string_decoder": {
      "version": "1.2.0",
      "resolved": "https://registry.npmjs.org/string_decoder/-/string_decoder-1.2.0.tgz",
      "integrity": "sha512-6YqyX6ZWEYguAxgZzHGL7SsCeGx3V2TtOTqZz1xSTSWnqsbWwbptafNyvf/ACquZUXV3DANr5BDIwNYe1mN42w==",
      "requires": {
        "safe-buffer": "~5.1.0"
      }
    },
    "ts-node": {
      "version": "8.3.0",
      "resolved": "https://registry.npmjs.org/ts-node/-/ts-node-8.3.0.tgz",
      "integrity": "sha512-dyNS/RqyVTDcmNM4NIBAeDMpsAdaQ+ojdf0GOLqE6nwJOgzEkdRNzJywhDfwnuvB10oa6NLVG1rUJQCpRN7qoQ==",
      "dev": true,
      "requires": {
        "arg": "^4.1.0",
        "diff": "^4.0.1",
        "make-error": "^1.1.1",
        "source-map-support": "^0.5.6",
        "yn": "^3.0.0"
      }
    },
    "util-deprecate": {
      "version": "1.0.2",
      "resolved": "https://registry.npmjs.org/util-deprecate/-/util-deprecate-1.0.2.tgz",
      "integrity": "sha1-RQ1Nyfpw3nMnYvvS1KKJgUGaDM8="
    },
    "yn": {
      "version": "3.1.0",
      "resolved": "https://registry.npmjs.org/yn/-/yn-3.1.0.tgz",
      "integrity": "sha512-kKfnnYkbTfrAdd0xICNFw7Atm8nKpLcLv9AZGEt+kczL/WQVai4e2V6ZN8U/O+iI6WrNuJjNNOyu4zfhl9D3Hg==",
      "dev": true
    }
  }
}
