{
  "name": "counter",
  "version": "1.0.0",
  "lockfileVersion": 1,
  "requires": true,
  "dependencies": {
    "@typed/common": {
      "version": "0.0.1-alpha.194",
      "resolved": "https://registry.npmjs.org/@typed/common/-/common-0.0.1-alpha.194.tgz",
      "integrity": "sha512-lDBJU5YRikKnBfUMp69pMKwlpOEH5RP055IDktR6wpFoT3upEH3zJHTK744g0oVVh5ibjMKs8O00LymyKDQndg=="
    },
    "@typed/disposable": {
      "version": "0.0.1-alpha.194",
      "resolved": "https://registry.npmjs.org/@typed/disposable/-/disposable-0.0.1-alpha.194.tgz",
      "integrity": "sha512-cnxFtUa4+BzlGWhLC0Gqdt1kbsPCvIJaIybIDL/f42Jq+1wBZ8DSU4CA5qK2WzZ2YF52ZpzYkNhfv9EXjDKgVg==",
      "requires": {
        "@typed/lambda": "^0.0.1-alpha.194+2b345f0"
      }
    },
    "@typed/dom": {
      "version": "0.0.1-alpha.194",
      "resolved": "https://registry.npmjs.org/@typed/dom/-/dom-0.0.1-alpha.194.tgz",
      "integrity": "sha512-b90iQ36GHyA9H/2sTJThOI0OoXqoO03gvi9jzJD7agBYauz6uUN8uWlBixWit+O1MLgnoYNOIG+w3gEuko3e3Q==",
      "requires": {
        "@typed/common": "^0.0.1-alpha.194+2b345f0",
        "@typed/disposable": "^0.0.1-alpha.194+2b345f0",
        "@typed/either": "^4.0.1-alpha.194+2b345f0",
        "@typed/env": "^0.0.1-alpha.194+2b345f0",
        "@typed/history": "^2.0.1-alpha.194+2b345f0",
        "@typed/http": "^0.0.1-alpha.194+2b345f0",
        "@typed/lambda": "^0.0.1-alpha.194+2b345f0",
        "@typed/list": "^3.0.1-alpha.194+2b345f0",
        "@typed/logger": "^0.0.1-alpha.194+2b345f0",
        "@typed/logic": "^3.0.1-alpha.194+2b345f0",
        "@typed/maybe": "^7.0.1-alpha.194+2b345f0",
        "@typed/new-type": "^0.0.1-alpha.194+2b345f0",
        "@typed/objects": "^3.0.1-alpha.194+2b345f0",
        "@typed/remote-data": "^0.0.1-alpha.194+2b345f0",
        "@typed/routing": "^0.0.1-alpha.194+2b345f0",
        "@typed/storage": "^0.0.1-alpha.194+2b345f0",
        "@typed/subscription": "^0.0.1-alpha.194+2b345f0",
        "@typed/timer": "^0.0.1-alpha.194+2b345f0",
        "@typed/tuple": "^0.0.1-alpha.194+2b345f0",
        "@typed/uuid": "^2.0.1-alpha.194+2b345f0",
        "dom-augmentor": "^0.3.1",
        "lighterhtml-plus": "^0.15.2"
      }
    },
    "@typed/either": {
      "version": "4.0.1-alpha.194",
      "resolved": "https://registry.npmjs.org/@typed/either/-/either-4.0.1-alpha.194.tgz",
      "integrity": "sha512-rlIHp0zjdHjutlCDWI3ZeUkAAE2jKRr0pt68gBpXqP75C1i7knCtgsSYE1KbDYuC6YV57jVRutFUq86jcogvQQ==",
      "requires": {
        "@typed/lambda": "^0.0.1-alpha.194+2b345f0"
      }
    },
    "@typed/env": {
      "version": "0.0.1-alpha.194",
      "resolved": "https://registry.npmjs.org/@typed/env/-/env-0.0.1-alpha.194.tgz",
      "integrity": "sha512-GKWdAjUQ43IuU/1ucvZ4hLIS27frqmn36c2wp7f9y+/eRqnWvIwNrk0KTdVjZ4haTE7MPI81Mw+1shmbagFwmg==",
      "requires": {
        "@typed/common": "^0.0.1-alpha.194+2b345f0",
        "@typed/disposable": "^0.0.1-alpha.194+2b345f0",
        "@typed/lambda": "^0.0.1-alpha.194+2b345f0",
        "@typed/list": "^3.0.1-alpha.194+2b345f0",
        "@typed/objects": "^3.0.1-alpha.194+2b345f0",
        "@typed/timer": "^0.0.1-alpha.194+2b345f0"
      }
    },
    "@typed/history": {
      "version": "2.0.1-alpha.194",
      "resolved": "https://registry.npmjs.org/@typed/history/-/history-2.0.1-alpha.194.tgz",
      "integrity": "sha512-TUr458zraYC92A2SwhZZ0QCpkFVciCqYr0zWSFftO9BQeNchRxg1wPmA9HydAi5SV/Fgg2XCms2X8KpmpwVYDg==",
      "requires": {
        "@typed/common": "^0.0.1-alpha.194+2b345f0",
        "@typed/disposable": "^0.0.1-alpha.194+2b345f0",
        "@typed/env": "^0.0.1-alpha.194+2b345f0",
        "@typed/lambda": "^0.0.1-alpha.194+2b345f0",
        "@typed/new-type": "^0.0.1-alpha.194+2b345f0",
        "@typed/subscription": "^0.0.1-alpha.194+2b345f0",
        "@typed/tuple": "^0.0.1-alpha.194+2b345f0"
      }
    },
    "@typed/http": {
      "version": "0.0.1-alpha.194",
      "resolved": "https://registry.npmjs.org/@typed/http/-/http-0.0.1-alpha.194.tgz",
      "integrity": "sha512-uxr3O94Ig3FI7weMAOBqS9c/xPeB1tRe3AdU2xn0Wtxf5NjSGI59DKlD0OQ94YMhtRbCRezJ1vEadckEPubOMg==",
      "requires": {
        "@typed/common": "^0.0.1-alpha.194+2b345f0",
        "@typed/disposable": "^0.0.1-alpha.194+2b345f0",
        "@typed/either": "^4.0.1-alpha.194+2b345f0",
        "@typed/env": "^0.0.1-alpha.194+2b345f0",
        "@typed/lambda": "^0.0.1-alpha.194+2b345f0",
        "@typed/maybe": "^7.0.1-alpha.194+2b345f0",
        "@typed/objects": "^3.0.1-alpha.194+2b345f0",
        "@typed/remote-data": "^0.0.1-alpha.194+2b345f0",
        "@typed/timer": "^0.0.1-alpha.194+2b345f0"
      }
    },
    "@typed/lambda": {
      "version": "0.0.1-alpha.194",
      "resolved": "https://registry.npmjs.org/@typed/lambda/-/lambda-0.0.1-alpha.194.tgz",
      "integrity": "sha512-rYu0woMJzzGzZjQLKOYxSXxB5Pg+gnJOmqLoLKF2fANHN+Ekt+QU9Nhf1Psyre5m/7HpkOGwcVD+XxkiECzV3g==",
      "requires": {
        "@typed/common": "^0.0.1-alpha.194+2b345f0"
      }
    },
    "@typed/list": {
      "version": "3.0.1-alpha.194",
      "resolved": "https://registry.npmjs.org/@typed/list/-/list-3.0.1-alpha.194.tgz",
      "integrity": "sha512-Obte2EEz8nrQi6fQaPQszQq7an3386Gp4n/FSBMtS7ypEYlNn084JXqpAAEjaAwYdhAKvZYRIRw0AAwIGBW09A==",
      "requires": {
        "@typed/common": "^0.0.1-alpha.194+2b345f0",
        "@typed/lambda": "^0.0.1-alpha.194+2b345f0",
        "@typed/logic": "^3.0.1-alpha.194+2b345f0",
        "@typed/math": "^3.0.1-alpha.194+2b345f0",
        "@typed/maybe": "^7.0.1-alpha.194+2b345f0",
        "@typed/tuple": "^0.0.1-alpha.194+2b345f0"
      }
    },
    "@typed/logger": {
      "version": "0.0.1-alpha.194",
      "resolved": "https://registry.npmjs.org/@typed/logger/-/logger-0.0.1-alpha.194.tgz",
      "integrity": "sha512-NQcnHunfav8+27fRqMZAFEr341tOExqRVwaW2IRQN4S/81apepkBKKunA2k1TL034tnQFTGA/kPEzgEhoI7OKA==",
      "requires": {
        "@typed/env": "^0.0.1-alpha.194+2b345f0",
        "@typed/objects": "^3.0.1-alpha.194+2b345f0",
        "@typed/timer": "^0.0.1-alpha.194+2b345f0"
      }
    },
    "@typed/logic": {
      "version": "3.0.1-alpha.194",
      "resolved": "https://registry.npmjs.org/@typed/logic/-/logic-3.0.1-alpha.194.tgz",
      "integrity": "sha512-866+J61YjQmLhR7S822n4Ktc/vm8/yzgFoXmJhsGmI0n0+wqn1ozLClAe9KLVwhH24M/ZFNGtuf2zY/C3aoUsg==",
      "requires": {
        "@typed/common": "^0.0.1-alpha.194+2b345f0",
        "@typed/lambda": "^0.0.1-alpha.194+2b345f0",
        "@typed/maybe": "^7.0.1-alpha.194+2b345f0"
      }
    },
    "@typed/math": {
      "version": "3.0.1-alpha.194",
      "resolved": "https://registry.npmjs.org/@typed/math/-/math-3.0.1-alpha.194.tgz",
      "integrity": "sha512-Purrm5XmyYWf1Tgw5qZvwR7Z5EIJDouQrYiZj5V4j7eyO4maHkpEaOkXLf/W2VYAjBAXOY2pY2jL4I9d5fJEoQ==",
      "requires": {
        "@typed/lambda": "^0.0.1-alpha.194+2b345f0",
        "@typed/maybe": "^7.0.1-alpha.194+2b345f0"
      }
    },
    "@typed/maybe": {
      "version": "7.0.1-alpha.194",
      "resolved": "https://registry.npmjs.org/@typed/maybe/-/maybe-7.0.1-alpha.194.tgz",
      "integrity": "sha512-QnWH9kAiWirk7j4Um/9541VwBOKuQsbUowkb5uyAR8lwqb/zi8LitOEjLkoUO4yH0nJ12Meu0KOnFj3pMoXHhQ==",
      "requires": {
        "@typed/lambda": "^0.0.1-alpha.194+2b345f0"
      }
    },
    "@typed/new-type": {
      "version": "0.0.1-alpha.194",
      "resolved": "https://registry.npmjs.org/@typed/new-type/-/new-type-0.0.1-alpha.194.tgz",
      "integrity": "sha512-iiuentuLNQcYNdU3JbE7clq8a8Z9DGlp6tTk/Ce89luKcSr2HeMzrPsLl/6odQc5EolY2DvqChQ1xtsNGeHUkA==",
      "requires": {
        "@typed/lambda": "^0.0.1-alpha.194+2b345f0"
      }
    },
    "@typed/objects": {
      "version": "3.0.1-alpha.194",
      "resolved": "https://registry.npmjs.org/@typed/objects/-/objects-3.0.1-alpha.194.tgz",
      "integrity": "sha512-YzLi+JIpT6mPBeWv1Ss5g3Sfe1sTZiZ507eo4ei4ha+I89HQiG+UABIdalOwUM8ax86tTomMkUkVLM4uBtE4mg==",
      "requires": {
        "@typed/common": "^0.0.1-alpha.194+2b345f0",
        "@typed/lambda": "^0.0.1-alpha.194+2b345f0",
        "@typed/maybe": "^7.0.1-alpha.194+2b345f0"
      }
    },
    "@typed/remote-data": {
      "version": "0.0.1-alpha.194",
      "resolved": "https://registry.npmjs.org/@typed/remote-data/-/remote-data-0.0.1-alpha.194.tgz",
      "integrity": "sha512-HYNSanrZTtp+CGqJ3o0yJJBsaX68zB9JQHBBvel+SxQtXr5GFfB+dUtV2586OXcAmsKrg2OOFXjkXY2O4HAAew==",
      "requires": {
        "@typed/either": "^4.0.1-alpha.194+2b345f0",
        "@typed/lambda": "^0.0.1-alpha.194+2b345f0"
      }
    },
    "@typed/routing": {
      "version": "0.0.1-alpha.194",
      "resolved": "https://registry.npmjs.org/@typed/routing/-/routing-0.0.1-alpha.194.tgz",
      "integrity": "sha512-66mIp7djYHLO9Ea2Cq/WJPqe7DYCgNDrRKc3YOgGvEzCCF9MfMayEa3CEnro6evP8gtZjh1V342A0hoD4N92IA==",
      "requires": {
        "@typed/common": "^0.0.1-alpha.194+2b345f0",
        "@typed/history": "^2.0.1-alpha.194+2b345f0",
        "@typed/lambda": "^0.0.1-alpha.194+2b345f0",
        "@typed/logic": "^3.0.1-alpha.194+2b345f0",
        "@typed/maybe": "^7.0.1-alpha.194+2b345f0"
      }
    },
    "@typed/storage": {
      "version": "0.0.1-alpha.194",
      "resolved": "https://registry.npmjs.org/@typed/storage/-/storage-0.0.1-alpha.194.tgz",
      "integrity": "sha512-+VhlTMJYFR7apADukPWMle9uy6hDm+4PCaUIcdYp5UiA0Pg9pU9RqErUSRjtzySp/c3bgBS4ImqkLvn2WGSOIQ==",
      "requires": {
        "@typed/env": "^0.0.1-alpha.194+2b345f0",
        "@typed/lambda": "^0.0.1-alpha.194+2b345f0",
        "@typed/maybe": "^7.0.1-alpha.194+2b345f0"
      }
    },
    "@typed/subscription": {
      "version": "0.0.1-alpha.194",
      "resolved": "https://registry.npmjs.org/@typed/subscription/-/subscription-0.0.1-alpha.194.tgz",
      "integrity": "sha512-LFK3SmyDiOAOaxQ0HBgO/eFpp78FzyiTzWFmHOBWttWjJB3rm7szRPrMzISOW2gPpTp9AxitS9fwblY7FvgJyw==",
      "requires": {
        "@typed/disposable": "^0.0.1-alpha.194+2b345f0",
        "@typed/lambda": "^0.0.1-alpha.194+2b345f0",
        "@typed/logic": "^3.0.1-alpha.194+2b345f0"
      }
    },
    "@typed/timer": {
      "version": "0.0.1-alpha.194",
      "resolved": "https://registry.npmjs.org/@typed/timer/-/timer-0.0.1-alpha.194.tgz",
      "integrity": "sha512-+m3q2p/fO1SpfEQsig23MoPZqbs+sX60XlkIBXijLy+nig3VHs19q+wqD2JlG3O3SW+KW6t2mQTZM2nGBGdI9w==",
      "requires": {
        "@typed/common": "^0.0.1-alpha.194+2b345f0",
        "@typed/disposable": "^0.0.1-alpha.194+2b345f0",
        "@typed/lambda": "^0.0.1-alpha.194+2b345f0",
        "@typed/list": "^3.0.1-alpha.194+2b345f0"
      }
    },
    "@typed/tuple": {
      "version": "0.0.1-alpha.194",
      "resolved": "https://registry.npmjs.org/@typed/tuple/-/tuple-0.0.1-alpha.194.tgz",
      "integrity": "sha512-r8D0tAJz4LYi5Wr0GFkd+bq+oUzsnCQqPo8rr1w4AtaeQ7xXzp2CFsYj28m5dV02MRzsGWruHN+ah1sJvWkLXg==",
      "requires": {
        "@typed/lambda": "^0.0.1-alpha.194+2b345f0"
      }
    },
    "@typed/uuid": {
      "version": "2.0.1-alpha.194",
      "resolved": "https://registry.npmjs.org/@typed/uuid/-/uuid-2.0.1-alpha.194.tgz",
      "integrity": "sha512-2gd/dLJYKXOvT1mQWtiw+EXQ01rUtWB9+uhKlpXSrQHZmVr3/6d5E7hiDwTGABBQ2EKujL/BF1eC4oAb1piN8Q==",
      "requires": {
        "@typed/env": "^0.0.1-alpha.194+2b345f0",
        "@typed/new-type": "^0.0.1-alpha.194+2b345f0"
      }
    },
    "@types/body-parser": {
      "version": "1.17.0",
      "resolved": "https://registry.npmjs.org/@types/body-parser/-/body-parser-1.17.0.tgz",
      "integrity": "sha512-a2+YeUjPkztKJu5aIF2yArYFQQp8d51wZ7DavSHjFuY1mqVgidGyzEQ41JIVNy82fXj8yPgy2vJmfIywgESW6w==",
      "dev": true,
      "requires": {
        "@types/connect": "*",
        "@types/node": "*"
      }
    },
    "@types/connect": {
      "version": "3.4.32",
      "resolved": "https://registry.npmjs.org/@types/connect/-/connect-3.4.32.tgz",
      "integrity": "sha512-4r8qa0quOvh7lGD0pre62CAb1oni1OO6ecJLGCezTmhQ8Fz50Arx9RUszryR8KlgK6avuSXvviL6yWyViQABOg==",
      "dev": true,
      "requires": {
        "@types/node": "*"
      }
    },
    "@types/express": {
      "version": "4.17.0",
      "resolved": "https://registry.npmjs.org/@types/express/-/express-4.17.0.tgz",
      "integrity": "sha512-CjaMu57cjgjuZbh9DpkloeGxV45CnMGlVd+XpG7Gm9QgVrd7KFq+X4HY0vM+2v0bczS48Wg7bvnMY5TN+Xmcfw==",
      "dev": true,
      "requires": {
        "@types/body-parser": "*",
        "@types/express-serve-static-core": "*",
        "@types/serve-static": "*"
      }
    },
    "@types/express-serve-static-core": {
      "version": "4.16.7",
      "resolved": "https://registry.npmjs.org/@types/express-serve-static-core/-/express-serve-static-core-4.16.7.tgz",
      "integrity": "sha512-847KvL8Q1y3TtFLRTXcVakErLJQgdpFSaq+k043xefz9raEf0C7HalpSY7OW5PyjCnY8P7bPW5t/Co9qqp+USg==",
      "dev": true,
      "requires": {
        "@types/node": "*",
        "@types/range-parser": "*"
      }
    },
    "@types/mime": {
      "version": "2.0.1",
      "resolved": "https://registry.npmjs.org/@types/mime/-/mime-2.0.1.tgz",
      "integrity": "sha512-FwI9gX75FgVBJ7ywgnq/P7tw+/o1GUbtP0KzbtusLigAOgIgNISRK0ZPl4qertvXSIE8YbsVJueQ90cDt9YYyw==",
      "dev": true
    },
    "@types/node": {
      "version": "12.0.10",
      "resolved": "https://registry.npmjs.org/@types/node/-/node-12.0.10.tgz",
      "integrity": "sha512-LcsGbPomWsad6wmMNv7nBLw7YYYyfdYcz6xryKYQhx89c3XXan+8Q6AJ43G5XDIaklaVkK3mE4fCb0SBvMiPSQ==",
      "dev": true
    },
    "@types/range-parser": {
      "version": "1.2.3",
      "resolved": "https://registry.npmjs.org/@types/range-parser/-/range-parser-1.2.3.tgz",
      "integrity": "sha512-ewFXqrQHlFsgc09MK5jP5iR7vumV/BYayNC6PgJO2LPe8vrnNFyjQjSppfEngITi0qvfKtzFvgKymGheFM9UOA==",
      "dev": true
    },
    "@types/serve-static": {
      "version": "1.13.2",
      "resolved": "https://registry.npmjs.org/@types/serve-static/-/serve-static-1.13.2.tgz",
      "integrity": "sha512-/BZ4QRLpH/bNYgZgwhKEh+5AsboDBcUdlBYgzoLX0fpj3Y2gp6EApyOlM3bK53wQS/OE1SrdSYBAbux2D1528Q==",
      "dev": true,
      "requires": {
        "@types/express-serve-static-core": "*",
        "@types/mime": "*"
      }
    },
    "@ungap/create-content": {
      "version": "0.1.4",
      "resolved": "https://registry.npmjs.org/@ungap/create-content/-/create-content-0.1.4.tgz",
      "integrity": "sha512-YM6YQkF5wUxJlw5yDzEAzJfPK/kXR/GxIARx4NNJCInfx/nirHmy3ujPjfi7CaXjcVCwyfpv3vKQm6h762lbRA=="
    },
    "@ungap/custom-event": {
      "version": "0.2.0",
      "resolved": "https://registry.npmjs.org/@ungap/custom-event/-/custom-event-0.2.0.tgz",
      "integrity": "sha512-jovJx+4IaAL8JAzepJXDBVlS9t9mR3vKbbjcHwHCF+sN0KKCYQ2pNVAlQYiRrPqeNBl5VXU7uUDOKBg9ODB+0Q=="
    },
    "@ungap/essential-map": {
      "version": "0.1.7",
      "resolved": "https://registry.npmjs.org/@ungap/essential-map/-/essential-map-0.1.7.tgz",
      "integrity": "sha512-zkugZ6xxu0tHHTOfoce5B7ax2anIRP7hGIwKh5MEWH5mWPNXLigxEubkKv5WLUsFELCdKaMfjdqfI0H0/tLhpw=="
    },
    "@ungap/import-node": {
      "version": "0.1.0",
      "resolved": "https://registry.npmjs.org/@ungap/import-node/-/import-node-0.1.0.tgz",
      "integrity": "sha512-FymNeJTWYNrZcnj7HFJwdaAZWrD1bUv8Na60RGIA142qtaRcOZs0KHGh+QSy7u7GNpW6wGnw9EdCQx4IYPE8cg=="
    },
    "@ungap/template-literal": {
      "version": "0.4.0",
      "resolved": "https://registry.npmjs.org/@ungap/template-literal/-/template-literal-0.4.0.tgz",
      "integrity": "sha512-EjYB6WjrUJWUUQfhf+VYKJKBahVvWkJRyf6nC7CUkmbrfC+VKV3QRjypv+yY5Eh1haGDj6xDM1Mw+dtI4878nA==",
      "requires": {
        "@ungap/weakmap": "^0.1.4"
      }
    },
    "@ungap/template-tag-arguments": {
      "version": "0.3.0",
      "resolved": "https://registry.npmjs.org/@ungap/template-tag-arguments/-/template-tag-arguments-0.3.0.tgz",
      "integrity": "sha512-yJobqBniOQ50jGUQJHPT/0/ZZ/Ibnj/7e+Abn63aGX7OmRV609gKfQo8Jr20wx5hRrOMHsNxQGE5hhT6E2jhRQ==",
      "requires": {
        "@ungap/template-literal": "^0.4.0"
      }
    },
    "@ungap/trim": {
      "version": "0.1.1",
      "resolved": "https://registry.npmjs.org/@ungap/trim/-/trim-0.1.1.tgz",
      "integrity": "sha512-f2jiPMFD8qmoNV5kxZ6RwSwmnloxtGUcG3W5Fbe9rC3vwXlPxWT0g5J0mN3+rM9C/u1p24gIVTSxNBPOtyu7Sw=="
    },
    "@ungap/weakmap": {
      "version": "0.1.4",
      "resolved": "https://registry.npmjs.org/@ungap/weakmap/-/weakmap-0.1.4.tgz",
      "integrity": "sha512-TO4TTwlQXdjHKoWgKxsMqApnOV8JruaNilqOg0I04MTYb5+fj9taIVijS4ILwWg0ytQY5DwTKzPWj+0G+7bsXw=="
    },
    "@ungap/weakset": {
      "version": "0.1.5",
      "resolved": "https://registry.npmjs.org/@ungap/weakset/-/weakset-0.1.5.tgz",
      "integrity": "sha512-C8hEf9h8OjdiOkO4onVTRld6ssMGma9rkaXw6k97p2Hi9PRIHJHV9evEqFy2VVS+koLtTw4Bf4qFOwTGobazkA=="
    },
    "@webreflection/interface": {
      "version": "0.1.1",
      "resolved": "https://registry.npmjs.org/@webreflection/interface/-/interface-0.1.1.tgz",
      "integrity": "sha1-ryqR2vOBeWVgcqb5Lp+SEWWPhWY="
    },
    "accepts": {
      "version": "1.3.7",
      "resolved": "https://registry.npmjs.org/accepts/-/accepts-1.3.7.tgz",
      "integrity": "sha512-Il80Qs2WjYlJIBNzNkK6KYqlVMTbZLXgHx2oT0pU/fjRHyEp+PEfEPY0R3WCwAGVOtauxh1hOxNgIf5bv7dQpA==",
      "requires": {
        "mime-types": "~2.1.24",
        "negotiator": "0.6.2"
      }
    },
    "arg": {
      "version": "4.1.0",
      "resolved": "https://registry.npmjs.org/arg/-/arg-4.1.0.tgz",
      "integrity": "sha512-ZWc51jO3qegGkVh8Hwpv636EkbesNV5ZNQPCtRa+0qytRYPEs9IYT9qITY9buezqUH5uqyzlWLcufrzU2rffdg==",
      "dev": true
    },
    "array-flatten": {
      "version": "1.1.1",
      "resolved": "https://registry.npmjs.org/array-flatten/-/array-flatten-1.1.1.tgz",
      "integrity": "sha1-ml9pkFGx5wczKPKgCJaLZOopVdI="
    },
    "attributechanged": {
      "version": "0.2.0",
      "resolved": "https://registry.npmjs.org/attributechanged/-/attributechanged-0.2.0.tgz",
      "integrity": "sha512-XEqjFuASh7/xsydJodHoikqb7bPlHupZ+uZaXlwFhNgh4ZXe2ZjJ1pFLmPJMLUrrsMrhb0Ogps/2qsz+EXkKVQ=="
    },
    "augmentor": {
      "version": "0.2.6",
      "resolved": "https://registry.npmjs.org/augmentor/-/augmentor-0.2.6.tgz",
      "integrity": "sha512-j3XvUAbwNTtfRBTkD0O+G4p1XOf6EqWZriqPafP/kv9kMRDqnAbcWkt0FEG9dNKfvGPVXxnR/5lOKZrwmblesA=="
    },
    "basichtml": {
      "version": "0.24.0",
      "resolved": "https://registry.npmjs.org/basichtml/-/basichtml-0.24.0.tgz",
      "integrity": "sha512-onV1T5/XZnSpuYG8+CqNGIG0zT+WMhyKWh3Z4U4YoWUEIeohog6SIiLA31KFp1axJC5KJcK8ywEn7VUe819T+Q==",
      "requires": {
        "@webreflection/interface": "^0.1.1",
        "broadcast": "^3.0.0",
        "html-escaper": "^1.0.1",
        "htmlparser2": "^3.9.2"
      }
    },
    "body-parser": {
      "version": "1.19.0",
      "resolved": "https://registry.npmjs.org/body-parser/-/body-parser-1.19.0.tgz",
      "integrity": "sha512-dhEPs72UPbDnAQJ9ZKMNTP6ptJaionhP5cBb541nXPlW60Jepo9RV/a4fX4XWW9CuFNK22krhrj1+rgzifNCsw==",
      "requires": {
        "bytes": "3.1.0",
        "content-type": "~1.0.4",
        "debug": "2.6.9",
        "depd": "~1.1.2",
        "http-errors": "1.7.2",
        "iconv-lite": "0.4.24",
        "on-finished": "~2.3.0",
        "qs": "6.7.0",
        "raw-body": "2.4.0",
        "type-is": "~1.6.17"
      }
    },
    "broadcast": {
      "version": "3.0.0",
      "resolved": "https://registry.npmjs.org/broadcast/-/broadcast-3.0.0.tgz",
      "integrity": "sha512-q//26zihgUvAtvSBRD1xtk/9KBVNfiUrS8Phz8dN95Y5mqINO/gFT6181b4Yvhoeal3Aa9+rsFnKzA6a6UTHfg=="
    },
    "buffer-from": {
      "version": "1.1.1",
      "resolved": "https://registry.npmjs.org/buffer-from/-/buffer-from-1.1.1.tgz",
      "integrity": "sha512-MQcXEUbCKtEo7bhqEs6560Hyd4XaovZlO/k9V3hjVUF/zwW7KBVdSK4gIt/bzwS9MbR5qob+F5jusZsb0YQK2A==",
      "dev": true
    },
    "bytes": {
      "version": "3.1.0",
      "resolved": "https://registry.npmjs.org/bytes/-/bytes-3.1.0.tgz",
      "integrity": "sha512-zauLjrfCG+xvoyaqLoV8bLVXXNGC4JqlxFCutSDWA6fJrTo2ZuvLYTqZ7aHBLZSMOopbzwv8f+wZcVzfVTI2Dg=="
    },
    "content-disposition": {
      "version": "0.5.3",
      "resolved": "https://registry.npmjs.org/content-disposition/-/content-disposition-0.5.3.tgz",
      "integrity": "sha512-ExO0774ikEObIAEV9kDo50o+79VCUdEB6n6lzKgGwupcVeRlhrj3qGAfwq8G6uBJjkqLrhT0qEYFcWng8z1z0g==",
      "requires": {
        "safe-buffer": "5.1.2"
      }
    },
    "content-type": {
      "version": "1.0.4",
      "resolved": "https://registry.npmjs.org/content-type/-/content-type-1.0.4.tgz",
      "integrity": "sha512-hIP3EEPs8tB9AT1L+NUqtwOAps4mk2Zob89MWXMHjHWg9milF/j4osnnQLXBCBFBk/tvIG/tUc9mOUJiPBhPXA=="
    },
    "cookie": {
      "version": "0.4.0",
      "resolved": "https://registry.npmjs.org/cookie/-/cookie-0.4.0.tgz",
      "integrity": "sha512-+Hp8fLp57wnUSt0tY0tHEXh4voZRDnoIrZPqlo3DPiI4y9lwg/jqx+1Om94/W6ZaPDOUbnjOt/99w66zk+l1Xg=="
    },
    "cookie-signature": {
      "version": "1.0.6",
      "resolved": "https://registry.npmjs.org/cookie-signature/-/cookie-signature-1.0.6.tgz",
      "integrity": "sha1-4wOogrNCzD7oylE6eZmXNNqzriw="
    },
    "debug": {
      "version": "2.6.9",
      "resolved": "https://registry.npmjs.org/debug/-/debug-2.6.9.tgz",
      "integrity": "sha512-bC7ElrdJaJnPbAP+1EotYvqZsb3ecl5wi6Bfi6BJTUcNowp6cvspg0jXznRTKDjm/E7AdgFBVeAPVMNcKGsHMA==",
      "requires": {
        "ms": "2.0.0"
      }
    },
    "depd": {
      "version": "1.1.2",
      "resolved": "https://registry.npmjs.org/depd/-/depd-1.1.2.tgz",
      "integrity": "sha1-m81S4UwJd2PnSbJ0xDRu0uVgtak="
    },
    "destroy": {
      "version": "1.0.4",
      "resolved": "https://registry.npmjs.org/destroy/-/destroy-1.0.4.tgz",
      "integrity": "sha1-l4hXRCxEdJ5CBmE+N5RiBYJqvYA="
    },
    "diff": {
      "version": "4.0.1",
      "resolved": "https://registry.npmjs.org/diff/-/diff-4.0.1.tgz",
      "integrity": "sha512-s2+XdvhPCOF01LRQBC8hf4vhbVmI2CGS5aZnxLJlT5FtdhPCDFq80q++zK2KlrVorVDdL5BOGZ/VfLrVtYNF+Q==",
      "dev": true
    },
    "disconnected": {
      "version": "0.2.1",
      "resolved": "https://registry.npmjs.org/disconnected/-/disconnected-0.2.1.tgz",
      "integrity": "sha512-483TUpj4dA7Ye42xrErztbw3PKpkboPf1aB9mG4+S+RGGxFVv72hQBbS8MqN8LZLWHzfcmk2tMTRR5CoyxNglg=="
    },
    "dom-augmentor": {
      "version": "0.3.1",
      "resolved": "https://registry.npmjs.org/dom-augmentor/-/dom-augmentor-0.3.1.tgz",
      "integrity": "sha512-AZsFxGbG+oqUt4yjrW/boPnLGmSTLyLtqvsBdvtsOr9px8NXcFu8Mos0+vA6oThthPWiMppJhNf0TYlRPOIDYg==",
      "requires": {
        "@ungap/custom-event": "^0.2.0",
        "@ungap/weakset": "^0.1.5",
        "augmentor": "^0.2.6",
        "disconnected": "^0.2.0"
      }
    },
    "dom-serializer": {
      "version": "0.1.1",
      "resolved": "https://registry.npmjs.org/dom-serializer/-/dom-serializer-0.1.1.tgz",
      "integrity": "sha512-l0IU0pPzLWSHBcieZbpOKgkIn3ts3vAh7ZuFyXNwJxJXk/c4Gwj9xaTJwIDVQCXawWD0qb3IzMGH5rglQaO0XA==",
      "requires": {
        "domelementtype": "^1.3.0",
        "entities": "^1.1.1"
      }
    },
    "domconstants": {
      "version": "0.1.1",
      "resolved": "https://registry.npmjs.org/domconstants/-/domconstants-0.1.1.tgz",
      "integrity": "sha512-Pk4K6tLOzSh0cZDuh7TQivZtYLC6Z8dNissoDyy2tQoVNg8ewScxG3AVJO76kLcTta/u7bgEO6xbIR97MiInfA=="
    },
    "domdiff": {
      "version": "2.0.3",
      "resolved": "https://registry.npmjs.org/domdiff/-/domdiff-2.0.3.tgz",
      "integrity": "sha512-De9vNvWnTIhvNs95ZShYY7Bk8dBa4sQ5KS0evKqF5t5f0sywYiw3OmhDbPONoHDZ33toaZOFerZH/qsjeXCm0g==",
      "requires": {
        "@ungap/essential-map": "^0.1.7"
      }
    },
    "domelementtype": {
      "version": "1.3.1",
      "resolved": "https://registry.npmjs.org/domelementtype/-/domelementtype-1.3.1.tgz",
      "integrity": "sha512-BSKB+TSpMpFI/HOxCNr1O8aMOTZ8hT3pM3GQ0w/mWRmkhEDSFJkkyzz4XQsBV44BChwGkrDfMyjVD0eA2aFV3w=="
    },
    "domhandler": {
      "version": "2.4.2",
      "resolved": "https://registry.npmjs.org/domhandler/-/domhandler-2.4.2.tgz",
      "integrity": "sha512-JiK04h0Ht5u/80fdLMCEmV4zkNh2BcoMFBmZ/91WtYZ8qVXSKjiw7fXMgFPnHcSZgOo3XdinHvmnDUeMf5R4wA==",
      "requires": {
        "domelementtype": "1"
      }
    },
    "domsanitizer": {
      "version": "0.2.0",
      "resolved": "https://registry.npmjs.org/domsanitizer/-/domsanitizer-0.2.0.tgz",
      "integrity": "sha512-karqLj2RFQE+76vF4qTnPCfRim+QboJcxwM0v459Vr2NkiIBik/msR5tTq1yKviUePBz4J7VHK1Io3j6wSsq9Q==",
      "requires": {
        "domconstants": "^0.1.1"
      }
    },
    "domtagger": {
      "version": "0.4.0",
      "resolved": "https://registry.npmjs.org/domtagger/-/domtagger-0.4.0.tgz",
      "integrity": "sha512-9R0jbiIn6Pyr+0X+RgPrGBOdJTnIsM/arX7jCOAKyFu/FugwtKjg/gyI898uLnLELphEOk/nWyf+nGIPLLMxwQ==",
      "requires": {
        "@ungap/create-content": "^0.1.4",
        "@ungap/essential-map": "^0.1.7",
        "@ungap/import-node": "^0.1.0",
        "@ungap/trim": "^0.1.1",
        "@ungap/weakmap": "^0.1.4",
        "domconstants": "^0.1.1",
        "domsanitizer": "^0.2.0"
      }
    },
    "domutils": {
      "version": "1.7.0",
      "resolved": "https://registry.npmjs.org/domutils/-/domutils-1.7.0.tgz",
      "integrity": "sha512-Lgd2XcJ/NjEw+7tFvfKxOzCYKZsdct5lczQ2ZaQY8Djz7pfAD3Gbp8ySJWtreII/vDlMVmxwa6pHmdxIYgttDg==",
      "requires": {
        "dom-serializer": "0",
        "domelementtype": "1"
      }
    },
    "ee-first": {
      "version": "1.1.1",
      "resolved": "https://registry.npmjs.org/ee-first/-/ee-first-1.1.1.tgz",
      "integrity": "sha1-WQxhFWsK4vTwJVcyoViyZrxWsh0="
    },
    "encodeurl": {
      "version": "1.0.2",
      "resolved": "https://registry.npmjs.org/encodeurl/-/encodeurl-1.0.2.tgz",
      "integrity": "sha1-rT/0yG7C0CkyL1oCw6mmBslbP1k="
    },
    "entities": {
      "version": "1.1.2",
      "resolved": "https://registry.npmjs.org/entities/-/entities-1.1.2.tgz",
      "integrity": "sha512-f2LZMYl1Fzu7YSBKg+RoROelpOaNrcGmE9AZubeDfrCEia483oW4MI4VyFd5VNHIgQ/7qm1I0wUHK1eJnn2y2w=="
    },
    "escape-html": {
      "version": "1.0.3",
      "resolved": "https://registry.npmjs.org/escape-html/-/escape-html-1.0.3.tgz",
      "integrity": "sha1-Aljq5NPQwJdN4cFpGI7wBR0dGYg="
    },
    "etag": {
      "version": "1.8.1",
      "resolved": "https://registry.npmjs.org/etag/-/etag-1.8.1.tgz",
      "integrity": "sha1-Qa4u62XvpiJorr/qg6x9eSmbCIc="
    },
    "express": {
      "version": "4.17.1",
      "resolved": "https://registry.npmjs.org/express/-/express-4.17.1.tgz",
      "integrity": "sha512-mHJ9O79RqluphRrcw2X/GTh3k9tVv8YcoyY4Kkh4WDMUYKRZUq0h1o0w2rrrxBqM7VoeUVqgb27xlEMXTnYt4g==",
      "requires": {
        "accepts": "~1.3.7",
        "array-flatten": "1.1.1",
        "body-parser": "1.19.0",
        "content-disposition": "0.5.3",
        "content-type": "~1.0.4",
        "cookie": "0.4.0",
        "cookie-signature": "1.0.6",
        "debug": "2.6.9",
        "depd": "~1.1.2",
        "encodeurl": "~1.0.2",
        "escape-html": "~1.0.3",
        "etag": "~1.8.1",
        "finalhandler": "~1.1.2",
        "fresh": "0.5.2",
        "merge-descriptors": "1.0.1",
        "methods": "~1.1.2",
        "on-finished": "~2.3.0",
        "parseurl": "~1.3.3",
        "path-to-regexp": "0.1.7",
        "proxy-addr": "~2.0.5",
        "qs": "6.7.0",
        "range-parser": "~1.2.1",
        "safe-buffer": "5.1.2",
        "send": "0.17.1",
        "serve-static": "1.14.1",
        "setprototypeof": "1.1.1",
        "statuses": "~1.5.0",
        "type-is": "~1.6.18",
        "utils-merge": "1.0.1",
        "vary": "~1.1.2"
      }
    },
    "finalhandler": {
      "version": "1.1.2",
      "resolved": "https://registry.npmjs.org/finalhandler/-/finalhandler-1.1.2.tgz",
      "integrity": "sha512-aAWcW57uxVNrQZqFXjITpW3sIUQmHGG3qSb9mUah9MgMC4NeWhNOlNjXEYq3HjRAvL6arUviZGGJsBg6z0zsWA==",
      "requires": {
        "debug": "2.6.9",
        "encodeurl": "~1.0.2",
        "escape-html": "~1.0.3",
        "on-finished": "~2.3.0",
        "parseurl": "~1.3.3",
        "statuses": "~1.5.0",
        "unpipe": "~1.0.0"
      }
    },
    "forwarded": {
      "version": "0.1.2",
      "resolved": "https://registry.npmjs.org/forwarded/-/forwarded-0.1.2.tgz",
      "integrity": "sha1-mMI9qxF1ZXuMBXPozszZGw/xjIQ="
    },
    "fresh": {
      "version": "0.5.2",
      "resolved": "https://registry.npmjs.org/fresh/-/fresh-0.5.2.tgz",
      "integrity": "sha1-PYyt2Q2XZWn6g1qx+OSyOhBWBac="
    },
    "html-escaper": {
      "version": "1.0.1",
      "resolved": "https://registry.npmjs.org/html-escaper/-/html-escaper-1.0.1.tgz",
      "integrity": "sha1-7gKeKGJnQBeUE1Wn9h/Cx8Cm/XI="
    },
    "htmlparser2": {
      "version": "3.10.1",
      "resolved": "https://registry.npmjs.org/htmlparser2/-/htmlparser2-3.10.1.tgz",
      "integrity": "sha512-IgieNijUMbkDovyoKObU1DUhm1iwNYE/fuifEoEHfd1oZKZDaONBSkal7Y01shxsM49R4XaMdGez3WnF9UfiCQ==",
      "requires": {
        "domelementtype": "^1.3.1",
        "domhandler": "^2.3.0",
        "domutils": "^1.5.1",
        "entities": "^1.1.1",
        "inherits": "^2.0.1",
        "readable-stream": "^3.1.1"
      }
    },
    "http-errors": {
      "version": "1.7.2",
      "resolved": "https://registry.npmjs.org/http-errors/-/http-errors-1.7.2.tgz",
      "integrity": "sha512-uUQBt3H/cSIVfch6i1EuPNy/YsRSOUBXTVfZ+yR7Zjez3qjBz6i9+i4zjNaoqcoFVI4lQJ5plg63TvGfRSDCRg==",
      "requires": {
        "depd": "~1.1.2",
        "inherits": "2.0.3",
        "setprototypeof": "1.1.1",
        "statuses": ">= 1.5.0 < 2",
        "toidentifier": "1.0.0"
      },
      "dependencies": {
        "inherits": {
          "version": "2.0.3",
          "resolved": "https://registry.npmjs.org/inherits/-/inherits-2.0.3.tgz",
          "integrity": "sha1-Yzwsg+PaQqUC9SRmAiSA9CCCYd4="
        }
      }
    },
    "hyperhtml-style": {
      "version": "0.1.2",
      "resolved": "https://registry.npmjs.org/hyperhtml-style/-/hyperhtml-style-0.1.2.tgz",
      "integrity": "sha512-ZDRYNClEaqUS0a8RAED0nQRqWmZk7ctdyij3Iw/PqUUef6xhYO87nx9vJNuxg7Yc6J2FdJjXRKbB0iud2ZyzwQ=="
    },
    "hyperhtml-wire": {
      "version": "2.1.0",
      "resolved": "https://registry.npmjs.org/hyperhtml-wire/-/hyperhtml-wire-2.1.0.tgz",
      "integrity": "sha512-LqFs/MgvxyMVM8O3Fx7QcCDWWkga3JeMA7C1inHM71PIchupSyj2u/zG8Blw+KfJHIFmEsx09KxOrgykGqoopQ=="
    },
    "iconv-lite": {
      "version": "0.4.24",
      "resolved": "https://registry.npmjs.org/iconv-lite/-/iconv-lite-0.4.24.tgz",
      "integrity": "sha512-v3MXnZAcvnywkTUEZomIActle7RXXeedOR31wwl7VlyoXO4Qi9arvSenNQWne1TcRwhCL1HwLI21bEqdpj8/rA==",
      "requires": {
        "safer-buffer": ">= 2.1.2 < 3"
      }
    },
    "inherits": {
      "version": "2.0.4",
      "resolved": "https://registry.npmjs.org/inherits/-/inherits-2.0.4.tgz",
      "integrity": "sha512-k/vGaX4/Yla3WzyMCvTQOXYeIHvqOKtnqBduzTHpzpQZzAskKMhZ2K+EnBiSM9zGSoIFeMpXKxa4dYeZIQqewQ=="
    },
    "ipaddr.js": {
      "version": "1.9.0",
      "resolved": "https://registry.npmjs.org/ipaddr.js/-/ipaddr.js-1.9.0.tgz",
      "integrity": "sha512-M4Sjn6N/+O6/IXSJseKqHoFc+5FdGJ22sXqnjTpdZweHK64MzEPAyQZyEU3R/KRv2GLoa7nNtg/C2Ev6m7z+eA=="
    },
    "lighterhtml-plus": {
      "version": "0.15.2",
      "resolved": "https://registry.npmjs.org/lighterhtml-plus/-/lighterhtml-plus-0.15.2.tgz",
      "integrity": "sha512-z7B8SH/ig5zB+GICUU7TkmiQ8UmuOZaxnH8qlUIaTITsw2qwTIDOssFB1/Li5Q0Zl7VUXW44vVLJYHTUN/mPgw==",
      "requires": {
        "@ungap/create-content": "^0.1.4",
        "@ungap/custom-event": "^0.2.0",
        "@ungap/template-tag-arguments": "^0.3.0",
        "@ungap/weakmap": "^0.1.4",
        "attributechanged": "^0.2.0",
        "disconnected": "^0.2.1",
        "domdiff": "^2.0.3",
        "domtagger": "^0.4.0",
        "hyperhtml-style": "^0.1.2",
        "hyperhtml-wire": "^2.1.0"
      }
    },
    "make-error": {
      "version": "1.3.5",
      "resolved": "https://registry.npmjs.org/make-error/-/make-error-1.3.5.tgz",
      "integrity": "sha512-c3sIjNUow0+8swNwVpqoH4YCShKNFkMaw6oH1mNS2haDZQqkeZFlHS3dhoeEbKKmJB4vXpJucU6oH75aDYeE9g==",
      "dev": true
    },
    "media-typer": {
      "version": "0.3.0",
      "resolved": "https://registry.npmjs.org/media-typer/-/media-typer-0.3.0.tgz",
      "integrity": "sha1-hxDXrwqmJvj/+hzgAWhUUmMlV0g="
    },
    "merge-descriptors": {
      "version": "1.0.1",
      "resolved": "https://registry.npmjs.org/merge-descriptors/-/merge-descriptors-1.0.1.tgz",
      "integrity": "sha1-sAqqVW3YtEVoFQ7J0blT8/kMu2E="
    },
    "methods": {
      "version": "1.1.2",
      "resolved": "https://registry.npmjs.org/methods/-/methods-1.1.2.tgz",
      "integrity": "sha1-VSmk1nZUE07cxSZmVoNbD4Ua/O4="
    },
    "mime": {
      "version": "1.6.0",
      "resolved": "https://registry.npmjs.org/mime/-/mime-1.6.0.tgz",
      "integrity": "sha512-x0Vn8spI+wuJ1O6S7gnbaQg8Pxh4NNHb7KSINmEWKiPE4RKOplvijn+NkmYmmRgP68mc70j2EbeTFRsrswaQeg=="
    },
    "mime-db": {
      "version": "1.40.0",
      "resolved": "https://registry.npmjs.org/mime-db/-/mime-db-1.40.0.tgz",
      "integrity": "sha512-jYdeOMPy9vnxEqFRRo6ZvTZ8d9oPb+k18PKoYNYUe2stVEBPPwsln/qWzdbmaIvnhZ9v2P+CuecK+fpUfsV2mA=="
    },
    "mime-types": {
      "version": "2.1.24",
      "resolved": "https://registry.npmjs.org/mime-types/-/mime-types-2.1.24.tgz",
      "integrity": "sha512-WaFHS3MCl5fapm3oLxU4eYDw77IQM2ACcxQ9RIxfaC3ooc6PFuBMGZZsYpvoXS5D5QTWPieo1jjLdAm3TBP3cQ==",
      "requires": {
        "mime-db": "1.40.0"
      }
    },
    "ms": {
      "version": "2.0.0",
      "resolved": "https://registry.npmjs.org/ms/-/ms-2.0.0.tgz",
      "integrity": "sha1-VgiurfwAvmwpAd9fmGF4jeDVl8g="
    },
    "negotiator": {
      "version": "0.6.2",
      "resolved": "https://registry.npmjs.org/negotiator/-/negotiator-0.6.2.tgz",
      "integrity": "sha512-hZXc7K2e+PgeI1eDBe/10Ard4ekbfrrqG8Ep+8Jmf4JID2bNg7NvCPOZN+kfF574pFQI7mum2AUqDidoKqcTOw=="
    },
    "on-finished": {
      "version": "2.3.0",
      "resolved": "https://registry.npmjs.org/on-finished/-/on-finished-2.3.0.tgz",
      "integrity": "sha1-IPEzZIGwg811M3mSoWlxqi2QaUc=",
      "requires": {
        "ee-first": "1.1.1"
      }
    },
    "parseurl": {
      "version": "1.3.3",
      "resolved": "https://registry.npmjs.org/parseurl/-/parseurl-1.3.3.tgz",
      "integrity": "sha512-CiyeOxFT/JZyN5m0z9PfXw4SCBJ6Sygz1Dpl0wqjlhDEGGBP1GnsUVEL0p63hoG1fcj3fHynXi9NYO4nWOL+qQ=="
    },
    "path-to-regexp": {
      "version": "0.1.7",
      "resolved": "https://registry.npmjs.org/path-to-regexp/-/path-to-regexp-0.1.7.tgz",
      "integrity": "sha1-32BBeABfUi8V60SQ5yR6G/qmf4w="
    },
    "proxy-addr": {
      "version": "2.0.5",
      "resolved": "https://registry.npmjs.org/proxy-addr/-/proxy-addr-2.0.5.tgz",
      "integrity": "sha512-t/7RxHXPH6cJtP0pRG6smSr9QJidhB+3kXu0KgXnbGYMgzEnUxRQ4/LDdfOwZEMyIh3/xHb8PX3t+lfL9z+YVQ==",
      "requires": {
        "forwarded": "~0.1.2",
        "ipaddr.js": "1.9.0"
      }
    },
    "qs": {
      "version": "6.7.0",
      "resolved": "https://registry.npmjs.org/qs/-/qs-6.7.0.tgz",
      "integrity": "sha512-VCdBRNFTX1fyE7Nb6FYoURo/SPe62QCaAyzJvUjwRaIsc+NePBEniHlvxFmmX56+HZphIGtV0XeCirBtpDrTyQ=="
    },
    "range-parser": {
      "version": "1.2.1",
      "resolved": "https://registry.npmjs.org/range-parser/-/range-parser-1.2.1.tgz",
      "integrity": "sha512-Hrgsx+orqoygnmhFbKaHE6c296J+HTAQXoxEF6gNupROmmGJRoyzfG3ccAveqCBrwr/2yxQ5BVd/GTl5agOwSg=="
    },
    "raw-body": {
      "version": "2.4.0",
      "resolved": "https://registry.npmjs.org/raw-body/-/raw-body-2.4.0.tgz",
      "integrity": "sha512-4Oz8DUIwdvoa5qMJelxipzi/iJIi40O5cGV1wNYp5hvZP8ZN0T+jiNkL0QepXs+EsQ9XJ8ipEDoiH70ySUJP3Q==",
      "requires": {
        "bytes": "3.1.0",
        "http-errors": "1.7.2",
        "iconv-lite": "0.4.24",
        "unpipe": "1.0.0"
      }
    },
    "readable-stream": {
      "version": "3.4.0",
      "resolved": "https://registry.npmjs.org/readable-stream/-/readable-stream-3.4.0.tgz",
      "integrity": "sha512-jItXPLmrSR8jmTRmRWJXCnGJsfy85mB3Wd/uINMXA65yrnFo0cPClFIUWzo2najVNSl+mx7/4W8ttlLWJe99pQ==",
      "requires": {
        "inherits": "^2.0.3",
        "string_decoder": "^1.1.1",
        "util-deprecate": "^1.0.1"
      }
    },
    "safe-buffer": {
      "version": "5.1.2",
      "resolved": "https://registry.npmjs.org/safe-buffer/-/safe-buffer-5.1.2.tgz",
      "integrity": "sha512-Gd2UZBJDkXlY7GbJxfsE8/nvKkUEU1G38c1siN6QP6a9PT9MmHB8GnpscSmMJSoF8LOIrt8ud/wPtojys4G6+g=="
    },
    "safer-buffer": {
      "version": "2.1.2",
      "resolved": "https://registry.npmjs.org/safer-buffer/-/safer-buffer-2.1.2.tgz",
      "integrity": "sha512-YZo3K82SD7Riyi0E1EQPojLz7kpepnSQI9IyPbHHg1XXXevb5dJI7tpyN2ADxGcQbHG7vcyRHk0cbwqcQriUtg=="
    },
    "send": {
      "version": "0.17.1",
      "resolved": "https://registry.npmjs.org/send/-/send-0.17.1.tgz",
      "integrity": "sha512-BsVKsiGcQMFwT8UxypobUKyv7irCNRHk1T0G680vk88yf6LBByGcZJOTJCrTP2xVN6yI+XjPJcNuE3V4fT9sAg==",
      "requires": {
        "debug": "2.6.9",
        "depd": "~1.1.2",
        "destroy": "~1.0.4",
        "encodeurl": "~1.0.2",
        "escape-html": "~1.0.3",
        "etag": "~1.8.1",
        "fresh": "0.5.2",
        "http-errors": "~1.7.2",
        "mime": "1.6.0",
        "ms": "2.1.1",
        "on-finished": "~2.3.0",
        "range-parser": "~1.2.1",
        "statuses": "~1.5.0"
      },
      "dependencies": {
        "ms": {
          "version": "2.1.1",
          "resolved": "https://registry.npmjs.org/ms/-/ms-2.1.1.tgz",
          "integrity": "sha512-tgp+dl5cGk28utYktBsrFqA7HKgrhgPsg6Z/EfhWI4gl1Hwq8B/GmY/0oXZ6nF8hDVesS/FpnYaD/kOWhYQvyg=="
        }
      }
    },
    "serve-static": {
      "version": "1.14.1",
      "resolved": "https://registry.npmjs.org/serve-static/-/serve-static-1.14.1.tgz",
      "integrity": "sha512-JMrvUwE54emCYWlTI+hGrGv5I8dEwmco/00EvkzIIsR7MqrHonbD9pO2MOfFnpFntl7ecpZs+3mW+XbQZu9QCg==",
      "requires": {
        "encodeurl": "~1.0.2",
        "escape-html": "~1.0.3",
        "parseurl": "~1.3.3",
        "send": "0.17.1"
      }
    },
    "setprototypeof": {
      "version": "1.1.1",
      "resolved": "https://registry.npmjs.org/setprototypeof/-/setprototypeof-1.1.1.tgz",
      "integrity": "sha512-JvdAWfbXeIGaZ9cILp38HntZSFSo3mWg6xGcJJsd+d4aRMOqauag1C63dJfDw7OaMYwEbHMOxEZ1lqVRYP2OAw=="
    },
    "source-map": {
      "version": "0.6.1",
      "resolved": "https://registry.npmjs.org/source-map/-/source-map-0.6.1.tgz",
      "integrity": "sha512-UjgapumWlbMhkBgzT7Ykc5YXUT46F0iKu8SGXq0bcwP5dz/h0Plj6enJqjz1Zbq2l5WaqYnrVbwWOWMyF3F47g==",
      "dev": true
    },
    "source-map-support": {
      "version": "0.5.12",
      "resolved": "https://registry.npmjs.org/source-map-support/-/source-map-support-0.5.12.tgz",
      "integrity": "sha512-4h2Pbvyy15EE02G+JOZpUCmqWJuqrs+sEkzewTm++BPi7Hvn/HwcqLAcNxYAyI0x13CpPPn+kMjl+hplXMHITQ==",
      "dev": true,
      "requires": {
        "buffer-from": "^1.0.0",
        "source-map": "^0.6.0"
      }
    },
    "statuses": {
      "version": "1.5.0",
      "resolved": "https://registry.npmjs.org/statuses/-/statuses-1.5.0.tgz",
      "integrity": "sha1-Fhx9rBd2Wf2YEfQ3cfqZOBR4Yow="
    },
    "string_decoder": {
      "version": "1.2.0",
      "resolved": "https://registry.npmjs.org/string_decoder/-/string_decoder-1.2.0.tgz",
      "integrity": "sha512-6YqyX6ZWEYguAxgZzHGL7SsCeGx3V2TtOTqZz1xSTSWnqsbWwbptafNyvf/ACquZUXV3DANr5BDIwNYe1mN42w==",
      "requires": {
        "safe-buffer": "~5.1.0"
      }
    },
    "toidentifier": {
      "version": "1.0.0",
      "resolved": "https://registry.npmjs.org/toidentifier/-/toidentifier-1.0.0.tgz",
      "integrity": "sha512-yaOH/Pk/VEhBWWTlhI+qXxDFXlejDGcQipMlyxda9nthulaxLZUNcUqFxokp0vcYnvteJln5FNQDRrxj3YcbVw=="
    },
    "ts-node": {
      "version": "8.3.0",
      "resolved": "https://registry.npmjs.org/ts-node/-/ts-node-8.3.0.tgz",
      "integrity": "sha512-dyNS/RqyVTDcmNM4NIBAeDMpsAdaQ+ojdf0GOLqE6nwJOgzEkdRNzJywhDfwnuvB10oa6NLVG1rUJQCpRN7qoQ==",
      "dev": true,
      "requires": {
        "arg": "^4.1.0",
        "diff": "^4.0.1",
        "make-error": "^1.1.1",
        "source-map-support": "^0.5.6",
        "yn": "^3.0.0"
      }
    },
    "tslib": {
      "version": "1.10.0",
      "resolved": "https://registry.npmjs.org/tslib/-/tslib-1.10.0.tgz",
      "integrity": "sha512-qOebF53frne81cf0S9B41ByenJ3/IuH8yJKngAX35CmiZySA0khhkovshKK+jGCaMnVomla7gVlIcc3EvKPbTQ==",
      "dev": true
    },
    "type-is": {
      "version": "1.6.18",
      "resolved": "https://registry.npmjs.org/type-is/-/type-is-1.6.18.tgz",
      "integrity": "sha512-TkRKr9sUTxEH8MdfuCSP7VizJyzRNMjj2J2do2Jr3Kym598JVdEksuzPQCnlFPW4ky9Q+iA+ma9BGm06XQBy8g==",
      "requires": {
        "media-typer": "0.3.0",
        "mime-types": "~2.1.24"
      }
    },
    "typescript": {
      "version": "3.5.2",
      "resolved": "https://registry.npmjs.org/typescript/-/typescript-3.5.2.tgz",
      "integrity": "sha512-7KxJovlYhTX5RaRbUdkAXN1KUZ8PwWlTzQdHV6xNqvuFOs7+WBo10TQUqT19Q/Jz2hk5v9TQDIhyLhhJY4p5AA==",
      "dev": true
    },
    "unpipe": {
      "version": "1.0.0",
      "resolved": "https://registry.npmjs.org/unpipe/-/unpipe-1.0.0.tgz",
      "integrity": "sha1-sr9O6FFKrmFltIF4KdIbLvSZBOw="
    },
    "util-deprecate": {
      "version": "1.0.2",
      "resolved": "https://registry.npmjs.org/util-deprecate/-/util-deprecate-1.0.2.tgz",
      "integrity": "sha1-RQ1Nyfpw3nMnYvvS1KKJgUGaDM8="
    },
    "utils-merge": {
      "version": "1.0.1",
      "resolved": "https://registry.npmjs.org/utils-merge/-/utils-merge-1.0.1.tgz",
      "integrity": "sha1-n5VxD1CiZ5R7LMwSR0HBAoQn5xM="
    },
    "vary": {
      "version": "1.1.2",
      "resolved": "https://registry.npmjs.org/vary/-/vary-1.1.2.tgz",
      "integrity": "sha1-IpnwLG3tMNSllhsLn3RSShj2NPw="
    },
    "yn": {
      "version": "3.1.0",
      "resolved": "https://registry.npmjs.org/yn/-/yn-3.1.0.tgz",
      "integrity": "sha512-kKfnnYkbTfrAdd0xICNFw7Atm8nKpLcLv9AZGEt+kczL/WQVai4e2V6ZN8U/O+iI6WrNuJjNNOyu4zfhl9D3Hg==",
      "dev": true
    }
  }
}
