{
	"name": "@typed/json-rpc",
	"version": "3.4.4",
	"lockfileVersion": 1,
	"requires": true,
	"dependencies": {
		"@types/node": {
			"version": "14.0.14",
			"resolved": "https://registry.npmjs.org/@types/node/-/node-14.0.14.tgz",
			"integrity": "sha512-syUgf67ZQpaJj01/tRTknkMNoBBLWJOBODF0Zm4NrXmiSuxjymFrxnTu1QVYRubhVkRcZLYZG8STTwJRdVm/WQ==",
			"dev": true
		},
		"@types/ws": {
			"version": "7.2.6",
			"resolved": "https://registry.npmjs.org/@types/ws/-/ws-7.2.6.tgz",
			"integrity": "sha512-Q07IrQUSNpr+cXU4E4LtkSIBPie5GLZyyMC1QtQYRLWz701+XcoVygGUZgvLqElq1nU4ICldMYPnexlBsg3dqQ==",
			"dev": true,
			"requires": {
				"@types/node": "*"
			}
		},
		"ws": {
			"version": "7.3.1",
			"resolved": "https://registry.npmjs.org/ws/-/ws-7.3.1.tgz",
			"integrity": "sha512-D3RuNkynyHmEJIpD2qrgVkc9DQ23OrN/moAwZX4L8DfvszsJxpjQuUq3LMx6HoYji9fbIOBY18XWBsAux1ZZUA==",
			"dev": true
		}
	}
}
