{
  "name": "@typed/json-rpc",
  "version": "0.0.0",
  "lockfileVersion": 1,
  "requires": true,
  "dependencies": {
    "@typed/common": {
      "version": "2.0.0",
      "resolved": "https://registry.npmjs.org/@typed/common/-/common-2.0.0.tgz",
      "integrity": "sha512-Nq4yHe+MO/E56ki5bbli7V2G4afHOS8yRG+4sflyoK6FSVx2XLsyY7P+dz9Kgau408tJ7XvSZkrTOzH8qmM0Yg=="
    },
    "@typed/disposable": {
      "version": "2.0.0",
      "requires": {
        "@typed/lambda": "^2.0.0"
      }
    },
    "@typed/either": {
      "version": "6.0.0",
      "resolved": "https://registry.npmjs.org/@typed/either/-/either-6.0.0.tgz",
      "integrity": "sha512-dHOX4O5j8Uzgp2lHNvFxSIEobt7wEI7rLAd3kWNOMvARCvjyyNMg3IrmfyJ6vBmjwr1UwXrVLv050a44sJ7zJw==",
      "requires": {
        "@typed/lambda": "^2.0.0"
      }
    },
    "@typed/env": {
      "version": "2.0.0",
      "resolved": "https://registry.npmjs.org/@typed/env/-/env-2.0.0.tgz",
      "integrity": "sha512-dDCXz8+Hturjjz6xH/c2tLDfjIQboXPhwYqimvhtpS1bPxlgdHuk+ijkR/UwVcOp2A4Y/ofgnqibsGmsYMh91Q==",
      "requires": {
        "@typed/common": "^2.0.0",
        "@typed/disposable": "^2.0.0",
        "@typed/lambda": "^2.0.0",
        "@typed/list": "^5.0.0",
        "@typed/objects": "^5.0.0",
        "@typed/timer": "^2.0.0"
      },
      "dependencies": {
        "@typed/common": {
          "version": "2.0.0",
          "resolved": "https://registry.npmjs.org/@typed/common/-/common-2.0.0.tgz",
          "integrity": "sha512-Nq4yHe+MO/E56ki5bbli7V2G4afHOS8yRG+4sflyoK6FSVx2XLsyY7P+dz9Kgau408tJ7XvSZkrTOzH8qmM0Yg=="
        }
      }
    },
    "@typed/lambda": {
      "version": "2.0.0",
      "requires": {
        "@typed/common": "^2.0.0"
      }
    },
    "@typed/list": {
      "version": "5.0.0",
      "resolved": "https://registry.npmjs.org/@typed/list/-/list-5.0.0.tgz",
      "integrity": "sha512-PMQtTmyoVXwIV85MZR60UxK7Q97vHnymUOgL5hEOuyH5mq3OjH7gtl/NmqiO4TK1u5ayAeqfIWmS7fip3YfyrQ==",
      "requires": {
        "@typed/common": "^2.0.0",
        "@typed/lambda": "^2.0.0",
        "@typed/logic": "^5.0.0",
        "@typed/math": "^5.0.0",
        "@typed/maybe": "^9.0.0",
        "@typed/tuple": "^2.0.0"
      },
      "dependencies": {
        "@typed/common": {
          "version": "2.0.0",
          "resolved": "https://registry.npmjs.org/@typed/common/-/common-2.0.0.tgz",
          "integrity": "sha512-Nq4yHe+MO/E56ki5bbli7V2G4afHOS8yRG+4sflyoK6FSVx2XLsyY7P+dz9Kgau408tJ7XvSZkrTOzH8qmM0Yg=="
        },
        "@typed/maybe": {
          "version": "9.0.0",
          "resolved": "https://registry.npmjs.org/@typed/maybe/-/maybe-9.0.0.tgz",
          "integrity": "sha512-JVcbpHF5w1sG2Ng880c1RpZkTOKA0t64N7fXTxaYx8OoJpdFG3jc7otebyoCn5bdN6Iqm5LxLQtJ2gyvZ9AQwA==",
          "requires": {
            "@typed/lambda": "^2.0.0"
          }
        }
      }
    },
    "@typed/logic": {
      "version": "5.0.0",
      "resolved": "https://registry.npmjs.org/@typed/logic/-/logic-5.0.0.tgz",
      "integrity": "sha512-AGxiQJLc6TMbtOHv0FlPcgwBQafS+JIjAUHXVjHzR5hfsRW0IgKqkiFkoW7ex/BwesbtazIpYdEl1drEmZUhNw==",
      "requires": {
        "@typed/common": "^2.0.0",
        "@typed/lambda": "^2.0.0",
        "@typed/maybe": "^9.0.0"
      }
    },
    "@typed/math": {
      "version": "5.0.0",
      "resolved": "https://registry.npmjs.org/@typed/math/-/math-5.0.0.tgz",
      "integrity": "sha512-8zXQpfOgjnqZffWwM+Msl6mPkFoAOYkbBewF2TQDrbllg0kHGp3nMbWPEUcZrTw8HXSuB+2y0ZcYMWJiOVe1kQ==",
      "requires": {
        "@typed/lambda": "^2.0.0",
        "@typed/maybe": "^9.0.0"
      },
      "dependencies": {
        "@typed/maybe": {
          "version": "9.0.0",
          "resolved": "https://registry.npmjs.org/@typed/maybe/-/maybe-9.0.0.tgz",
          "integrity": "sha512-JVcbpHF5w1sG2Ng880c1RpZkTOKA0t64N7fXTxaYx8OoJpdFG3jc7otebyoCn5bdN6Iqm5LxLQtJ2gyvZ9AQwA==",
          "requires": {
            "@typed/lambda": "^2.0.0"
          }
        }
      }
    },
    "@typed/maybe": {
      "version": "9.0.0",
      "resolved": "https://registry.npmjs.org/@typed/maybe/-/maybe-9.0.0.tgz",
      "integrity": "sha512-JVcbpHF5w1sG2Ng880c1RpZkTOKA0t64N7fXTxaYx8OoJpdFG3jc7otebyoCn5bdN6Iqm5LxLQtJ2gyvZ9AQwA==",
      "requires": {
        "@typed/lambda": "^2.0.0"
      }
    },
    "@typed/new-type": {
      "version": "2.0.1",
      "resolved": "https://registry.npmjs.org/@typed/new-type/-/new-type-2.0.1.tgz",
      "integrity": "sha512-NfNW04SsAbUmGQsSDcULIFSY2LpgEVv8ohsp1DcXnMFdhBiU1gCBsVCr05HHHXsH6xvYLffsNnWhOkeMwr/GOw==",
      "requires": {
        "@typed/lambda": "^2.0.0"
      }
    },
    "@typed/objects": {
      "version": "5.0.0",
      "resolved": "https://registry.npmjs.org/@typed/objects/-/objects-5.0.0.tgz",
      "integrity": "sha512-q9UqbzkK2ZtjDTy//RHKMiXatrNwT1wXiAJmE61xHJvvTSo43+KgbfkeA/ei3xXRTK6I0aQslKtJ0KtFe2Lilw==",
      "requires": {
        "@typed/common": "^2.0.0",
        "@typed/lambda": "^2.0.0",
        "@typed/maybe": "^9.0.0"
      },
      "dependencies": {
        "@typed/common": {
          "version": "2.0.0",
          "resolved": "https://registry.npmjs.org/@typed/common/-/common-2.0.0.tgz",
          "integrity": "sha512-Nq4yHe+MO/E56ki5bbli7V2G4afHOS8yRG+4sflyoK6FSVx2XLsyY7P+dz9Kgau408tJ7XvSZkrTOzH8qmM0Yg=="
        },
        "@typed/maybe": {
          "version": "9.0.0",
          "resolved": "https://registry.npmjs.org/@typed/maybe/-/maybe-9.0.0.tgz",
          "integrity": "sha512-JVcbpHF5w1sG2Ng880c1RpZkTOKA0t64N7fXTxaYx8OoJpdFG3jc7otebyoCn5bdN6Iqm5LxLQtJ2gyvZ9AQwA==",
          "requires": {
            "@typed/lambda": "^2.0.0"
          }
        }
      }
    },
    "@typed/subscription": {
      "version": "2.1.0",
      "requires": {
        "@typed/disposable": "^2.0.0",
        "@typed/lambda": "^2.0.0",
        "@typed/logic": "^5.0.0",
        "@typed/timer": "^2.0.0"
      }
    },
    "@typed/timer": {
      "version": "2.0.0",
      "resolved": "https://registry.npmjs.org/@typed/timer/-/timer-2.0.0.tgz",
      "integrity": "sha512-+MaPZsEUH8iVBPC0lVWEcxTy+7JJWehUWQ3HGBofbJrBlNXM94e40YW/dTQofjku6P1Pj67bQGF6ElOd9oCcHQ==",
      "requires": {
        "@typed/common": "^2.0.0",
        "@typed/disposable": "^2.0.0",
        "@typed/lambda": "^2.0.0",
        "@typed/list": "^5.0.0"
      },
      "dependencies": {
        "@typed/common": {
          "version": "2.0.0",
          "resolved": "https://registry.npmjs.org/@typed/common/-/common-2.0.0.tgz",
          "integrity": "sha512-Nq4yHe+MO/E56ki5bbli7V2G4afHOS8yRG+4sflyoK6FSVx2XLsyY7P+dz9Kgau408tJ7XvSZkrTOzH8qmM0Yg=="
        }
      }
    },
    "@typed/tuple": {
      "version": "2.0.0",
      "resolved": "https://registry.npmjs.org/@typed/tuple/-/tuple-2.0.0.tgz",
      "integrity": "sha512-ROgZ7ILYqadJWYpkx5dwsOz7Dio83nUcCs3iQFfrS9Ij3YiuGeKlZEoFdqMj/KDOi0ah2S0qc+gKSkm3FvPyRg==",
      "requires": {
        "@typed/lambda": "^2.0.0"
      }
    },
    "@typed/uuid": {
      "version": "4.0.1",
      "resolved": "https://registry.npmjs.org/@typed/uuid/-/uuid-4.0.1.tgz",
      "integrity": "sha512-sT1Qx00yjPe9b+pPjucZi4YLSNcCxAi1P+K5NsmK4JMO+3h4mllcX6NLTZUn/pIvMwTeDVRwhGxdU66QMaDwtQ==",
      "requires": {
        "@typed/env": "^2.0.0",
        "@typed/new-type": "^2.0.1"
      }
    }
  }
}
