{
	"name": "@typed/html",
	"version": "2.0.0",
	"lockfileVersion": 1,
	"requires": true,
	"dependencies": {
		"csstype": {
			"version": "3.0.0",
			"resolved": "https://registry.npmjs.org/csstype/-/csstype-3.0.0.tgz",
			"integrity": "sha512-7PVEkxNUupmIdJflngQ4EHLYIrAiGEeFiR5gcv0QJRLPcPIUY0m353C7i5xwWgZyKytIaqrIMLOOh+OhUs70pw=="
		}
	}
}
