{
	"name": "@typed/html",
	"version": "2.0.0",
	"lockfileVersion": 1,
	"requires": true,
	"dependencies": {
		"csstype": {
			"version": "2.6.13",
			"resolved": "https://registry.npmjs.org/csstype/-/csstype-2.6.13.tgz",
			"integrity": "sha512-ul26pfSQTZW8dcOnD2iiJssfXw0gdNVX9IJDH/X3K5DGPfj+fUYe3kB+swUY6BF3oZDxaID3AJt+9/ojSAE05A=="
		}
	}
}
