{
	"name": "@typed/node",
	"version": "6.2.1",
	"lockfileVersion": 1,
	"requires": true,
	"dependencies": {
		"@types/node": {
			"version": "12.12.34",
			"resolved": "https://registry.npmjs.org/@types/node/-/node-12.12.34.tgz",
			"integrity": "sha512-BneGN0J9ke24lBRn44hVHNeDlrXRYF+VRp0HbSUNnEZahXGAysHZIqnf/hER6aabdBgzM4YOV4jrR8gj4Zfi0g==",
			"dev": true
		}
	}
}
