{
	"name": "@typed/node",
	"version": "6.7.0",
	"lockfileVersion": 1,
	"requires": true,
	"dependencies": {
		"@types/node": {
			"version": "13.13.28",
			"resolved": "https://registry.npmjs.org/@types/node/-/node-13.13.28.tgz",
			"integrity": "sha512-EM/qFeRH8ZCD+TlsaIPULyyFm9vOhFIvgskY2JmHbEsWsOPgN+rtjSXrcHGgJpob4Nu17VfO95FKewr0XY7iOQ==",
			"dev": true
		}
	}
}
