{
	"name": "@typed/node",
	"version": "6.2.1",
	"lockfileVersion": 1,
	"requires": true,
	"dependencies": {
		"@types/node": {
			"version": "12.12.35",
			"resolved": "https://registry.npmjs.org/@types/node/-/node-12.12.35.tgz",
			"integrity": "sha512-ASYsaKecA7TUsDrqIGPNk3JeEox0z/0XR/WsJJ8BIX/9+SkMSImQXKWfU/yBrSyc7ZSE/NPqLu36Nur0miCFfQ==",
			"dev": true
		}
	}
}
