{
	"name": "@typed/dom",
	"version": "7.7.0",
	"lockfileVersion": 2,
	"requires": true,
	"packages": {
		"": {
			"name": "@typed/dom",
			"version": "7.7.0",
			"license": "Parity-6.0.0",
			"devDependencies": {
				"@peculiar/webcrypto": "1.1.3",
				"basichtml": "2.3.0",
				"css-mediaquery": "0.1.2"
			},
			"peerDependencies": {
				"basichtml": "^1.1.1 || ^2.0.0",
				"css-mediaquery": "^0.1.2",
				"tslib": "^2.0.0"
			}
		},
		"node_modules/@peculiar/asn1-schema": {
			"version": "2.0.13",
			"resolved": "https://registry.npmjs.org/@peculiar/asn1-schema/-/asn1-schema-2.0.13.tgz",
			"integrity": "sha512-WnLUmXs1/oCFkrkA62s+JlTCl3JUt5w1CYtdBIfD4o1guIKHYhXfh4qlCc+qReaURGt2p/NtMgLpdfRwFV0H2Q==",
			"dev": true,
			"dependencies": {
				"@types/asn1js": "^0.0.1",
				"asn1js": "^2.0.26",
				"pvtsutils": "^1.0.11",
				"tslib": "^2.0.1"
			}
		},
		"node_modules/@peculiar/json-schema": {
			"version": "1.1.12",
			"resolved": "https://registry.npmjs.org/@peculiar/json-schema/-/json-schema-1.1.12.tgz",
			"integrity": "sha512-coUfuoMeIB7B8/NMekxaDzLhaYmp0HZNPEjYRm9goRou8UZIC3z21s0sL9AWoCw4EG876QyO3kYrc61WNF9B/w==",
			"dev": true,
			"dependencies": {
				"tslib": "^2.0.0"
			},
			"engines": {
				"node": ">=8.0.0"
			}
		},
		"node_modules/@peculiar/webcrypto": {
			"version": "1.1.3",
			"resolved": "https://registry.npmjs.org/@peculiar/webcrypto/-/webcrypto-1.1.3.tgz",
			"integrity": "sha512-M1mipPJkWzIf92w3T1Vx5ir3kV9c0oWCcLkeh4vNa/3XDEtQ7xxj5NRKyq67NuVNKLH2/0JD1crlLJyqfYbfBA==",
			"dev": true,
			"dependencies": {
				"@peculiar/asn1-schema": "^2.0.13",
				"@peculiar/json-schema": "^1.1.12",
				"pvtsutils": "^1.0.11",
				"tslib": "^2.0.1",
				"webcrypto-core": "^1.1.6"
			},
			"engines": {
				"node": ">=10.12.0"
			}
		},
		"node_modules/@types/asn1js": {
			"version": "0.0.1",
			"resolved": "https://registry.npmjs.org/@types/asn1js/-/asn1js-0.0.1.tgz",
			"integrity": "sha1-74uflwjLFjKhw6nNJ3F8qr55O8I=",
			"dev": true,
			"dependencies": {
				"@types/pvutils": "*"
			}
		},
		"node_modules/@types/pvutils": {
			"version": "0.0.2",
			"resolved": "https://registry.npmjs.org/@types/pvutils/-/pvutils-0.0.2.tgz",
			"integrity": "sha512-CgQAm7pjyeF3Gnv78ty4RBVIfluB+Td+2DR8iPaU0prF18pkzptHHP+DoKPfpsJYknKsVZyVsJEu5AuGgAqQ5w==",
			"dev": true
		},
		"node_modules/@webreflection/interface": {
			"version": "0.1.1",
			"resolved": "https://registry.npmjs.org/@webreflection/interface/-/interface-0.1.1.tgz",
			"integrity": "sha1-ryqR2vOBeWVgcqb5Lp+SEWWPhWY=",
			"dev": true
		},
		"node_modules/asn1js": {
			"version": "2.0.26",
			"resolved": "https://registry.npmjs.org/asn1js/-/asn1js-2.0.26.tgz",
			"integrity": "sha512-yG89F0j9B4B0MKIcFyWWxnpZPLaNTjCj4tkE3fjbAoo0qmpGw0PYYqSbX/4ebnd9Icn8ZgK4K1fvDyEtW1JYtQ==",
			"dev": true,
			"dependencies": {
				"pvutils": "latest"
			},
			"engines": {
				"node": ">=6.0.0"
			}
		},
		"node_modules/basichtml": {
			"version": "2.3.0",
			"resolved": "https://registry.npmjs.org/basichtml/-/basichtml-2.3.0.tgz",
			"integrity": "sha512-4OwuvFO4Lbcm+DquFlYMiEIvsrJtMNtEeG41k6swojGmQsfPnlunNuk6/xwUKYbyfXgAxiYFhJv3xT7FeQwh4A==",
			"deprecated": "The effort has moved into LinkeDOM module: https://www.npmjs.com/package/linkedom",
			"dev": true,
			"dependencies": {
				"@webreflection/interface": "^0.1.1",
				"broadcast": "^3.0.0",
				"html-escaper": "^3.0.0",
				"htmlparser2": "^4.1.0"
			}
		},
		"node_modules/broadcast": {
			"version": "3.0.0",
			"resolved": "https://registry.npmjs.org/broadcast/-/broadcast-3.0.0.tgz",
			"integrity": "sha512-q//26zihgUvAtvSBRD1xtk/9KBVNfiUrS8Phz8dN95Y5mqINO/gFT6181b4Yvhoeal3Aa9+rsFnKzA6a6UTHfg==",
			"dev": true
		},
		"node_modules/css-mediaquery": {
			"version": "0.1.2",
			"resolved": "https://registry.npmjs.org/css-mediaquery/-/css-mediaquery-0.1.2.tgz",
			"integrity": "sha1-aiw3NEkoYYYxxUvTPO3TAdoYvqA=",
			"dev": true
		},
		"node_modules/dom-serializer": {
			"version": "0.2.2",
			"resolved": "https://registry.npmjs.org/dom-serializer/-/dom-serializer-0.2.2.tgz",
			"integrity": "sha512-2/xPb3ORsQ42nHYiSunXkDjPLBaEj/xTwUO4B7XCZQTRk7EBtTOPaygh10YAAh2OI1Qrp6NWfpAhzswj0ydt9g==",
			"dev": true,
			"dependencies": {
				"domelementtype": "^2.0.1",
				"entities": "^2.0.0"
			}
		},
		"node_modules/domelementtype": {
			"version": "2.0.1",
			"resolved": "https://registry.npmjs.org/domelementtype/-/domelementtype-2.0.1.tgz",
			"integrity": "sha512-5HOHUDsYZWV8FGWN0Njbr/Rn7f/eWSQi1v7+HsUVwXgn8nWWlL64zKDkS0n8ZmQ3mlWOMuXOnR+7Nx/5tMO5AQ==",
			"dev": true
		},
		"node_modules/domhandler": {
			"version": "3.0.0",
			"resolved": "https://registry.npmjs.org/domhandler/-/domhandler-3.0.0.tgz",
			"integrity": "sha512-eKLdI5v9m67kbXQbJSNn1zjh0SDzvzWVWtX+qEI3eMjZw8daH9k8rlj1FZY9memPwjiskQFbe7vHVVJIAqoEhw==",
			"dev": true,
			"dependencies": {
				"domelementtype": "^2.0.1"
			},
			"engines": {
				"node": ">= 4"
			}
		},
		"node_modules/domutils": {
			"version": "2.1.0",
			"resolved": "https://registry.npmjs.org/domutils/-/domutils-2.1.0.tgz",
			"integrity": "sha512-CD9M0Dm1iaHfQ1R/TI+z3/JWp/pgub0j4jIQKH89ARR4ATAV2nbaOQS5XxU9maJP5jHaPdDDQSEHuE2UmpUTKg==",
			"dev": true,
			"dependencies": {
				"dom-serializer": "^0.2.1",
				"domelementtype": "^2.0.1",
				"domhandler": "^3.0.0"
			}
		},
		"node_modules/entities": {
			"version": "2.0.2",
			"resolved": "https://registry.npmjs.org/entities/-/entities-2.0.2.tgz",
			"integrity": "sha512-dmD3AvJQBUjKpcNkoqr+x+IF0SdRtPz9Vk0uTy4yWqga9ibB6s4v++QFWNohjiUGoMlF552ZvNyXDxz5iW0qmw==",
			"dev": true
		},
		"node_modules/html-escaper": {
			"version": "3.0.0",
			"resolved": "https://registry.npmjs.org/html-escaper/-/html-escaper-3.0.0.tgz",
			"integrity": "sha512-69CofXDozHqdHDl1BZ3YiFp5rYN1qTwSXIVcBhVcZNkzj1vzx6Sko1nT58mzKip19DbKo8lHR9hf6/XeZ9+s3w==",
			"dev": true
		},
		"node_modules/htmlparser2": {
			"version": "4.1.0",
			"resolved": "https://registry.npmjs.org/htmlparser2/-/htmlparser2-4.1.0.tgz",
			"integrity": "sha512-4zDq1a1zhE4gQso/c5LP1OtrhYTncXNSpvJYtWJBtXAETPlMfi3IFNjGuQbYLuVY4ZR0QMqRVvo4Pdy9KLyP8Q==",
			"dev": true,
			"dependencies": {
				"domelementtype": "^2.0.1",
				"domhandler": "^3.0.0",
				"domutils": "^2.0.0",
				"entities": "^2.0.0"
			}
		},
		"node_modules/pvtsutils": {
			"version": "1.0.11",
			"resolved": "https://registry.npmjs.org/pvtsutils/-/pvtsutils-1.0.11.tgz",
			"integrity": "sha512-k040UEiUms7Ey8fwRvCBvlqcuOxK9IMBnnmIijk0jkAs+gdZQkayenRQ1a2Z574i2HyFVyJ+zwomZc5QEjzewg==",
			"dev": true
		},
		"node_modules/pvutils": {
			"version": "1.0.17",
			"resolved": "https://registry.npmjs.org/pvutils/-/pvutils-1.0.17.tgz",
			"integrity": "sha512-wLHYUQxWaXVQvKnwIDWFVKDJku9XDCvyhhxoq8dc5MFdIlRenyPI9eSfEtcvgHgD7FlvCyGAlWgOzRnZD99GZQ==",
			"dev": true,
			"engines": {
				"node": ">=6.0.0"
			}
		},
		"node_modules/tslib": {
			"version": "2.0.1",
			"resolved": "https://registry.npmjs.org/tslib/-/tslib-2.0.1.tgz",
			"integrity": "sha512-SgIkNheinmEBgx1IUNirK0TUD4X9yjjBRTqqjggWCU3pUEqIk3/Uwl3yRixYKT6WjQuGiwDv4NomL3wqRCj+CQ=="
		},
		"node_modules/webcrypto-core": {
			"version": "1.1.6",
			"resolved": "https://registry.npmjs.org/webcrypto-core/-/webcrypto-core-1.1.6.tgz",
			"integrity": "sha512-v74QssvJYBfQ5b5yZHgivEfZrZCE8ybJVvpWO0wGSU7jdiYdhAnUYmXOvzLkQCWH4DcGe7weEwV//6Z60dy8AA==",
			"dev": true,
			"dependencies": {
				"@peculiar/asn1-schema": "^2.0.12",
				"@peculiar/json-schema": "^1.1.12",
				"asn1js": "^2.0.26",
				"pvtsutils": "^1.0.11",
				"tslib": "^2.0.1"
			}
		}
	},
	"dependencies": {
		"@peculiar/asn1-schema": {
			"version": "2.0.13",
			"resolved": "https://registry.npmjs.org/@peculiar/asn1-schema/-/asn1-schema-2.0.13.tgz",
			"integrity": "sha512-WnLUmXs1/oCFkrkA62s+JlTCl3JUt5w1CYtdBIfD4o1guIKHYhXfh4qlCc+qReaURGt2p/NtMgLpdfRwFV0H2Q==",
			"dev": true,
			"requires": {
				"@types/asn1js": "^0.0.1",
				"asn1js": "^2.0.26",
				"pvtsutils": "^1.0.11",
				"tslib": "^2.0.1"
			}
		},
		"@peculiar/json-schema": {
			"version": "1.1.12",
			"resolved": "https://registry.npmjs.org/@peculiar/json-schema/-/json-schema-1.1.12.tgz",
			"integrity": "sha512-coUfuoMeIB7B8/NMekxaDzLhaYmp0HZNPEjYRm9goRou8UZIC3z21s0sL9AWoCw4EG876QyO3kYrc61WNF9B/w==",
			"dev": true,
			"requires": {
				"tslib": "^2.0.0"
			}
		},
		"@peculiar/webcrypto": {
			"version": "1.1.3",
			"resolved": "https://registry.npmjs.org/@peculiar/webcrypto/-/webcrypto-1.1.3.tgz",
			"integrity": "sha512-M1mipPJkWzIf92w3T1Vx5ir3kV9c0oWCcLkeh4vNa/3XDEtQ7xxj5NRKyq67NuVNKLH2/0JD1crlLJyqfYbfBA==",
			"dev": true,
			"requires": {
				"@peculiar/asn1-schema": "^2.0.13",
				"@peculiar/json-schema": "^1.1.12",
				"pvtsutils": "^1.0.11",
				"tslib": "^2.0.1",
				"webcrypto-core": "^1.1.6"
			}
		},
		"@types/asn1js": {
			"version": "0.0.1",
			"resolved": "https://registry.npmjs.org/@types/asn1js/-/asn1js-0.0.1.tgz",
			"integrity": "sha1-74uflwjLFjKhw6nNJ3F8qr55O8I=",
			"dev": true,
			"requires": {
				"@types/pvutils": "*"
			}
		},
		"@types/pvutils": {
			"version": "0.0.2",
			"resolved": "https://registry.npmjs.org/@types/pvutils/-/pvutils-0.0.2.tgz",
			"integrity": "sha512-CgQAm7pjyeF3Gnv78ty4RBVIfluB+Td+2DR8iPaU0prF18pkzptHHP+DoKPfpsJYknKsVZyVsJEu5AuGgAqQ5w==",
			"dev": true
		},
		"@webreflection/interface": {
			"version": "0.1.1",
			"resolved": "https://registry.npmjs.org/@webreflection/interface/-/interface-0.1.1.tgz",
			"integrity": "sha1-ryqR2vOBeWVgcqb5Lp+SEWWPhWY=",
			"dev": true
		},
		"asn1js": {
			"version": "2.0.26",
			"resolved": "https://registry.npmjs.org/asn1js/-/asn1js-2.0.26.tgz",
			"integrity": "sha512-yG89F0j9B4B0MKIcFyWWxnpZPLaNTjCj4tkE3fjbAoo0qmpGw0PYYqSbX/4ebnd9Icn8ZgK4K1fvDyEtW1JYtQ==",
			"dev": true,
			"requires": {
				"pvutils": "latest"
			}
		},
		"basichtml": {
			"version": "2.3.0",
			"resolved": "https://registry.npmjs.org/basichtml/-/basichtml-2.3.0.tgz",
			"integrity": "sha512-4OwuvFO4Lbcm+DquFlYMiEIvsrJtMNtEeG41k6swojGmQsfPnlunNuk6/xwUKYbyfXgAxiYFhJv3xT7FeQwh4A==",
			"dev": true,
			"requires": {
				"@webreflection/interface": "^0.1.1",
				"broadcast": "^3.0.0",
				"html-escaper": "^3.0.0",
				"htmlparser2": "^4.1.0"
			}
		},
		"broadcast": {
			"version": "3.0.0",
			"resolved": "https://registry.npmjs.org/broadcast/-/broadcast-3.0.0.tgz",
			"integrity": "sha512-q//26zihgUvAtvSBRD1xtk/9KBVNfiUrS8Phz8dN95Y5mqINO/gFT6181b4Yvhoeal3Aa9+rsFnKzA6a6UTHfg==",
			"dev": true
		},
		"css-mediaquery": {
			"version": "0.1.2",
			"resolved": "https://registry.npmjs.org/css-mediaquery/-/css-mediaquery-0.1.2.tgz",
			"integrity": "sha1-aiw3NEkoYYYxxUvTPO3TAdoYvqA=",
			"dev": true
		},
		"dom-serializer": {
			"version": "0.2.2",
			"resolved": "https://registry.npmjs.org/dom-serializer/-/dom-serializer-0.2.2.tgz",
			"integrity": "sha512-2/xPb3ORsQ42nHYiSunXkDjPLBaEj/xTwUO4B7XCZQTRk7EBtTOPaygh10YAAh2OI1Qrp6NWfpAhzswj0ydt9g==",
			"dev": true,
			"requires": {
				"domelementtype": "^2.0.1",
				"entities": "^2.0.0"
			}
		},
		"domelementtype": {
			"version": "2.0.1",
			"resolved": "https://registry.npmjs.org/domelementtype/-/domelementtype-2.0.1.tgz",
			"integrity": "sha512-5HOHUDsYZWV8FGWN0Njbr/Rn7f/eWSQi1v7+HsUVwXgn8nWWlL64zKDkS0n8ZmQ3mlWOMuXOnR+7Nx/5tMO5AQ==",
			"dev": true
		},
		"domhandler": {
			"version": "3.0.0",
			"resolved": "https://registry.npmjs.org/domhandler/-/domhandler-3.0.0.tgz",
			"integrity": "sha512-eKLdI5v9m67kbXQbJSNn1zjh0SDzvzWVWtX+qEI3eMjZw8daH9k8rlj1FZY9memPwjiskQFbe7vHVVJIAqoEhw==",
			"dev": true,
			"requires": {
				"domelementtype": "^2.0.1"
			}
		},
		"domutils": {
			"version": "2.1.0",
			"resolved": "https://registry.npmjs.org/domutils/-/domutils-2.1.0.tgz",
			"integrity": "sha512-CD9M0Dm1iaHfQ1R/TI+z3/JWp/pgub0j4jIQKH89ARR4ATAV2nbaOQS5XxU9maJP5jHaPdDDQSEHuE2UmpUTKg==",
			"dev": true,
			"requires": {
				"dom-serializer": "^0.2.1",
				"domelementtype": "^2.0.1",
				"domhandler": "^3.0.0"
			}
		},
		"entities": {
			"version": "2.0.2",
			"resolved": "https://registry.npmjs.org/entities/-/entities-2.0.2.tgz",
			"integrity": "sha512-dmD3AvJQBUjKpcNkoqr+x+IF0SdRtPz9Vk0uTy4yWqga9ibB6s4v++QFWNohjiUGoMlF552ZvNyXDxz5iW0qmw==",
			"dev": true
		},
		"html-escaper": {
			"version": "3.0.0",
			"resolved": "https://registry.npmjs.org/html-escaper/-/html-escaper-3.0.0.tgz",
			"integrity": "sha512-69CofXDozHqdHDl1BZ3YiFp5rYN1qTwSXIVcBhVcZNkzj1vzx6Sko1nT58mzKip19DbKo8lHR9hf6/XeZ9+s3w==",
			"dev": true
		},
		"htmlparser2": {
			"version": "4.1.0",
			"resolved": "https://registry.npmjs.org/htmlparser2/-/htmlparser2-4.1.0.tgz",
			"integrity": "sha512-4zDq1a1zhE4gQso/c5LP1OtrhYTncXNSpvJYtWJBtXAETPlMfi3IFNjGuQbYLuVY4ZR0QMqRVvo4Pdy9KLyP8Q==",
			"dev": true,
			"requires": {
				"domelementtype": "^2.0.1",
				"domhandler": "^3.0.0",
				"domutils": "^2.0.0",
				"entities": "^2.0.0"
			}
		},
		"pvtsutils": {
			"version": "1.0.11",
			"resolved": "https://registry.npmjs.org/pvtsutils/-/pvtsutils-1.0.11.tgz",
			"integrity": "sha512-k040UEiUms7Ey8fwRvCBvlqcuOxK9IMBnnmIijk0jkAs+gdZQkayenRQ1a2Z574i2HyFVyJ+zwomZc5QEjzewg==",
			"dev": true
		},
		"pvutils": {
			"version": "1.0.17",
			"resolved": "https://registry.npmjs.org/pvutils/-/pvutils-1.0.17.tgz",
			"integrity": "sha512-wLHYUQxWaXVQvKnwIDWFVKDJku9XDCvyhhxoq8dc5MFdIlRenyPI9eSfEtcvgHgD7FlvCyGAlWgOzRnZD99GZQ==",
			"dev": true
		},
		"tslib": {
			"version": "2.0.1",
			"resolved": "https://registry.npmjs.org/tslib/-/tslib-2.0.1.tgz",
			"integrity": "sha512-SgIkNheinmEBgx1IUNirK0TUD4X9yjjBRTqqjggWCU3pUEqIk3/Uwl3yRixYKT6WjQuGiwDv4NomL3wqRCj+CQ=="
		},
		"webcrypto-core": {
			"version": "1.1.6",
			"resolved": "https://registry.npmjs.org/webcrypto-core/-/webcrypto-core-1.1.6.tgz",
			"integrity": "sha512-v74QssvJYBfQ5b5yZHgivEfZrZCE8ybJVvpWO0wGSU7jdiYdhAnUYmXOvzLkQCWH4DcGe7weEwV//6Z60dy8AA==",
			"dev": true,
			"requires": {
				"@peculiar/asn1-schema": "^2.0.12",
				"@peculiar/json-schema": "^1.1.12",
				"asn1js": "^2.0.26",
				"pvtsutils": "^1.0.11",
				"tslib": "^2.0.1"
			}
		}
	}
}
