{
	"name": "@typed/dom",
	"version": "7.6.4",
	"lockfileVersion": 1,
	"requires": true,
	"dependencies": {
		"@peculiar/asn1-schema": {
			"version": "2.0.8",
			"resolved": "https://registry.npmjs.org/@peculiar/asn1-schema/-/asn1-schema-2.0.8.tgz",
			"integrity": "sha512-D8ZqT61DdzuXfrILNvtdf7MUcTY2o9WHwmF0WgTKPEGNY5SDxNAjBY3enuwV9SXcSuCAwWac9c9v0vsswB1NIw==",
			"dev": true,
			"requires": {
				"@types/asn1js": "^0.0.1",
				"asn1js": "^2.0.26",
				"pvtsutils": "^1.0.10",
				"tslib": "^1.11.1"
			},
			"dependencies": {
				"tslib": {
					"version": "1.13.0",
					"resolved": "https://registry.npmjs.org/tslib/-/tslib-1.13.0.tgz",
					"integrity": "sha512-i/6DQjL8Xf3be4K/E6Wgpekn5Qasl1usyw++dAA35Ue5orEn65VIxOA+YvNNl9HV3qv70T7CNwjODHZrLwvd1Q==",
					"dev": true
				}
			}
		},
		"@peculiar/json-schema": {
			"version": "1.1.10",
			"resolved": "https://registry.npmjs.org/@peculiar/json-schema/-/json-schema-1.1.10.tgz",
			"integrity": "sha512-kbpnG9CkF1y6wwGkW7YtSA+yYK4X5uk4rAwsd1hxiaYE3Hkw2EsGlbGh/COkMLyFf+Fe830BoFiMSB3QnC/ItA==",
			"dev": true,
			"requires": {
				"tslib": "^1.11.1"
			},
			"dependencies": {
				"tslib": {
					"version": "1.13.0",
					"resolved": "https://registry.npmjs.org/tslib/-/tslib-1.13.0.tgz",
					"integrity": "sha512-i/6DQjL8Xf3be4K/E6Wgpekn5Qasl1usyw++dAA35Ue5orEn65VIxOA+YvNNl9HV3qv70T7CNwjODHZrLwvd1Q==",
					"dev": true
				}
			}
		},
		"@peculiar/webcrypto": {
			"version": "1.1.2",
			"resolved": "https://registry.npmjs.org/@peculiar/webcrypto/-/webcrypto-1.1.2.tgz",
			"integrity": "sha512-BkgD5iH2n3+Fdd/+xfhac8VbISo4MPvECPhK1kRpuYC7PnhxaJe2rpU7B4udvMeEL8lhJlvCWybo8Y7A29u/xQ==",
			"dev": true,
			"requires": {
				"@peculiar/asn1-schema": "^2.0.8",
				"@peculiar/json-schema": "^1.1.10",
				"pvtsutils": "^1.0.10",
				"tslib": "^2.0.0",
				"webcrypto-core": "^1.1.2"
			}
		},
		"@types/asn1js": {
			"version": "0.0.1",
			"resolved": "https://registry.npmjs.org/@types/asn1js/-/asn1js-0.0.1.tgz",
			"integrity": "sha1-74uflwjLFjKhw6nNJ3F8qr55O8I=",
			"dev": true,
			"requires": {
				"@types/pvutils": "*"
			}
		},
		"@types/pvutils": {
			"version": "0.0.2",
			"resolved": "https://registry.npmjs.org/@types/pvutils/-/pvutils-0.0.2.tgz",
			"integrity": "sha512-CgQAm7pjyeF3Gnv78ty4RBVIfluB+Td+2DR8iPaU0prF18pkzptHHP+DoKPfpsJYknKsVZyVsJEu5AuGgAqQ5w==",
			"dev": true
		},
		"@webreflection/interface": {
			"version": "0.1.1",
			"resolved": "https://registry.npmjs.org/@webreflection/interface/-/interface-0.1.1.tgz",
			"integrity": "sha1-ryqR2vOBeWVgcqb5Lp+SEWWPhWY=",
			"dev": true
		},
		"asn1js": {
			"version": "2.0.26",
			"resolved": "https://registry.npmjs.org/asn1js/-/asn1js-2.0.26.tgz",
			"integrity": "sha512-yG89F0j9B4B0MKIcFyWWxnpZPLaNTjCj4tkE3fjbAoo0qmpGw0PYYqSbX/4ebnd9Icn8ZgK4K1fvDyEtW1JYtQ==",
			"dev": true,
			"requires": {
				"pvutils": "^1.0.17"
			}
		},
		"basichtml": {
			"version": "2.3.0",
			"resolved": "https://registry.npmjs.org/basichtml/-/basichtml-2.3.0.tgz",
			"integrity": "sha512-4OwuvFO4Lbcm+DquFlYMiEIvsrJtMNtEeG41k6swojGmQsfPnlunNuk6/xwUKYbyfXgAxiYFhJv3xT7FeQwh4A==",
			"dev": true,
			"requires": {
				"@webreflection/interface": "^0.1.1",
				"broadcast": "^3.0.0",
				"html-escaper": "^3.0.0",
				"htmlparser2": "^4.1.0"
			}
		},
		"broadcast": {
			"version": "3.0.0",
			"resolved": "https://registry.npmjs.org/broadcast/-/broadcast-3.0.0.tgz",
			"integrity": "sha512-q//26zihgUvAtvSBRD1xtk/9KBVNfiUrS8Phz8dN95Y5mqINO/gFT6181b4Yvhoeal3Aa9+rsFnKzA6a6UTHfg==",
			"dev": true
		},
		"css-mediaquery": {
			"version": "0.1.2",
			"resolved": "https://registry.npmjs.org/css-mediaquery/-/css-mediaquery-0.1.2.tgz",
			"integrity": "sha1-aiw3NEkoYYYxxUvTPO3TAdoYvqA=",
			"dev": true
		},
		"dom-serializer": {
			"version": "0.2.2",
			"resolved": "https://registry.npmjs.org/dom-serializer/-/dom-serializer-0.2.2.tgz",
			"integrity": "sha512-2/xPb3ORsQ42nHYiSunXkDjPLBaEj/xTwUO4B7XCZQTRk7EBtTOPaygh10YAAh2OI1Qrp6NWfpAhzswj0ydt9g==",
			"dev": true,
			"requires": {
				"domelementtype": "^2.0.1",
				"entities": "^2.0.0"
			}
		},
		"domelementtype": {
			"version": "2.0.1",
			"resolved": "https://registry.npmjs.org/domelementtype/-/domelementtype-2.0.1.tgz",
			"integrity": "sha512-5HOHUDsYZWV8FGWN0Njbr/Rn7f/eWSQi1v7+HsUVwXgn8nWWlL64zKDkS0n8ZmQ3mlWOMuXOnR+7Nx/5tMO5AQ==",
			"dev": true
		},
		"domhandler": {
			"version": "3.0.0",
			"resolved": "https://registry.npmjs.org/domhandler/-/domhandler-3.0.0.tgz",
			"integrity": "sha512-eKLdI5v9m67kbXQbJSNn1zjh0SDzvzWVWtX+qEI3eMjZw8daH9k8rlj1FZY9memPwjiskQFbe7vHVVJIAqoEhw==",
			"dev": true,
			"requires": {
				"domelementtype": "^2.0.1"
			}
		},
		"domutils": {
			"version": "2.1.0",
			"resolved": "https://registry.npmjs.org/domutils/-/domutils-2.1.0.tgz",
			"integrity": "sha512-CD9M0Dm1iaHfQ1R/TI+z3/JWp/pgub0j4jIQKH89ARR4ATAV2nbaOQS5XxU9maJP5jHaPdDDQSEHuE2UmpUTKg==",
			"dev": true,
			"requires": {
				"dom-serializer": "^0.2.1",
				"domelementtype": "^2.0.1",
				"domhandler": "^3.0.0"
			}
		},
		"entities": {
			"version": "2.0.2",
			"resolved": "https://registry.npmjs.org/entities/-/entities-2.0.2.tgz",
			"integrity": "sha512-dmD3AvJQBUjKpcNkoqr+x+IF0SdRtPz9Vk0uTy4yWqga9ibB6s4v++QFWNohjiUGoMlF552ZvNyXDxz5iW0qmw==",
			"dev": true
		},
		"html-escaper": {
			"version": "3.0.0",
			"resolved": "https://registry.npmjs.org/html-escaper/-/html-escaper-3.0.0.tgz",
			"integrity": "sha512-69CofXDozHqdHDl1BZ3YiFp5rYN1qTwSXIVcBhVcZNkzj1vzx6Sko1nT58mzKip19DbKo8lHR9hf6/XeZ9+s3w==",
			"dev": true
		},
		"htmlparser2": {
			"version": "4.1.0",
			"resolved": "https://registry.npmjs.org/htmlparser2/-/htmlparser2-4.1.0.tgz",
			"integrity": "sha512-4zDq1a1zhE4gQso/c5LP1OtrhYTncXNSpvJYtWJBtXAETPlMfi3IFNjGuQbYLuVY4ZR0QMqRVvo4Pdy9KLyP8Q==",
			"dev": true,
			"requires": {
				"domelementtype": "^2.0.1",
				"domhandler": "^3.0.0",
				"domutils": "^2.0.0",
				"entities": "^2.0.0"
			}
		},
		"pvtsutils": {
			"version": "1.0.10",
			"resolved": "https://registry.npmjs.org/pvtsutils/-/pvtsutils-1.0.10.tgz",
			"integrity": "sha512-8ZKQcxnZKTn+fpDh7wL4yKax5fdl3UJzT8Jv49djZpB/dzPxacyN1Sez90b6YLdOmvIr9vaySJ5gw4aUA1EdSw==",
			"dev": true,
			"requires": {
				"tslib": "^1.10.0"
			},
			"dependencies": {
				"tslib": {
					"version": "1.13.0",
					"resolved": "https://registry.npmjs.org/tslib/-/tslib-1.13.0.tgz",
					"integrity": "sha512-i/6DQjL8Xf3be4K/E6Wgpekn5Qasl1usyw++dAA35Ue5orEn65VIxOA+YvNNl9HV3qv70T7CNwjODHZrLwvd1Q==",
					"dev": true
				}
			}
		},
		"pvutils": {
			"version": "1.0.17",
			"resolved": "https://registry.npmjs.org/pvutils/-/pvutils-1.0.17.tgz",
			"integrity": "sha512-wLHYUQxWaXVQvKnwIDWFVKDJku9XDCvyhhxoq8dc5MFdIlRenyPI9eSfEtcvgHgD7FlvCyGAlWgOzRnZD99GZQ==",
			"dev": true
		},
		"tslib": {
			"version": "2.0.0",
			"resolved": "https://registry.npmjs.org/tslib/-/tslib-2.0.0.tgz",
			"integrity": "sha512-lTqkx847PI7xEDYJntxZH89L2/aXInsyF2luSafe/+0fHOMjlBNXdH6th7f70qxLDhul7KZK0zC8V5ZIyHl0/g==",
			"dev": true
		},
		"webcrypto-core": {
			"version": "1.1.2",
			"resolved": "https://registry.npmjs.org/webcrypto-core/-/webcrypto-core-1.1.2.tgz",
			"integrity": "sha512-LxM/dTcXr/ZnwwKLox0tGEOIqvP7KIJ4Hk/fFPX20tr1EgqTmpEFZinmu4FzoGVbs6e4jI1priQKCDrOBD3L6w==",
			"dev": true,
			"requires": {
				"@peculiar/asn1-schema": "^2.0.1",
				"@peculiar/json-schema": "^1.1.10",
				"asn1js": "^2.0.26",
				"pvtsutils": "^1.0.10",
				"tslib": "^1.11.2"
			},
			"dependencies": {
				"tslib": {
					"version": "1.13.0",
					"resolved": "https://registry.npmjs.org/tslib/-/tslib-1.13.0.tgz",
					"integrity": "sha512-i/6DQjL8Xf3be4K/E6Wgpekn5Qasl1usyw++dAA35Ue5orEn65VIxOA+YvNNl9HV3qv70T7CNwjODHZrLwvd1Q==",
					"dev": true
				}
			}
		}
	}
}
