{
  "name": "@typed/dom",
  "version": "0.0.1-alpha.177+f2959b1",
  "lockfileVersion": 1,
  "requires": true,
  "dependencies": {
    "@ungap/create-content": {
      "version": "0.1.4",
      "resolved": "https://registry.npmjs.org/@ungap/create-content/-/create-content-0.1.4.tgz",
      "integrity": "sha512-YM6YQkF5wUxJlw5yDzEAzJfPK/kXR/GxIARx4NNJCInfx/nirHmy3ujPjfi7CaXjcVCwyfpv3vKQm6h762lbRA=="
    },
    "@ungap/custom-event": {
      "version": "0.2.0",
      "resolved": "https://registry.npmjs.org/@ungap/custom-event/-/custom-event-0.2.0.tgz",
      "integrity": "sha512-jovJx+4IaAL8JAzepJXDBVlS9t9mR3vKbbjcHwHCF+sN0KKCYQ2pNVAlQYiRrPqeNBl5VXU7uUDOKBg9ODB+0Q=="
    },
    "@ungap/essential-map": {
      "version": "0.1.7",
      "resolved": "https://registry.npmjs.org/@ungap/essential-map/-/essential-map-0.1.7.tgz",
      "integrity": "sha512-zkugZ6xxu0tHHTOfoce5B7ax2anIRP7hGIwKh5MEWH5mWPNXLigxEubkKv5WLUsFELCdKaMfjdqfI0H0/tLhpw=="
    },
    "@ungap/import-node": {
      "version": "0.1.0",
      "resolved": "https://registry.npmjs.org/@ungap/import-node/-/import-node-0.1.0.tgz",
      "integrity": "sha512-FymNeJTWYNrZcnj7HFJwdaAZWrD1bUv8Na60RGIA142qtaRcOZs0KHGh+QSy7u7GNpW6wGnw9EdCQx4IYPE8cg=="
    },
    "@ungap/template-literal": {
      "version": "0.4.0",
      "resolved": "https://registry.npmjs.org/@ungap/template-literal/-/template-literal-0.4.0.tgz",
      "integrity": "sha512-EjYB6WjrUJWUUQfhf+VYKJKBahVvWkJRyf6nC7CUkmbrfC+VKV3QRjypv+yY5Eh1haGDj6xDM1Mw+dtI4878nA==",
      "requires": {
        "@ungap/weakmap": "^0.1.4"
      }
    },
    "@ungap/template-tag-arguments": {
      "version": "0.3.0",
      "resolved": "https://registry.npmjs.org/@ungap/template-tag-arguments/-/template-tag-arguments-0.3.0.tgz",
      "integrity": "sha512-yJobqBniOQ50jGUQJHPT/0/ZZ/Ibnj/7e+Abn63aGX7OmRV609gKfQo8Jr20wx5hRrOMHsNxQGE5hhT6E2jhRQ==",
      "requires": {
        "@ungap/template-literal": "^0.4.0"
      }
    },
    "@ungap/trim": {
      "version": "0.1.1",
      "resolved": "https://registry.npmjs.org/@ungap/trim/-/trim-0.1.1.tgz",
      "integrity": "sha512-f2jiPMFD8qmoNV5kxZ6RwSwmnloxtGUcG3W5Fbe9rC3vwXlPxWT0g5J0mN3+rM9C/u1p24gIVTSxNBPOtyu7Sw=="
    },
    "@ungap/weakmap": {
      "version": "0.1.4",
      "resolved": "https://registry.npmjs.org/@ungap/weakmap/-/weakmap-0.1.4.tgz",
      "integrity": "sha512-TO4TTwlQXdjHKoWgKxsMqApnOV8JruaNilqOg0I04MTYb5+fj9taIVijS4ILwWg0ytQY5DwTKzPWj+0G+7bsXw=="
    },
    "@ungap/weakset": {
      "version": "0.1.5",
      "resolved": "https://registry.npmjs.org/@ungap/weakset/-/weakset-0.1.5.tgz",
      "integrity": "sha512-C8hEf9h8OjdiOkO4onVTRld6ssMGma9rkaXw6k97p2Hi9PRIHJHV9evEqFy2VVS+koLtTw4Bf4qFOwTGobazkA=="
    },
    "augmentor": {
      "version": "0.2.6",
      "resolved": "https://registry.npmjs.org/augmentor/-/augmentor-0.2.6.tgz",
      "integrity": "sha512-j3XvUAbwNTtfRBTkD0O+G4p1XOf6EqWZriqPafP/kv9kMRDqnAbcWkt0FEG9dNKfvGPVXxnR/5lOKZrwmblesA=="
    },
    "disconnected": {
      "version": "0.2.1",
      "resolved": "https://registry.npmjs.org/disconnected/-/disconnected-0.2.1.tgz",
      "integrity": "sha512-483TUpj4dA7Ye42xrErztbw3PKpkboPf1aB9mG4+S+RGGxFVv72hQBbS8MqN8LZLWHzfcmk2tMTRR5CoyxNglg=="
    },
    "dom-augmentor": {
      "version": "0.3.1",
      "resolved": "https://registry.npmjs.org/dom-augmentor/-/dom-augmentor-0.3.1.tgz",
      "integrity": "sha512-AZsFxGbG+oqUt4yjrW/boPnLGmSTLyLtqvsBdvtsOr9px8NXcFu8Mos0+vA6oThthPWiMppJhNf0TYlRPOIDYg==",
      "requires": {
        "@ungap/custom-event": "^0.2.0",
        "@ungap/weakset": "^0.1.5",
        "augmentor": "^0.2.6",
        "disconnected": "^0.2.0"
      }
    },
    "domconstants": {
      "version": "0.1.1",
      "resolved": "https://registry.npmjs.org/domconstants/-/domconstants-0.1.1.tgz",
      "integrity": "sha512-Pk4K6tLOzSh0cZDuh7TQivZtYLC6Z8dNissoDyy2tQoVNg8ewScxG3AVJO76kLcTta/u7bgEO6xbIR97MiInfA=="
    },
    "domdiff": {
      "version": "2.0.3",
      "resolved": "https://registry.npmjs.org/domdiff/-/domdiff-2.0.3.tgz",
      "integrity": "sha512-De9vNvWnTIhvNs95ZShYY7Bk8dBa4sQ5KS0evKqF5t5f0sywYiw3OmhDbPONoHDZ33toaZOFerZH/qsjeXCm0g==",
      "requires": {
        "@ungap/essential-map": "^0.1.7"
      }
    },
    "domsanitizer": {
      "version": "0.2.0",
      "resolved": "https://registry.npmjs.org/domsanitizer/-/domsanitizer-0.2.0.tgz",
      "integrity": "sha512-karqLj2RFQE+76vF4qTnPCfRim+QboJcxwM0v459Vr2NkiIBik/msR5tTq1yKviUePBz4J7VHK1Io3j6wSsq9Q==",
      "requires": {
        "domconstants": "^0.1.1"
      }
    },
    "domtagger": {
      "version": "0.4.0",
      "resolved": "https://registry.npmjs.org/domtagger/-/domtagger-0.4.0.tgz",
      "integrity": "sha512-9R0jbiIn6Pyr+0X+RgPrGBOdJTnIsM/arX7jCOAKyFu/FugwtKjg/gyI898uLnLELphEOk/nWyf+nGIPLLMxwQ==",
      "requires": {
        "@ungap/create-content": "^0.1.4",
        "@ungap/essential-map": "^0.1.7",
        "@ungap/import-node": "^0.1.0",
        "@ungap/trim": "^0.1.1",
        "@ungap/weakmap": "^0.1.4",
        "domconstants": "^0.1.1",
        "domsanitizer": "^0.2.0"
      }
    },
    "hyperhtml-style": {
      "version": "0.1.2",
      "resolved": "https://registry.npmjs.org/hyperhtml-style/-/hyperhtml-style-0.1.2.tgz",
      "integrity": "sha512-ZDRYNClEaqUS0a8RAED0nQRqWmZk7ctdyij3Iw/PqUUef6xhYO87nx9vJNuxg7Yc6J2FdJjXRKbB0iud2ZyzwQ=="
    },
    "hyperhtml-wire": {
      "version": "2.1.0",
      "resolved": "https://registry.npmjs.org/hyperhtml-wire/-/hyperhtml-wire-2.1.0.tgz",
      "integrity": "sha512-LqFs/MgvxyMVM8O3Fx7QcCDWWkga3JeMA7C1inHM71PIchupSyj2u/zG8Blw+KfJHIFmEsx09KxOrgykGqoopQ=="
    },
    "lighterhtml": {
      "version": "0.14.5",
      "resolved": "https://registry.npmjs.org/lighterhtml/-/lighterhtml-0.14.5.tgz",
      "integrity": "sha512-R54l+94GR47uqPm8sbQrcRi/4mb/36caZfHcW6+cJLzwq1TNXgP927pWctvMp6QB90+gW4E7JRHwjoNoZuaeSQ==",
      "requires": {
        "@ungap/create-content": "^0.1.4",
        "@ungap/template-tag-arguments": "^0.3.0",
        "@ungap/weakmap": "^0.1.4",
        "domdiff": "^2.0.3",
        "domtagger": "^0.4.0",
        "hyperhtml-style": "^0.1.2",
        "hyperhtml-wire": "^2.1.0"
      }
    }
  }
}
