{
  "name": "@typed/hooks",
  "version": "0.0.0",
  "lockfileVersion": 1,
  "requires": true,
  "dependencies": {
    "@typed/common": {
      "version": "1.0.1",
      "resolved": "https://registry.npmjs.org/@typed/common/-/common-1.0.1.tgz",
      "integrity": "sha512-RE/jDykuIEThaau7iR+BreNTRjNBhRl/h0AxKgtRFKsx/2x9uopEnVy6BlXwWPiLFIWFgZutwls384XGrNvUdw=="
    },
    "@typed/disposable": {
      "version": "1.0.1",
      "resolved": "https://registry.npmjs.org/@typed/disposable/-/disposable-1.0.1.tgz",
      "integrity": "sha512-nXSudcE0pmp/puzozLxe+2Zc7gCXEQ1na0fK2MXj0wX9rpphH8DHtG2I3MaKFi7BvR53SZdmJa8i6j+CbFynWA==",
      "requires": {
        "@typed/lambda": "^1.0.1"
      }
    },
    "@typed/lambda": {
      "version": "1.0.1",
      "resolved": "https://registry.npmjs.org/@typed/lambda/-/lambda-1.0.1.tgz",
      "integrity": "sha512-K+FF3UupbOzMOoAvE6g8q2PvEMYk7lBZRey1v1cb9UrH6IZReeM8lnGb5z8p20+kV1zNaK7/BS4wS6yS1PtDCA==",
      "requires": {
        "@typed/common": "^1.0.1"
      }
    },
    "@typed/list": {
      "version": "4.0.1",
      "resolved": "https://registry.npmjs.org/@typed/list/-/list-4.0.1.tgz",
      "integrity": "sha512-ZXNOQDAWu+/MKi6OL1APUUgR5veRyOBcW4rngBL4hQj5Q9AKHKXYkykWAuXGbeN/9z+mDO/rqwwqQ8A/FTSrpA==",
      "requires": {
        "@typed/common": "^1.0.1",
        "@typed/lambda": "^1.0.1",
        "@typed/logic": "^4.0.1",
        "@typed/math": "^4.0.1",
        "@typed/maybe": "^8.0.1",
        "@typed/tuple": "^1.0.1"
      }
    },
    "@typed/logic": {
      "version": "4.0.1",
      "resolved": "https://registry.npmjs.org/@typed/logic/-/logic-4.0.1.tgz",
      "integrity": "sha512-E0jFFsdvanXkYOzWPj/An35XTlwG1IcS3XHUIzwQ4GgtR89gRTl0YGB7xFUm3ayHQTI/E1nDmqthsRzK/PdhZQ==",
      "requires": {
        "@typed/common": "^1.0.1",
        "@typed/lambda": "^1.0.1",
        "@typed/maybe": "^8.0.1"
      }
    },
    "@typed/math": {
      "version": "4.0.1",
      "resolved": "https://registry.npmjs.org/@typed/math/-/math-4.0.1.tgz",
      "integrity": "sha512-d40SUgx7IvJsWBt/FEW30rzryBjkDQ5n0Mezyp7v9PKgrOX7V4GBAaIMJDPuH32gt1iTa9YImmOntYGOMv+SOQ==",
      "requires": {
        "@typed/lambda": "^1.0.1",
        "@typed/maybe": "^8.0.1"
      }
    },
    "@typed/maybe": {
      "version": "8.0.1",
      "resolved": "https://registry.npmjs.org/@typed/maybe/-/maybe-8.0.1.tgz",
      "integrity": "sha512-WRcZ2AvV1mDX0rfM30w23U9ukoR4O05EMOjIoDoZ/4aATy75wIanep2ePqi1twulmF8SwTvCd9t61YEb6ajlLw==",
      "requires": {
        "@typed/lambda": "^1.0.1"
      }
    },
    "@typed/timer": {
      "version": "1.0.1",
      "resolved": "https://registry.npmjs.org/@typed/timer/-/timer-1.0.1.tgz",
      "integrity": "sha512-arNDsJF07RPlcDPCdM3SnIdaC0GZAZ2euIPNV3eNYn1XmZ8c5S+KVqhXeqeTY+Kp4a4AV5BlofRu6Y+OBR4h2g==",
      "requires": {
        "@typed/common": "^1.0.1",
        "@typed/disposable": "^1.0.1",
        "@typed/lambda": "^1.0.1",
        "@typed/list": "^4.0.1"
      }
    },
    "@typed/tuple": {
      "version": "1.0.1",
      "resolved": "https://registry.npmjs.org/@typed/tuple/-/tuple-1.0.1.tgz",
      "integrity": "sha512-JUKU2TzTEdPdPs6qfACAfgc3gPahiukQpL5uI2+wXmE6H85AzGneJiRwNW7Z+b0IvM7KAvI7l0mijpQrDkDxTw==",
      "requires": {
        "@typed/lambda": "^1.0.1"
      }
    }
  }
}
