{
	"name": "@typed/streams",
	"version": "2.0.0",
	"lockfileVersion": 1,
	"requires": true,
	"dependencies": {
		"@most/core": {
			"version": "1.5.0",
			"resolved": "https://registry.npmjs.org/@most/core/-/core-1.5.0.tgz",
			"integrity": "sha512-cI8KTkjaipRVQvf4vrwhqNtY7cTzF9YaI85TU6mHEgjRMeTSS9qgBv6z6wXUePgnbwf11uVgSERZ8PZRDPE2HA==",
			"requires": {
				"@most/disposable": "^1.2.2",
				"@most/prelude": "^1.7.3",
				"@most/scheduler": "^1.2.3",
				"@most/types": "^1.0.2"
			}
		},
		"@most/disposable": {
			"version": "1.2.2",
			"resolved": "https://registry.npmjs.org/@most/disposable/-/disposable-1.2.2.tgz",
			"integrity": "sha512-05u3obo0sDuh1PGw1BS6VEhgJTLkPMyGHOAvSJMSk2tArgBvhMvjayl8fU4DEKO7r+3aTg7F9Stnr1T61578yQ==",
			"requires": {
				"@most/prelude": "^1.7.3",
				"@most/types": "^1.0.2"
			}
		},
		"@most/prelude": {
			"version": "1.7.3",
			"resolved": "https://registry.npmjs.org/@most/prelude/-/prelude-1.7.3.tgz",
			"integrity": "sha512-qWWEnA22UP1lzFfKx75XMut6DUUXGRKe7qv2k+Bgs7ju8lwb5RjsZYyQZ+VcsYvHcIavHKzseLlBMLOe2CvUZw=="
		},
		"@most/scheduler": {
			"version": "1.2.3",
			"resolved": "https://registry.npmjs.org/@most/scheduler/-/scheduler-1.2.3.tgz",
			"integrity": "sha512-OpykYNwUIe7/InAs0ftSIkQULJajM6ghmYDeJ0yv9xcLmi5NyAtOOyUdIxlfqi7xHWRiD2iQuuJXHGyqFsKCsw==",
			"requires": {
				"@most/prelude": "^1.7.3",
				"@most/types": "^1.0.2"
			}
		},
		"@most/types": {
			"version": "1.0.2",
			"resolved": "https://registry.npmjs.org/@most/types/-/types-1.0.2.tgz",
			"integrity": "sha512-ZVkDwaiuGVTXywADeJ3aUBsD41UURldIljlsSTMdiWfhVEOY7dsY8iq+9wFUjRZYjhnpn9tLiOHaqyjbxm1prg=="
		},
		"most-subject": {
			"version": "6.0.0",
			"resolved": "https://registry.npmjs.org/most-subject/-/most-subject-6.0.0.tgz",
			"integrity": "sha512-Fg55kwepLJ4l6tI/iOWaKDV0pNpsv0KMprr4skdZlKu292bN0xkT8zE12CybkVhivWlQP3QrweSk8eOKoJUMmA==",
			"requires": {
				"@most/core": "0.14.0",
				"@most/prelude": "1.6.4",
				"@most/types": "0.11.1"
			},
			"dependencies": {
				"@most/core": {
					"version": "0.14.0",
					"resolved": "https://registry.npmjs.org/@most/core/-/core-0.14.0.tgz",
					"integrity": "sha512-Ns8ckDZ7iGKfUgM9Ljp+fR2gnq71j5cAGXTWEDCSZH2KaLRfxs7pp0/oxljNN3aIvcQQcK1MD1Jf9mGo+aUiUA==",
					"requires": {
						"@most/disposable": "^0.13.1",
						"@most/prelude": "^1.6.4",
						"@most/scheduler": "^0.13.1",
						"@most/types": "^0.11.1"
					}
				},
				"@most/disposable": {
					"version": "0.13.1",
					"resolved": "https://registry.npmjs.org/@most/disposable/-/disposable-0.13.1.tgz",
					"integrity": "sha512-2Z89nEjdEJ6RvCzwyWZK6xv2avt2gY2NSkceemOQ869ggGDB2ZFA/ZMuyZag2KVoCyjb9zMOhfOgQw1gD/m9QA==",
					"requires": {
						"@most/prelude": "^1.6.4",
						"@most/types": "^0.11.1"
					}
				},
				"@most/prelude": {
					"version": "1.6.4",
					"resolved": "https://registry.npmjs.org/@most/prelude/-/prelude-1.6.4.tgz",
					"integrity": "sha512-RsT1xRIEc+rCCTZPL3v/tAC+dX1qt1q00ZofEtCJEMEsVg7zT+WLXiVQdhcRqqh4baQTYmDPArXrQWyd7GkqAA=="
				},
				"@most/scheduler": {
					"version": "0.13.1",
					"resolved": "https://registry.npmjs.org/@most/scheduler/-/scheduler-0.13.1.tgz",
					"integrity": "sha512-t14TLvEfUYPSLJQSLT/V5bQYxvKdLib8KFrz0hniOHZRoqyBgt6zhHKP1zywrEYQd9+sdhS5SZDnX9wAJ+xJxg==",
					"requires": {
						"@most/prelude": "^1.6.4",
						"@most/types": "^0.11.1"
					}
				},
				"@most/types": {
					"version": "0.11.1",
					"resolved": "https://registry.npmjs.org/@most/types/-/types-0.11.1.tgz",
					"integrity": "sha512-acP+xy7F4W50GAbpOmfdNgATPwCfMUSLmWEhUb4MHli9k0qAtN828LTVPgK3AsTBh/Fkx0TulbgW+H2t06BsKA=="
				}
			}
		}
	}
}
