{
	"name": "@typed/streams",
	"version": "6.7.0",
	"lockfileVersion": 2,
	"requires": true,
	"packages": {
		"": {
			"name": "@typed/streams",
			"version": "6.7.0",
			"license": "Parity-6.0.0",
			"dependencies": {
				"@most/core": "1.6.1",
				"@most/disposable": "1.3.0",
				"@most/scheduler": "^1.2.3",
				"@most/types": "1.1.0",
				"most-subject": "6.0.0"
			},
			"peerDependencies": {
				"tslib": "^2.0.0"
			}
		},
		"node_modules/@most/core": {
			"version": "1.6.1",
			"resolved": "https://registry.npmjs.org/@most/core/-/core-1.6.1.tgz",
			"integrity": "sha512-H989BS6v9QxSZRGPZlbomXTRpUU60iy76AHJoPveKtj27bE0Pv3mwMENRzNZijJK9ntUwhoJ0SYCoXaMCYuWEQ==",
			"dependencies": {
				"@most/disposable": "^1.3.0",
				"@most/prelude": "^1.8.0",
				"@most/scheduler": "^1.3.0",
				"@most/types": "^1.1.0"
			}
		},
		"node_modules/@most/core/node_modules/@most/prelude": {
			"version": "1.8.0",
			"resolved": "https://registry.npmjs.org/@most/prelude/-/prelude-1.8.0.tgz",
			"integrity": "sha512-t1CcURpZzfmBA6fEWwqmCqeNzWAj1w2WqEmCk/2yXMe/p8Ut000wFmVKMy8A1Rl9VVxZEZ5nBHd/pU0dR4bv/w=="
		},
		"node_modules/@most/core/node_modules/@most/scheduler": {
			"version": "1.3.0",
			"resolved": "https://registry.npmjs.org/@most/scheduler/-/scheduler-1.3.0.tgz",
			"integrity": "sha512-bbJGyhbZxNqlkVjP8+YT9wIVMvYnpzWOzV8jZueqlTH2PJWewH2f54YziZn7/wWa6AJdN03H1vb8Tbi9GcA/cw==",
			"dependencies": {
				"@most/prelude": "^1.8.0",
				"@most/types": "^1.1.0"
			}
		},
		"node_modules/@most/disposable": {
			"version": "1.3.0",
			"resolved": "https://registry.npmjs.org/@most/disposable/-/disposable-1.3.0.tgz",
			"integrity": "sha512-0lCve1GmWlZrvTGQpMgTFTHH6uRtzM31jyYTIN7303XX4KoLCLWw9L6hfTYLLBtge6s+QyiBQVokAhy2GjNAUQ==",
			"dependencies": {
				"@most/prelude": "^1.8.0",
				"@most/types": "^1.1.0"
			}
		},
		"node_modules/@most/disposable/node_modules/@most/prelude": {
			"version": "1.8.0",
			"resolved": "https://registry.npmjs.org/@most/prelude/-/prelude-1.8.0.tgz",
			"integrity": "sha512-t1CcURpZzfmBA6fEWwqmCqeNzWAj1w2WqEmCk/2yXMe/p8Ut000wFmVKMy8A1Rl9VVxZEZ5nBHd/pU0dR4bv/w=="
		},
		"node_modules/@most/disposable/node_modules/@most/types": {
			"version": "1.1.0",
			"resolved": "https://registry.npmjs.org/@most/types/-/types-1.1.0.tgz",
			"integrity": "sha512-v2trqAWu1jqP4Yd/CyI1O6mAeJyygK1uJOrFRpNPkPZIaYw4khA4EQe4WzcyOFKuXdiP8qAqaxGtXXJJ2LZdXg=="
		},
		"node_modules/@most/prelude": {
			"version": "1.7.3",
			"resolved": "https://registry.npmjs.org/@most/prelude/-/prelude-1.7.3.tgz",
			"integrity": "sha512-qWWEnA22UP1lzFfKx75XMut6DUUXGRKe7qv2k+Bgs7ju8lwb5RjsZYyQZ+VcsYvHcIavHKzseLlBMLOe2CvUZw=="
		},
		"node_modules/@most/scheduler": {
			"version": "1.2.3",
			"resolved": "https://registry.npmjs.org/@most/scheduler/-/scheduler-1.2.3.tgz",
			"integrity": "sha512-OpykYNwUIe7/InAs0ftSIkQULJajM6ghmYDeJ0yv9xcLmi5NyAtOOyUdIxlfqi7xHWRiD2iQuuJXHGyqFsKCsw==",
			"dependencies": {
				"@most/prelude": "^1.7.3",
				"@most/types": "^1.0.2"
			}
		},
		"node_modules/@most/types": {
			"version": "1.1.0",
			"resolved": "https://registry.npmjs.org/@most/types/-/types-1.1.0.tgz",
			"integrity": "sha512-v2trqAWu1jqP4Yd/CyI1O6mAeJyygK1uJOrFRpNPkPZIaYw4khA4EQe4WzcyOFKuXdiP8qAqaxGtXXJJ2LZdXg=="
		},
		"node_modules/most-subject": {
			"version": "6.0.0",
			"resolved": "https://registry.npmjs.org/most-subject/-/most-subject-6.0.0.tgz",
			"integrity": "sha512-Fg55kwepLJ4l6tI/iOWaKDV0pNpsv0KMprr4skdZlKu292bN0xkT8zE12CybkVhivWlQP3QrweSk8eOKoJUMmA==",
			"dependencies": {
				"@most/core": "0.14.0",
				"@most/prelude": "1.6.4",
				"@most/types": "0.11.1"
			}
		},
		"node_modules/most-subject/node_modules/@most/core": {
			"version": "0.14.0",
			"resolved": "https://registry.npmjs.org/@most/core/-/core-0.14.0.tgz",
			"integrity": "sha512-Ns8ckDZ7iGKfUgM9Ljp+fR2gnq71j5cAGXTWEDCSZH2KaLRfxs7pp0/oxljNN3aIvcQQcK1MD1Jf9mGo+aUiUA==",
			"dependencies": {
				"@most/disposable": "^0.13.1",
				"@most/prelude": "^1.6.4",
				"@most/scheduler": "^0.13.1",
				"@most/types": "^0.11.1"
			}
		},
		"node_modules/most-subject/node_modules/@most/disposable": {
			"version": "0.13.1",
			"resolved": "https://registry.npmjs.org/@most/disposable/-/disposable-0.13.1.tgz",
			"integrity": "sha512-2Z89nEjdEJ6RvCzwyWZK6xv2avt2gY2NSkceemOQ869ggGDB2ZFA/ZMuyZag2KVoCyjb9zMOhfOgQw1gD/m9QA==",
			"dependencies": {
				"@most/prelude": "^1.6.4",
				"@most/types": "^0.11.1"
			}
		},
		"node_modules/most-subject/node_modules/@most/prelude": {
			"version": "1.6.4",
			"resolved": "https://registry.npmjs.org/@most/prelude/-/prelude-1.6.4.tgz",
			"integrity": "sha512-RsT1xRIEc+rCCTZPL3v/tAC+dX1qt1q00ZofEtCJEMEsVg7zT+WLXiVQdhcRqqh4baQTYmDPArXrQWyd7GkqAA=="
		},
		"node_modules/most-subject/node_modules/@most/scheduler": {
			"version": "0.13.1",
			"resolved": "https://registry.npmjs.org/@most/scheduler/-/scheduler-0.13.1.tgz",
			"integrity": "sha512-t14TLvEfUYPSLJQSLT/V5bQYxvKdLib8KFrz0hniOHZRoqyBgt6zhHKP1zywrEYQd9+sdhS5SZDnX9wAJ+xJxg==",
			"dependencies": {
				"@most/prelude": "^1.6.4",
				"@most/types": "^0.11.1"
			}
		},
		"node_modules/most-subject/node_modules/@most/types": {
			"version": "0.11.1",
			"resolved": "https://registry.npmjs.org/@most/types/-/types-0.11.1.tgz",
			"integrity": "sha512-acP+xy7F4W50GAbpOmfdNgATPwCfMUSLmWEhUb4MHli9k0qAtN828LTVPgK3AsTBh/Fkx0TulbgW+H2t06BsKA=="
		},
		"node_modules/tslib": {
			"version": "2.4.0",
			"resolved": "https://registry.npmjs.org/tslib/-/tslib-2.4.0.tgz",
			"integrity": "sha512-d6xOpEDfsi2CZVlPQzGeux8XMwLT9hssAsaPYExaQMuYskwb+x1x7J371tWlbBdWHroy99KnVB6qIkUbs5X3UQ==",
			"peer": true
		}
	},
	"dependencies": {
		"@most/core": {
			"version": "1.6.1",
			"resolved": "https://registry.npmjs.org/@most/core/-/core-1.6.1.tgz",
			"integrity": "sha512-H989BS6v9QxSZRGPZlbomXTRpUU60iy76AHJoPveKtj27bE0Pv3mwMENRzNZijJK9ntUwhoJ0SYCoXaMCYuWEQ==",
			"requires": {
				"@most/disposable": "^1.3.0",
				"@most/prelude": "^1.8.0",
				"@most/scheduler": "^1.3.0",
				"@most/types": "^1.1.0"
			},
			"dependencies": {
				"@most/prelude": {
					"version": "1.8.0",
					"resolved": "https://registry.npmjs.org/@most/prelude/-/prelude-1.8.0.tgz",
					"integrity": "sha512-t1CcURpZzfmBA6fEWwqmCqeNzWAj1w2WqEmCk/2yXMe/p8Ut000wFmVKMy8A1Rl9VVxZEZ5nBHd/pU0dR4bv/w=="
				},
				"@most/scheduler": {
					"version": "1.3.0",
					"resolved": "https://registry.npmjs.org/@most/scheduler/-/scheduler-1.3.0.tgz",
					"integrity": "sha512-bbJGyhbZxNqlkVjP8+YT9wIVMvYnpzWOzV8jZueqlTH2PJWewH2f54YziZn7/wWa6AJdN03H1vb8Tbi9GcA/cw==",
					"requires": {
						"@most/prelude": "^1.8.0",
						"@most/types": "^1.1.0"
					}
				}
			}
		},
		"@most/disposable": {
			"version": "1.3.0",
			"resolved": "https://registry.npmjs.org/@most/disposable/-/disposable-1.3.0.tgz",
			"integrity": "sha512-0lCve1GmWlZrvTGQpMgTFTHH6uRtzM31jyYTIN7303XX4KoLCLWw9L6hfTYLLBtge6s+QyiBQVokAhy2GjNAUQ==",
			"requires": {
				"@most/prelude": "^1.8.0",
				"@most/types": "^1.1.0"
			},
			"dependencies": {
				"@most/prelude": {
					"version": "1.8.0",
					"resolved": "https://registry.npmjs.org/@most/prelude/-/prelude-1.8.0.tgz",
					"integrity": "sha512-t1CcURpZzfmBA6fEWwqmCqeNzWAj1w2WqEmCk/2yXMe/p8Ut000wFmVKMy8A1Rl9VVxZEZ5nBHd/pU0dR4bv/w=="
				},
				"@most/types": {
					"version": "1.1.0",
					"resolved": "https://registry.npmjs.org/@most/types/-/types-1.1.0.tgz",
					"integrity": "sha512-v2trqAWu1jqP4Yd/CyI1O6mAeJyygK1uJOrFRpNPkPZIaYw4khA4EQe4WzcyOFKuXdiP8qAqaxGtXXJJ2LZdXg=="
				}
			}
		},
		"@most/prelude": {
			"version": "1.7.3",
			"resolved": "https://registry.npmjs.org/@most/prelude/-/prelude-1.7.3.tgz",
			"integrity": "sha512-qWWEnA22UP1lzFfKx75XMut6DUUXGRKe7qv2k+Bgs7ju8lwb5RjsZYyQZ+VcsYvHcIavHKzseLlBMLOe2CvUZw=="
		},
		"@most/scheduler": {
			"version": "1.2.3",
			"resolved": "https://registry.npmjs.org/@most/scheduler/-/scheduler-1.2.3.tgz",
			"integrity": "sha512-OpykYNwUIe7/InAs0ftSIkQULJajM6ghmYDeJ0yv9xcLmi5NyAtOOyUdIxlfqi7xHWRiD2iQuuJXHGyqFsKCsw==",
			"requires": {
				"@most/prelude": "^1.7.3",
				"@most/types": "^1.0.2"
			}
		},
		"@most/types": {
			"version": "1.1.0",
			"resolved": "https://registry.npmjs.org/@most/types/-/types-1.1.0.tgz",
			"integrity": "sha512-v2trqAWu1jqP4Yd/CyI1O6mAeJyygK1uJOrFRpNPkPZIaYw4khA4EQe4WzcyOFKuXdiP8qAqaxGtXXJJ2LZdXg=="
		},
		"most-subject": {
			"version": "6.0.0",
			"resolved": "https://registry.npmjs.org/most-subject/-/most-subject-6.0.0.tgz",
			"integrity": "sha512-Fg55kwepLJ4l6tI/iOWaKDV0pNpsv0KMprr4skdZlKu292bN0xkT8zE12CybkVhivWlQP3QrweSk8eOKoJUMmA==",
			"requires": {
				"@most/core": "0.14.0",
				"@most/prelude": "1.6.4",
				"@most/types": "0.11.1"
			},
			"dependencies": {
				"@most/core": {
					"version": "0.14.0",
					"resolved": "https://registry.npmjs.org/@most/core/-/core-0.14.0.tgz",
					"integrity": "sha512-Ns8ckDZ7iGKfUgM9Ljp+fR2gnq71j5cAGXTWEDCSZH2KaLRfxs7pp0/oxljNN3aIvcQQcK1MD1Jf9mGo+aUiUA==",
					"requires": {
						"@most/disposable": "^0.13.1",
						"@most/prelude": "^1.6.4",
						"@most/scheduler": "^0.13.1",
						"@most/types": "^0.11.1"
					}
				},
				"@most/disposable": {
					"version": "0.13.1",
					"resolved": "https://registry.npmjs.org/@most/disposable/-/disposable-0.13.1.tgz",
					"integrity": "sha512-2Z89nEjdEJ6RvCzwyWZK6xv2avt2gY2NSkceemOQ869ggGDB2ZFA/ZMuyZag2KVoCyjb9zMOhfOgQw1gD/m9QA==",
					"requires": {
						"@most/prelude": "^1.6.4",
						"@most/types": "^0.11.1"
					}
				},
				"@most/prelude": {
					"version": "1.6.4",
					"resolved": "https://registry.npmjs.org/@most/prelude/-/prelude-1.6.4.tgz",
					"integrity": "sha512-RsT1xRIEc+rCCTZPL3v/tAC+dX1qt1q00ZofEtCJEMEsVg7zT+WLXiVQdhcRqqh4baQTYmDPArXrQWyd7GkqAA=="
				},
				"@most/scheduler": {
					"version": "0.13.1",
					"resolved": "https://registry.npmjs.org/@most/scheduler/-/scheduler-0.13.1.tgz",
					"integrity": "sha512-t14TLvEfUYPSLJQSLT/V5bQYxvKdLib8KFrz0hniOHZRoqyBgt6zhHKP1zywrEYQd9+sdhS5SZDnX9wAJ+xJxg==",
					"requires": {
						"@most/prelude": "^1.6.4",
						"@most/types": "^0.11.1"
					}
				},
				"@most/types": {
					"version": "0.11.1",
					"resolved": "https://registry.npmjs.org/@most/types/-/types-0.11.1.tgz",
					"integrity": "sha512-acP+xy7F4W50GAbpOmfdNgATPwCfMUSLmWEhUb4MHli9k0qAtN828LTVPgK3AsTBh/Fkx0TulbgW+H2t06BsKA=="
				}
			}
		},
		"tslib": {
			"version": "2.4.0",
			"resolved": "https://registry.npmjs.org/tslib/-/tslib-2.4.0.tgz",
			"integrity": "sha512-d6xOpEDfsi2CZVlPQzGeux8XMwLT9hssAsaPYExaQMuYskwb+x1x7J371tWlbBdWHroy99KnVB6qIkUbs5X3UQ==",
			"peer": true
		}
	}
}
