{
	"name": "@typed/crypto",
	"version": "1.0.0",
	"lockfileVersion": 1,
	"requires": true,
	"dependencies": {
		"@peculiar/asn1-schema": {
			"version": "1.0.5",
			"resolved": "https://registry.npmjs.org/@peculiar/asn1-schema/-/asn1-schema-1.0.5.tgz",
			"integrity": "sha512-rzzorGYnQNmVHleLvC8gJSbbdNYtg+EB9s075dHvwpxs10teXHYnRmTWhCVuWjbSVSofwdm7IYPtMTWTbcNUWA==",
			"dev": true,
			"requires": {
				"asn1js": "^2.0.26",
				"tslib": "^1.11.1"
			}
		},
		"@peculiar/json-schema": {
			"version": "1.1.9",
			"resolved": "https://registry.npmjs.org/@peculiar/json-schema/-/json-schema-1.1.9.tgz",
			"integrity": "sha512-F2ST2y/IQPgY+1QMw1Q33sqJbGDCeO3lGqI69SL3Hgo0++7iHqprUB1QyxB/A7bN3tuM65MBxoM2JLbwh42lsQ==",
			"dev": true,
			"requires": {
				"tslib": "^1.10.0"
			}
		},
		"@peculiar/webcrypto": {
			"version": "1.0.25",
			"resolved": "https://registry.npmjs.org/@peculiar/webcrypto/-/webcrypto-1.0.25.tgz",
			"integrity": "sha512-c/+KJJIw/R5mnsNLW0wlVZh7LKpYsnK5usdKCHztqs+X8LEXVzLeu1kB2L0sYEL+arDBM3VSPKGSmCJ8OLTNkQ==",
			"dev": true,
			"requires": {
				"@peculiar/asn1-schema": "^1.0.3",
				"@peculiar/json-schema": "^1.1.9",
				"asn1js": "^2.0.26",
				"pvtsutils": "^1.0.9",
				"tslib": "^1.11.1",
				"webcrypto-core": "^1.0.17"
			}
		},
		"asn1js": {
			"version": "2.0.26",
			"resolved": "https://registry.npmjs.org/asn1js/-/asn1js-2.0.26.tgz",
			"integrity": "sha512-yG89F0j9B4B0MKIcFyWWxnpZPLaNTjCj4tkE3fjbAoo0qmpGw0PYYqSbX/4ebnd9Icn8ZgK4K1fvDyEtW1JYtQ==",
			"dev": true,
			"requires": {
				"pvutils": "^1.0.17"
			}
		},
		"pvtsutils": {
			"version": "1.0.10",
			"resolved": "https://registry.npmjs.org/pvtsutils/-/pvtsutils-1.0.10.tgz",
			"integrity": "sha512-8ZKQcxnZKTn+fpDh7wL4yKax5fdl3UJzT8Jv49djZpB/dzPxacyN1Sez90b6YLdOmvIr9vaySJ5gw4aUA1EdSw==",
			"dev": true,
			"requires": {
				"tslib": "^1.10.0"
			}
		},
		"pvutils": {
			"version": "1.0.17",
			"resolved": "https://registry.npmjs.org/pvutils/-/pvutils-1.0.17.tgz",
			"integrity": "sha512-wLHYUQxWaXVQvKnwIDWFVKDJku9XDCvyhhxoq8dc5MFdIlRenyPI9eSfEtcvgHgD7FlvCyGAlWgOzRnZD99GZQ==",
			"dev": true
		},
		"tslib": {
			"version": "1.11.1",
			"resolved": "https://registry.npmjs.org/tslib/-/tslib-1.11.1.tgz",
			"integrity": "sha512-aZW88SY8kQbU7gpV19lN24LtXh/yD4ZZg6qieAJDDg+YBsJcSmLGK9QpnUjAKVG/xefmvJGd1WUmfpT/g6AJGA==",
			"dev": true
		},
		"webcrypto-core": {
			"version": "1.0.17",
			"resolved": "https://registry.npmjs.org/webcrypto-core/-/webcrypto-core-1.0.17.tgz",
			"integrity": "sha512-7jxTLgtM+TahBPErx/Dd2XvxFDfWJrHxjVeTSvIa4LSgiYrmCPlC2INiAMAfb8MbtHiwJKKqF5sPS0AWNjBbXw==",
			"dev": true,
			"requires": {
				"pvtsutils": "^1.0.9",
				"tslib": "^1.10.0"
			}
		}
	}
}
