{
	"name": "@typed/crypto",
	"version": "1.10.4",
	"lockfileVersion": 1,
	"requires": true,
	"dependencies": {
		"@peculiar/asn1-schema": {
			"version": "2.0.8",
			"resolved": "https://registry.npmjs.org/@peculiar/asn1-schema/-/asn1-schema-2.0.8.tgz",
			"integrity": "sha512-D8ZqT61DdzuXfrILNvtdf7MUcTY2o9WHwmF0WgTKPEGNY5SDxNAjBY3enuwV9SXcSuCAwWac9c9v0vsswB1NIw==",
			"dev": true,
			"requires": {
				"@types/asn1js": "^0.0.1",
				"asn1js": "^2.0.26",
				"pvtsutils": "^1.0.10",
				"tslib": "^1.11.1"
			},
			"dependencies": {
				"tslib": {
					"version": "1.13.0",
					"resolved": "https://registry.npmjs.org/tslib/-/tslib-1.13.0.tgz",
					"integrity": "sha512-i/6DQjL8Xf3be4K/E6Wgpekn5Qasl1usyw++dAA35Ue5orEn65VIxOA+YvNNl9HV3qv70T7CNwjODHZrLwvd1Q==",
					"dev": true
				}
			}
		},
		"@peculiar/json-schema": {
			"version": "1.1.10",
			"resolved": "https://registry.npmjs.org/@peculiar/json-schema/-/json-schema-1.1.10.tgz",
			"integrity": "sha512-kbpnG9CkF1y6wwGkW7YtSA+yYK4X5uk4rAwsd1hxiaYE3Hkw2EsGlbGh/COkMLyFf+Fe830BoFiMSB3QnC/ItA==",
			"dev": true,
			"requires": {
				"tslib": "^1.11.1"
			},
			"dependencies": {
				"tslib": {
					"version": "1.13.0",
					"resolved": "https://registry.npmjs.org/tslib/-/tslib-1.13.0.tgz",
					"integrity": "sha512-i/6DQjL8Xf3be4K/E6Wgpekn5Qasl1usyw++dAA35Ue5orEn65VIxOA+YvNNl9HV3qv70T7CNwjODHZrLwvd1Q==",
					"dev": true
				}
			}
		},
		"@peculiar/webcrypto": {
			"version": "1.1.2",
			"resolved": "https://registry.npmjs.org/@peculiar/webcrypto/-/webcrypto-1.1.2.tgz",
			"integrity": "sha512-BkgD5iH2n3+Fdd/+xfhac8VbISo4MPvECPhK1kRpuYC7PnhxaJe2rpU7B4udvMeEL8lhJlvCWybo8Y7A29u/xQ==",
			"dev": true,
			"requires": {
				"@peculiar/asn1-schema": "^2.0.8",
				"@peculiar/json-schema": "^1.1.10",
				"pvtsutils": "^1.0.10",
				"tslib": "^2.0.0",
				"webcrypto-core": "^1.1.2"
			}
		},
		"@types/asn1js": {
			"version": "0.0.1",
			"resolved": "https://registry.npmjs.org/@types/asn1js/-/asn1js-0.0.1.tgz",
			"integrity": "sha1-74uflwjLFjKhw6nNJ3F8qr55O8I=",
			"dev": true,
			"requires": {
				"@types/pvutils": "*"
			}
		},
		"@types/pvutils": {
			"version": "0.0.2",
			"resolved": "https://registry.npmjs.org/@types/pvutils/-/pvutils-0.0.2.tgz",
			"integrity": "sha512-CgQAm7pjyeF3Gnv78ty4RBVIfluB+Td+2DR8iPaU0prF18pkzptHHP+DoKPfpsJYknKsVZyVsJEu5AuGgAqQ5w==",
			"dev": true
		},
		"asn1js": {
			"version": "2.0.26",
			"resolved": "https://registry.npmjs.org/asn1js/-/asn1js-2.0.26.tgz",
			"integrity": "sha512-yG89F0j9B4B0MKIcFyWWxnpZPLaNTjCj4tkE3fjbAoo0qmpGw0PYYqSbX/4ebnd9Icn8ZgK4K1fvDyEtW1JYtQ==",
			"dev": true,
			"requires": {
				"pvutils": "^1.0.17"
			}
		},
		"pvtsutils": {
			"version": "1.0.10",
			"resolved": "https://registry.npmjs.org/pvtsutils/-/pvtsutils-1.0.10.tgz",
			"integrity": "sha512-8ZKQcxnZKTn+fpDh7wL4yKax5fdl3UJzT8Jv49djZpB/dzPxacyN1Sez90b6YLdOmvIr9vaySJ5gw4aUA1EdSw==",
			"dev": true,
			"requires": {
				"tslib": "^1.10.0"
			},
			"dependencies": {
				"tslib": {
					"version": "1.13.0",
					"resolved": "https://registry.npmjs.org/tslib/-/tslib-1.13.0.tgz",
					"integrity": "sha512-i/6DQjL8Xf3be4K/E6Wgpekn5Qasl1usyw++dAA35Ue5orEn65VIxOA+YvNNl9HV3qv70T7CNwjODHZrLwvd1Q==",
					"dev": true
				}
			}
		},
		"pvutils": {
			"version": "1.0.17",
			"resolved": "https://registry.npmjs.org/pvutils/-/pvutils-1.0.17.tgz",
			"integrity": "sha512-wLHYUQxWaXVQvKnwIDWFVKDJku9XDCvyhhxoq8dc5MFdIlRenyPI9eSfEtcvgHgD7FlvCyGAlWgOzRnZD99GZQ==",
			"dev": true
		},
		"tslib": {
			"version": "2.0.0",
			"resolved": "https://registry.npmjs.org/tslib/-/tslib-2.0.0.tgz",
			"integrity": "sha512-lTqkx847PI7xEDYJntxZH89L2/aXInsyF2luSafe/+0fHOMjlBNXdH6th7f70qxLDhul7KZK0zC8V5ZIyHl0/g==",
			"dev": true
		},
		"webcrypto-core": {
			"version": "1.1.2",
			"resolved": "https://registry.npmjs.org/webcrypto-core/-/webcrypto-core-1.1.2.tgz",
			"integrity": "sha512-LxM/dTcXr/ZnwwKLox0tGEOIqvP7KIJ4Hk/fFPX20tr1EgqTmpEFZinmu4FzoGVbs6e4jI1priQKCDrOBD3L6w==",
			"dev": true,
			"requires": {
				"@peculiar/asn1-schema": "^2.0.1",
				"@peculiar/json-schema": "^1.1.10",
				"asn1js": "^2.0.26",
				"pvtsutils": "^1.0.10",
				"tslib": "^1.11.2"
			},
			"dependencies": {
				"tslib": {
					"version": "1.13.0",
					"resolved": "https://registry.npmjs.org/tslib/-/tslib-1.13.0.tgz",
					"integrity": "sha512-i/6DQjL8Xf3be4K/E6Wgpekn5Qasl1usyw++dAA35Ue5orEn65VIxOA+YvNNl9HV3qv70T7CNwjODHZrLwvd1Q==",
					"dev": true
				}
			}
		}
	}
}
