{
	"name": "@typed/crypto",
	"version": "1.10.4",
	"lockfileVersion": 1,
	"requires": true,
	"dependencies": {
		"@peculiar/asn1-schema": {
			"version": "2.0.3",
			"resolved": "https://registry.npmjs.org/@peculiar/asn1-schema/-/asn1-schema-2.0.3.tgz",
			"integrity": "sha512-STqC+Tfx2dTiIGRmokjsKOeqsfhoV6WaBwFr7BVicSfHLAVSPrZXiugyD8AELrjQdJ9INWpL3N7YSJyU5a1ZwA==",
			"dev": true,
			"requires": {
				"@types/asn1js": "^0.0.1",
				"asn1js": "^2.0.26",
				"pvtsutils": "^1.0.10",
				"tslib": "^1.11.1"
			}
		},
		"@peculiar/json-schema": {
			"version": "1.1.10",
			"resolved": "https://registry.npmjs.org/@peculiar/json-schema/-/json-schema-1.1.10.tgz",
			"integrity": "sha512-kbpnG9CkF1y6wwGkW7YtSA+yYK4X5uk4rAwsd1hxiaYE3Hkw2EsGlbGh/COkMLyFf+Fe830BoFiMSB3QnC/ItA==",
			"dev": true,
			"requires": {
				"tslib": "^1.11.1"
			}
		},
		"@peculiar/webcrypto": {
			"version": "1.1.1",
			"resolved": "https://registry.npmjs.org/@peculiar/webcrypto/-/webcrypto-1.1.1.tgz",
			"integrity": "sha512-Bu2XgOvzirnLcojZYs4KQ8hOLf2ETpa0NL6btQt5NgsAwctI6yVkzgYP+EcG7Mm579RBP+V0LM5rXyMlTVx23A==",
			"dev": true,
			"requires": {
				"@peculiar/asn1-schema": "^2.0.3",
				"@peculiar/json-schema": "^1.1.10",
				"pvtsutils": "^1.0.10",
				"tslib": "^1.11.2",
				"webcrypto-core": "^1.1.0"
			}
		},
		"@types/asn1js": {
			"version": "0.0.1",
			"resolved": "https://registry.npmjs.org/@types/asn1js/-/asn1js-0.0.1.tgz",
			"integrity": "sha1-74uflwjLFjKhw6nNJ3F8qr55O8I=",
			"dev": true,
			"requires": {
				"@types/pvutils": "*"
			}
		},
		"@types/pvutils": {
			"version": "0.0.1",
			"resolved": "https://registry.npmjs.org/@types/pvutils/-/pvutils-0.0.1.tgz",
			"integrity": "sha1-CSguqx2G/09IOAmYQYT0g2XNdY0=",
			"dev": true
		},
		"asn1js": {
			"version": "2.0.26",
			"resolved": "https://registry.npmjs.org/asn1js/-/asn1js-2.0.26.tgz",
			"integrity": "sha512-yG89F0j9B4B0MKIcFyWWxnpZPLaNTjCj4tkE3fjbAoo0qmpGw0PYYqSbX/4ebnd9Icn8ZgK4K1fvDyEtW1JYtQ==",
			"dev": true,
			"requires": {
				"pvutils": "^1.0.17"
			}
		},
		"pvtsutils": {
			"version": "1.0.10",
			"resolved": "https://registry.npmjs.org/pvtsutils/-/pvtsutils-1.0.10.tgz",
			"integrity": "sha512-8ZKQcxnZKTn+fpDh7wL4yKax5fdl3UJzT8Jv49djZpB/dzPxacyN1Sez90b6YLdOmvIr9vaySJ5gw4aUA1EdSw==",
			"dev": true,
			"requires": {
				"tslib": "^1.10.0"
			}
		},
		"pvutils": {
			"version": "1.0.17",
			"resolved": "https://registry.npmjs.org/pvutils/-/pvutils-1.0.17.tgz",
			"integrity": "sha512-wLHYUQxWaXVQvKnwIDWFVKDJku9XDCvyhhxoq8dc5MFdIlRenyPI9eSfEtcvgHgD7FlvCyGAlWgOzRnZD99GZQ==",
			"dev": true
		},
		"tslib": {
			"version": "1.11.2",
			"resolved": "https://registry.npmjs.org/tslib/-/tslib-1.11.2.tgz",
			"integrity": "sha512-tTSkux6IGPnUGUd1XAZHcpu85MOkIl5zX49pO+jfsie3eP0B6pyhOlLXm3cAC6T7s+euSDDUUV+Acop5WmtkVg==",
			"dev": true
		},
		"webcrypto-core": {
			"version": "1.1.0",
			"resolved": "https://registry.npmjs.org/webcrypto-core/-/webcrypto-core-1.1.0.tgz",
			"integrity": "sha512-nsqtUoG0CWgLCDnNxJ9QEABTewjx12yIRCYppaHBCe7EJIuUQwviBU6JwOiq7mra9Ue3RejCfLb8Mv8kzd0L1g==",
			"dev": true,
			"requires": {
				"@peculiar/asn1-schema": "^2.0.1",
				"@peculiar/json-schema": "^1.1.10",
				"asn1js": "^2.0.26",
				"pvtsutils": "^1.0.10",
				"tslib": "^1.11.2"
			}
		}
	}
}
