{
	"name": "@typed/asyncstorage",
	"version": "6.7.0",
	"lockfileVersion": 2,
	"requires": true,
	"packages": {
		"": {
			"name": "@typed/asyncstorage",
			"version": "6.7.0",
			"license": "Parity-6.0.0",
			"dependencies": {
				"fake-indexeddb": "^3.0.0"
			},
			"peerDependencies": {
				"tslib": "^2.0.0"
			}
		},
		"node_modules/base64-arraybuffer-es6": {
			"version": "0.5.0",
			"resolved": "https://registry.npmjs.org/base64-arraybuffer-es6/-/base64-arraybuffer-es6-0.5.0.tgz",
			"integrity": "sha512-UCIPaDJrNNj5jG2ZL+nzJ7czvZV/ZYX6LaIRgfVU1k1edJOQg7dkbiSKzwHkNp6aHEHER/PhlFBrMYnlvJJQEw==",
			"engines": {
				"node": ">= 0.6.0"
			},
			"peerDependencies": {
				"core-js-bundle": "^3.1.3"
			}
		},
		"node_modules/core-js": {
			"version": "2.6.11",
			"resolved": "https://registry.npmjs.org/core-js/-/core-js-2.6.11.tgz",
			"integrity": "sha512-5wjnpaT/3dV+XB4borEsnAYQchn00XSgTAWKDkEqv+K8KevjbzmofK6hfJ9TZIlpj2N0xQpazy7PiRQiWHqzWg==",
			"deprecated": "core-js@<3.23.3 is no longer maintained and not recommended for usage due to the number of issues. Because of the V8 engine whims, feature detection in old core-js versions could cause a slowdown up to 100x even if nothing is polyfilled. Some versions have web compatibility issues. Please, upgrade your dependencies to the actual version of core-js.",
			"hasInstallScript": true
		},
		"node_modules/domexception": {
			"version": "1.0.1",
			"resolved": "https://registry.npmjs.org/domexception/-/domexception-1.0.1.tgz",
			"integrity": "sha512-raigMkn7CJNNo6Ihro1fzG7wr3fHuYVytzquZKX5n0yizGsTcYgzdIUwj1X9pK0VvjeihV+XiclP+DjwbsSKug==",
			"dependencies": {
				"webidl-conversions": "^4.0.2"
			}
		},
		"node_modules/fake-indexeddb": {
			"version": "3.0.0",
			"resolved": "https://registry.npmjs.org/fake-indexeddb/-/fake-indexeddb-3.0.0.tgz",
			"integrity": "sha512-VrnV9dJWlVWvd8hp9MMR+JS4RLC4ZmToSkuCg91ZwpYE5mSODb3n5VEaV62Hf3AusnbrPfwQhukU+rGZm5W8PQ==",
			"dependencies": {
				"realistic-structured-clone": "^2.0.1",
				"setimmediate": "^1.0.5"
			}
		},
		"node_modules/lodash.sortby": {
			"version": "4.7.0",
			"resolved": "https://registry.npmjs.org/lodash.sortby/-/lodash.sortby-4.7.0.tgz",
			"integrity": "sha1-7dFMgk4sycHgsKG0K7UhBRakJDg="
		},
		"node_modules/punycode": {
			"version": "2.1.1",
			"resolved": "https://registry.npmjs.org/punycode/-/punycode-2.1.1.tgz",
			"integrity": "sha512-XRsRjdf+j5ml+y/6GKHPZbrF/8p2Yga0JPtdqTIY2Xe5ohJPD9saDJJLPvp9+NSBprVvevdXZybnj2cv8OEd0A==",
			"engines": {
				"node": ">=6"
			}
		},
		"node_modules/realistic-structured-clone": {
			"version": "2.0.2",
			"resolved": "https://registry.npmjs.org/realistic-structured-clone/-/realistic-structured-clone-2.0.2.tgz",
			"integrity": "sha512-5IEvyfuMJ4tjQOuKKTFNvd+H9GSbE87IcendSBannE28PTrbolgaVg5DdEApRKhtze794iXqVUFKV60GLCNKEg==",
			"dependencies": {
				"core-js": "^2.5.3",
				"domexception": "^1.0.1",
				"typeson": "^5.8.2",
				"typeson-registry": "^1.0.0-alpha.20"
			}
		},
		"node_modules/setimmediate": {
			"version": "1.0.5",
			"resolved": "https://registry.npmjs.org/setimmediate/-/setimmediate-1.0.5.tgz",
			"integrity": "sha1-KQy7Iy4waULX1+qbg3Mqt4VvgoU="
		},
		"node_modules/tr46": {
			"version": "1.0.1",
			"resolved": "https://registry.npmjs.org/tr46/-/tr46-1.0.1.tgz",
			"integrity": "sha1-qLE/1r/SSJUZZ0zN5VujaTtwbQk=",
			"dependencies": {
				"punycode": "^2.1.0"
			}
		},
		"node_modules/tslib": {
			"version": "2.4.0",
			"resolved": "https://registry.npmjs.org/tslib/-/tslib-2.4.0.tgz",
			"integrity": "sha512-d6xOpEDfsi2CZVlPQzGeux8XMwLT9hssAsaPYExaQMuYskwb+x1x7J371tWlbBdWHroy99KnVB6qIkUbs5X3UQ==",
			"peer": true
		},
		"node_modules/typeson": {
			"version": "5.18.1",
			"resolved": "https://registry.npmjs.org/typeson/-/typeson-5.18.1.tgz",
			"integrity": "sha512-4cVDwf4tT+9hpeQk22/ioQJXL8lN3AYlzJfJLBpB0MDPG7CGpbvxR0HBkQ6qp9T72/yzryP6k2HSVdxd3jF5qg==",
			"engines": {
				"node": ">=0.1.14"
			},
			"peerDependencies": {
				"core-js-bundle": "^3.5.0",
				"regenerator-runtime": "^0.13.3"
			}
		},
		"node_modules/typeson-registry": {
			"version": "1.0.0-alpha.33",
			"resolved": "https://registry.npmjs.org/typeson-registry/-/typeson-registry-1.0.0-alpha.33.tgz",
			"integrity": "sha512-q0jMkVizN10rzPtPcwkUC+pAOlA4iq4tl/GJ0iHDuMCnK3HxaN26bR/SczedswPBt0Pd+c0GjXZDDK+Cn2pgwg==",
			"dependencies": {
				"base64-arraybuffer-es6": "0.5.0",
				"typeson": "5.18.1",
				"whatwg-url": "7.1.0"
			},
			"engines": {
				"node": ">=6.0.0"
			}
		},
		"node_modules/webidl-conversions": {
			"version": "4.0.2",
			"resolved": "https://registry.npmjs.org/webidl-conversions/-/webidl-conversions-4.0.2.tgz",
			"integrity": "sha512-YQ+BmxuTgd6UXZW3+ICGfyqRyHXVlD5GtQr5+qjiNW7bF0cqrzX500HVXPBOvgXb5YnzDd+h0zqyv61KUD7+Sg=="
		},
		"node_modules/whatwg-url": {
			"version": "7.1.0",
			"resolved": "https://registry.npmjs.org/whatwg-url/-/whatwg-url-7.1.0.tgz",
			"integrity": "sha512-WUu7Rg1DroM7oQvGWfOiAK21n74Gg+T4elXEQYkOhtyLeWiJFoOGLXPKI/9gzIie9CtwVLm8wtw6YJdKyxSjeg==",
			"dependencies": {
				"lodash.sortby": "^4.7.0",
				"tr46": "^1.0.1",
				"webidl-conversions": "^4.0.2"
			}
		}
	},
	"dependencies": {
		"base64-arraybuffer-es6": {
			"version": "0.5.0",
			"resolved": "https://registry.npmjs.org/base64-arraybuffer-es6/-/base64-arraybuffer-es6-0.5.0.tgz",
			"integrity": "sha512-UCIPaDJrNNj5jG2ZL+nzJ7czvZV/ZYX6LaIRgfVU1k1edJOQg7dkbiSKzwHkNp6aHEHER/PhlFBrMYnlvJJQEw==",
			"requires": {}
		},
		"core-js": {
			"version": "2.6.11",
			"resolved": "https://registry.npmjs.org/core-js/-/core-js-2.6.11.tgz",
			"integrity": "sha512-5wjnpaT/3dV+XB4borEsnAYQchn00XSgTAWKDkEqv+K8KevjbzmofK6hfJ9TZIlpj2N0xQpazy7PiRQiWHqzWg=="
		},
		"domexception": {
			"version": "1.0.1",
			"resolved": "https://registry.npmjs.org/domexception/-/domexception-1.0.1.tgz",
			"integrity": "sha512-raigMkn7CJNNo6Ihro1fzG7wr3fHuYVytzquZKX5n0yizGsTcYgzdIUwj1X9pK0VvjeihV+XiclP+DjwbsSKug==",
			"requires": {
				"webidl-conversions": "^4.0.2"
			}
		},
		"fake-indexeddb": {
			"version": "3.0.0",
			"resolved": "https://registry.npmjs.org/fake-indexeddb/-/fake-indexeddb-3.0.0.tgz",
			"integrity": "sha512-VrnV9dJWlVWvd8hp9MMR+JS4RLC4ZmToSkuCg91ZwpYE5mSODb3n5VEaV62Hf3AusnbrPfwQhukU+rGZm5W8PQ==",
			"requires": {
				"realistic-structured-clone": "^2.0.1",
				"setimmediate": "^1.0.5"
			}
		},
		"lodash.sortby": {
			"version": "4.7.0",
			"resolved": "https://registry.npmjs.org/lodash.sortby/-/lodash.sortby-4.7.0.tgz",
			"integrity": "sha1-7dFMgk4sycHgsKG0K7UhBRakJDg="
		},
		"punycode": {
			"version": "2.1.1",
			"resolved": "https://registry.npmjs.org/punycode/-/punycode-2.1.1.tgz",
			"integrity": "sha512-XRsRjdf+j5ml+y/6GKHPZbrF/8p2Yga0JPtdqTIY2Xe5ohJPD9saDJJLPvp9+NSBprVvevdXZybnj2cv8OEd0A=="
		},
		"realistic-structured-clone": {
			"version": "2.0.2",
			"resolved": "https://registry.npmjs.org/realistic-structured-clone/-/realistic-structured-clone-2.0.2.tgz",
			"integrity": "sha512-5IEvyfuMJ4tjQOuKKTFNvd+H9GSbE87IcendSBannE28PTrbolgaVg5DdEApRKhtze794iXqVUFKV60GLCNKEg==",
			"requires": {
				"core-js": "^2.5.3",
				"domexception": "^1.0.1",
				"typeson": "^5.8.2",
				"typeson-registry": "^1.0.0-alpha.20"
			}
		},
		"setimmediate": {
			"version": "1.0.5",
			"resolved": "https://registry.npmjs.org/setimmediate/-/setimmediate-1.0.5.tgz",
			"integrity": "sha1-KQy7Iy4waULX1+qbg3Mqt4VvgoU="
		},
		"tr46": {
			"version": "1.0.1",
			"resolved": "https://registry.npmjs.org/tr46/-/tr46-1.0.1.tgz",
			"integrity": "sha1-qLE/1r/SSJUZZ0zN5VujaTtwbQk=",
			"requires": {
				"punycode": "^2.1.0"
			}
		},
		"tslib": {
			"version": "2.4.0",
			"resolved": "https://registry.npmjs.org/tslib/-/tslib-2.4.0.tgz",
			"integrity": "sha512-d6xOpEDfsi2CZVlPQzGeux8XMwLT9hssAsaPYExaQMuYskwb+x1x7J371tWlbBdWHroy99KnVB6qIkUbs5X3UQ==",
			"peer": true
		},
		"typeson": {
			"version": "5.18.1",
			"resolved": "https://registry.npmjs.org/typeson/-/typeson-5.18.1.tgz",
			"integrity": "sha512-4cVDwf4tT+9hpeQk22/ioQJXL8lN3AYlzJfJLBpB0MDPG7CGpbvxR0HBkQ6qp9T72/yzryP6k2HSVdxd3jF5qg==",
			"requires": {}
		},
		"typeson-registry": {
			"version": "1.0.0-alpha.33",
			"resolved": "https://registry.npmjs.org/typeson-registry/-/typeson-registry-1.0.0-alpha.33.tgz",
			"integrity": "sha512-q0jMkVizN10rzPtPcwkUC+pAOlA4iq4tl/GJ0iHDuMCnK3HxaN26bR/SczedswPBt0Pd+c0GjXZDDK+Cn2pgwg==",
			"requires": {
				"base64-arraybuffer-es6": "0.5.0",
				"typeson": "5.18.1",
				"whatwg-url": "7.1.0"
			}
		},
		"webidl-conversions": {
			"version": "4.0.2",
			"resolved": "https://registry.npmjs.org/webidl-conversions/-/webidl-conversions-4.0.2.tgz",
			"integrity": "sha512-YQ+BmxuTgd6UXZW3+ICGfyqRyHXVlD5GtQr5+qjiNW7bF0cqrzX500HVXPBOvgXb5YnzDd+h0zqyv61KUD7+Sg=="
		},
		"whatwg-url": {
			"version": "7.1.0",
			"resolved": "https://registry.npmjs.org/whatwg-url/-/whatwg-url-7.1.0.tgz",
			"integrity": "sha512-WUu7Rg1DroM7oQvGWfOiAK21n74Gg+T4elXEQYkOhtyLeWiJFoOGLXPKI/9gzIie9CtwVLm8wtw6YJdKyxSjeg==",
			"requires": {
				"lodash.sortby": "^4.7.0",
				"tr46": "^1.0.1",
				"webidl-conversions": "^4.0.2"
			}
		}
	}
}
