{
	"name": "@typed/render",
	"version": "4.0.0",
	"lockfileVersion": 2,
	"requires": true,
	"packages": {
		"": {
			"name": "@typed/render",
			"version": "4.0.0",
			"license": "Parity-6.0.0",
			"devDependencies": {
				"lighterhtml": "3.2.0",
				"mostly-html": "3.0.0"
			},
			"peerDependencies": {
				"tslib": "^2.0.0"
			}
		},
		"node_modules/@ungap/create-content": {
			"version": "0.2.0",
			"resolved": "https://registry.npmjs.org/@ungap/create-content/-/create-content-0.2.0.tgz",
			"integrity": "sha512-CvmX0Mr5PfFARDBbSef0B+SAqSeMKaHOG/twJi9nbPtp/MiNPgyBLqZndiyO3RXQ0RXy6TqwarvB6KWzTmc4MQ==",
			"dev": true
		},
		"node_modules/@ungap/import-node": {
			"version": "0.1.0",
			"resolved": "https://registry.npmjs.org/@ungap/import-node/-/import-node-0.1.0.tgz",
			"integrity": "sha512-FymNeJTWYNrZcnj7HFJwdaAZWrD1bUv8Na60RGIA142qtaRcOZs0KHGh+QSy7u7GNpW6wGnw9EdCQx4IYPE8cg==",
			"dev": true
		},
		"node_modules/@ungap/template-literal": {
			"version": "0.5.0",
			"resolved": "https://registry.npmjs.org/@ungap/template-literal/-/template-literal-0.5.0.tgz",
			"integrity": "sha512-tWdSrmSCavurMDT0A38ox11q29gjrN8NMEfY5Gjxw0BsZWKVzh781CAE9DGvCUZ5Zl33RrfIILKgEsg9Cv3rnw==",
			"dev": true,
			"dependencies": {
				"@ungap/weakmap": "^0.1.4"
			}
		},
		"node_modules/@ungap/template-literal/node_modules/@ungap/weakmap": {
			"version": "0.1.4",
			"resolved": "https://registry.npmjs.org/@ungap/weakmap/-/weakmap-0.1.4.tgz",
			"integrity": "sha512-TO4TTwlQXdjHKoWgKxsMqApnOV8JruaNilqOg0I04MTYb5+fj9taIVijS4ILwWg0ytQY5DwTKzPWj+0G+7bsXw==",
			"dev": true
		},
		"node_modules/@ungap/template-tag-arguments": {
			"version": "0.4.0",
			"resolved": "https://registry.npmjs.org/@ungap/template-tag-arguments/-/template-tag-arguments-0.4.0.tgz",
			"integrity": "sha512-jKEV99PnPkzbjXeWZUh0LTmKjt4IzWyaSaLeudouhljamrWy1gSZW8yisw+74JDkD0LRTz9MpZ7eS2NrJGcN0g==",
			"dev": true,
			"dependencies": {
				"@ungap/template-literal": "^0.5.0"
			}
		},
		"node_modules/@ungap/trim": {
			"version": "0.1.1",
			"resolved": "https://registry.npmjs.org/@ungap/trim/-/trim-0.1.1.tgz",
			"integrity": "sha512-f2jiPMFD8qmoNV5kxZ6RwSwmnloxtGUcG3W5Fbe9rC3vwXlPxWT0g5J0mN3+rM9C/u1p24gIVTSxNBPOtyu7Sw==",
			"dev": true
		},
		"node_modules/@ungap/weakmap": {
			"version": "0.2.0",
			"resolved": "https://registry.npmjs.org/@ungap/weakmap/-/weakmap-0.2.0.tgz",
			"integrity": "sha512-957g2TZ3drSeDjjSXlziKWqpDwuArTDz1PCqfDoCaG5UvbuzTqtzKi6KcnMT/nT3I4mdVaxyvGJttlxNxWgghg==",
			"dev": true
		},
		"node_modules/domconstants": {
			"version": "0.1.1",
			"resolved": "https://registry.npmjs.org/domconstants/-/domconstants-0.1.1.tgz",
			"integrity": "sha512-Pk4K6tLOzSh0cZDuh7TQivZtYLC6Z8dNissoDyy2tQoVNg8ewScxG3AVJO76kLcTta/u7bgEO6xbIR97MiInfA==",
			"dev": true
		},
		"node_modules/domdiff": {
			"version": "2.2.2",
			"resolved": "https://registry.npmjs.org/domdiff/-/domdiff-2.2.2.tgz",
			"integrity": "sha512-Pv7aH5JfjNIkLRKkah+T3Kd41Gy+7GU+5dmPsOZZXsCJ34QR1i7CCiWraUn1c/a40htShxAQ8mHJR2OqPd12+Q==",
			"dev": true,
			"dependencies": {
				"uarray": "^1.0.0"
			}
		},
		"node_modules/domsanitizer": {
			"version": "0.2.2",
			"resolved": "https://registry.npmjs.org/domsanitizer/-/domsanitizer-0.2.2.tgz",
			"integrity": "sha512-2nqCaLWi+tpT7oOa862BVrG7bHzYlWFZ5ltmvt4LXECxe5FnwF/zKGs/gWanZWGmv1pwdUTkO9TamoZMqI0Pmg==",
			"dev": true,
			"dependencies": {
				"domconstants": "^0.1.1"
			}
		},
		"node_modules/domtagger": {
			"version": "0.6.2",
			"resolved": "https://registry.npmjs.org/domtagger/-/domtagger-0.6.2.tgz",
			"integrity": "sha512-2z7re+gh8Gv6AUuoAhWsF8JXJtNaQCyplYt4p9piSZQ/ivDJ+goDXmKGqKWbc4BniZTD3X/kxm8DEjS12MhPAw==",
			"dev": true,
			"dependencies": {
				"@ungap/create-content": "^0.1.4",
				"@ungap/import-node": "^0.1.0",
				"@ungap/trim": "^0.1.1",
				"@ungap/weakmap": "^0.1.4",
				"domconstants": "^0.1.1",
				"domsanitizer": "^0.2.2",
				"umap": "^1.0.2"
			}
		},
		"node_modules/domtagger/node_modules/@ungap/create-content": {
			"version": "0.1.4",
			"resolved": "https://registry.npmjs.org/@ungap/create-content/-/create-content-0.1.4.tgz",
			"integrity": "sha512-YM6YQkF5wUxJlw5yDzEAzJfPK/kXR/GxIARx4NNJCInfx/nirHmy3ujPjfi7CaXjcVCwyfpv3vKQm6h762lbRA==",
			"dev": true
		},
		"node_modules/domtagger/node_modules/@ungap/weakmap": {
			"version": "0.1.4",
			"resolved": "https://registry.npmjs.org/@ungap/weakmap/-/weakmap-0.1.4.tgz",
			"integrity": "sha512-TO4TTwlQXdjHKoWgKxsMqApnOV8JruaNilqOg0I04MTYb5+fj9taIVijS4ILwWg0ytQY5DwTKzPWj+0G+7bsXw==",
			"dev": true
		},
		"node_modules/hyperhtml-style": {
			"version": "0.1.2",
			"resolved": "https://registry.npmjs.org/hyperhtml-style/-/hyperhtml-style-0.1.2.tgz",
			"integrity": "sha512-ZDRYNClEaqUS0a8RAED0nQRqWmZk7ctdyij3Iw/PqUUef6xhYO87nx9vJNuxg7Yc6J2FdJjXRKbB0iud2ZyzwQ==",
			"dev": true
		},
		"node_modules/lighterhtml": {
			"version": "3.2.0",
			"resolved": "https://registry.npmjs.org/lighterhtml/-/lighterhtml-3.2.0.tgz",
			"integrity": "sha512-3ajE3ePjCaIK9RB5BvGjP492xPlH4dkGYiau9PeSfFpdc6ND02W1bxC/TJ9yZPK5ufrE+zsrpNsoO2KKtf1onQ==",
			"dev": true,
			"dependencies": {
				"@ungap/create-content": "^0.2.0",
				"@ungap/template-tag-arguments": "^0.4.0",
				"@ungap/weakmap": "^0.2.0",
				"domdiff": "^2.2.2",
				"domsanitizer": "^0.2.2",
				"domtagger": "^0.6.2",
				"hyperhtml-style": "^0.1.2",
				"uhandlers": "^0.3.5",
				"umap": "^1.0.2",
				"uwire": "^1.0.1"
			}
		},
		"node_modules/mostly-dom": {
			"version": "5.0.0",
			"resolved": "https://registry.npmjs.org/mostly-dom/-/mostly-dom-5.0.0.tgz",
			"integrity": "sha512-CA9m+glbrvTct3Cmyl+HXJC07pLxQ1ASUBgfQPORKMBKGM8Gl9LRRgrzZHholh5b2yDzSrdlWhV4+kJuyxVPPA==",
			"dev": true
		},
		"node_modules/mostly-html": {
			"version": "3.0.0",
			"resolved": "https://registry.npmjs.org/mostly-html/-/mostly-html-3.0.0.tgz",
			"integrity": "sha512-Hj863azFGrQLRteKYQrcS2YlRJdFVF4BhcN7PIKp0nA9WOix7ATQYQuDGKFXWgWcwJcdOcutlDUAsjIwc2bIpA==",
			"dev": true,
			"dependencies": {
				"mostly-dom": "5.0.0"
			}
		},
		"node_modules/tslib": {
			"version": "2.4.0",
			"resolved": "https://registry.npmjs.org/tslib/-/tslib-2.4.0.tgz",
			"integrity": "sha512-d6xOpEDfsi2CZVlPQzGeux8XMwLT9hssAsaPYExaQMuYskwb+x1x7J371tWlbBdWHroy99KnVB6qIkUbs5X3UQ==",
			"peer": true
		},
		"node_modules/uarray": {
			"version": "1.0.0",
			"resolved": "https://registry.npmjs.org/uarray/-/uarray-1.0.0.tgz",
			"integrity": "sha512-LHmiAd5QuAv7pU2vbh+Zq9YOnqVK0H764p2Ozinpfy9ka58OID4IsGLiXsitqH7n0NAIDxvax1A/kDXpii/Ckg==",
			"dev": true
		},
		"node_modules/uhandlers": {
			"version": "0.3.5",
			"resolved": "https://registry.npmjs.org/uhandlers/-/uhandlers-0.3.5.tgz",
			"integrity": "sha512-v5j3eTz8DxEGz89EgTvkCmRt+dZqmUSLB8fCzBQ1v3irsVB8WZr1gfbxm/ZpvcDv5m1r0NlXteg7fx7Rg/YP5w==",
			"dev": true,
			"dependencies": {
				"uarray": "^1.0.0"
			}
		},
		"node_modules/umap": {
			"version": "1.0.2",
			"resolved": "https://registry.npmjs.org/umap/-/umap-1.0.2.tgz",
			"integrity": "sha512-bW127HgG4H4VAD6qlqO5vCC+7bnlYvZ6A6BdwyGblkWvlEG7VYpj1bcpf3iJpvyKmkPZWDIeZDmoULz67ec7NA==",
			"dev": true
		},
		"node_modules/uwire": {
			"version": "1.0.1",
			"resolved": "https://registry.npmjs.org/uwire/-/uwire-1.0.1.tgz",
			"integrity": "sha512-LOFKTfjqUu+DXbOAxj2Jruy6KY2bDx+HT6JrTOHQFD3a7rPew0ZTkzxef2/1hRBn+YM5wRdwDMAqwqpxoEVWtg==",
			"dev": true,
			"dependencies": {
				"uarray": "^1.0.0"
			}
		}
	},
	"dependencies": {
		"@ungap/create-content": {
			"version": "0.2.0",
			"resolved": "https://registry.npmjs.org/@ungap/create-content/-/create-content-0.2.0.tgz",
			"integrity": "sha512-CvmX0Mr5PfFARDBbSef0B+SAqSeMKaHOG/twJi9nbPtp/MiNPgyBLqZndiyO3RXQ0RXy6TqwarvB6KWzTmc4MQ==",
			"dev": true
		},
		"@ungap/import-node": {
			"version": "0.1.0",
			"resolved": "https://registry.npmjs.org/@ungap/import-node/-/import-node-0.1.0.tgz",
			"integrity": "sha512-FymNeJTWYNrZcnj7HFJwdaAZWrD1bUv8Na60RGIA142qtaRcOZs0KHGh+QSy7u7GNpW6wGnw9EdCQx4IYPE8cg==",
			"dev": true
		},
		"@ungap/template-literal": {
			"version": "0.5.0",
			"resolved": "https://registry.npmjs.org/@ungap/template-literal/-/template-literal-0.5.0.tgz",
			"integrity": "sha512-tWdSrmSCavurMDT0A38ox11q29gjrN8NMEfY5Gjxw0BsZWKVzh781CAE9DGvCUZ5Zl33RrfIILKgEsg9Cv3rnw==",
			"dev": true,
			"requires": {
				"@ungap/weakmap": "^0.1.4"
			},
			"dependencies": {
				"@ungap/weakmap": {
					"version": "0.1.4",
					"resolved": "https://registry.npmjs.org/@ungap/weakmap/-/weakmap-0.1.4.tgz",
					"integrity": "sha512-TO4TTwlQXdjHKoWgKxsMqApnOV8JruaNilqOg0I04MTYb5+fj9taIVijS4ILwWg0ytQY5DwTKzPWj+0G+7bsXw==",
					"dev": true
				}
			}
		},
		"@ungap/template-tag-arguments": {
			"version": "0.4.0",
			"resolved": "https://registry.npmjs.org/@ungap/template-tag-arguments/-/template-tag-arguments-0.4.0.tgz",
			"integrity": "sha512-jKEV99PnPkzbjXeWZUh0LTmKjt4IzWyaSaLeudouhljamrWy1gSZW8yisw+74JDkD0LRTz9MpZ7eS2NrJGcN0g==",
			"dev": true,
			"requires": {
				"@ungap/template-literal": "^0.5.0"
			}
		},
		"@ungap/trim": {
			"version": "0.1.1",
			"resolved": "https://registry.npmjs.org/@ungap/trim/-/trim-0.1.1.tgz",
			"integrity": "sha512-f2jiPMFD8qmoNV5kxZ6RwSwmnloxtGUcG3W5Fbe9rC3vwXlPxWT0g5J0mN3+rM9C/u1p24gIVTSxNBPOtyu7Sw==",
			"dev": true
		},
		"@ungap/weakmap": {
			"version": "0.2.0",
			"resolved": "https://registry.npmjs.org/@ungap/weakmap/-/weakmap-0.2.0.tgz",
			"integrity": "sha512-957g2TZ3drSeDjjSXlziKWqpDwuArTDz1PCqfDoCaG5UvbuzTqtzKi6KcnMT/nT3I4mdVaxyvGJttlxNxWgghg==",
			"dev": true
		},
		"domconstants": {
			"version": "0.1.1",
			"resolved": "https://registry.npmjs.org/domconstants/-/domconstants-0.1.1.tgz",
			"integrity": "sha512-Pk4K6tLOzSh0cZDuh7TQivZtYLC6Z8dNissoDyy2tQoVNg8ewScxG3AVJO76kLcTta/u7bgEO6xbIR97MiInfA==",
			"dev": true
		},
		"domdiff": {
			"version": "2.2.2",
			"resolved": "https://registry.npmjs.org/domdiff/-/domdiff-2.2.2.tgz",
			"integrity": "sha512-Pv7aH5JfjNIkLRKkah+T3Kd41Gy+7GU+5dmPsOZZXsCJ34QR1i7CCiWraUn1c/a40htShxAQ8mHJR2OqPd12+Q==",
			"dev": true,
			"requires": {
				"uarray": "^1.0.0"
			}
		},
		"domsanitizer": {
			"version": "0.2.2",
			"resolved": "https://registry.npmjs.org/domsanitizer/-/domsanitizer-0.2.2.tgz",
			"integrity": "sha512-2nqCaLWi+tpT7oOa862BVrG7bHzYlWFZ5ltmvt4LXECxe5FnwF/zKGs/gWanZWGmv1pwdUTkO9TamoZMqI0Pmg==",
			"dev": true,
			"requires": {
				"domconstants": "^0.1.1"
			}
		},
		"domtagger": {
			"version": "0.6.2",
			"resolved": "https://registry.npmjs.org/domtagger/-/domtagger-0.6.2.tgz",
			"integrity": "sha512-2z7re+gh8Gv6AUuoAhWsF8JXJtNaQCyplYt4p9piSZQ/ivDJ+goDXmKGqKWbc4BniZTD3X/kxm8DEjS12MhPAw==",
			"dev": true,
			"requires": {
				"@ungap/create-content": "^0.1.4",
				"@ungap/import-node": "^0.1.0",
				"@ungap/trim": "^0.1.1",
				"@ungap/weakmap": "^0.1.4",
				"domconstants": "^0.1.1",
				"domsanitizer": "^0.2.2",
				"umap": "^1.0.2"
			},
			"dependencies": {
				"@ungap/create-content": {
					"version": "0.1.4",
					"resolved": "https://registry.npmjs.org/@ungap/create-content/-/create-content-0.1.4.tgz",
					"integrity": "sha512-YM6YQkF5wUxJlw5yDzEAzJfPK/kXR/GxIARx4NNJCInfx/nirHmy3ujPjfi7CaXjcVCwyfpv3vKQm6h762lbRA==",
					"dev": true
				},
				"@ungap/weakmap": {
					"version": "0.1.4",
					"resolved": "https://registry.npmjs.org/@ungap/weakmap/-/weakmap-0.1.4.tgz",
					"integrity": "sha512-TO4TTwlQXdjHKoWgKxsMqApnOV8JruaNilqOg0I04MTYb5+fj9taIVijS4ILwWg0ytQY5DwTKzPWj+0G+7bsXw==",
					"dev": true
				}
			}
		},
		"hyperhtml-style": {
			"version": "0.1.2",
			"resolved": "https://registry.npmjs.org/hyperhtml-style/-/hyperhtml-style-0.1.2.tgz",
			"integrity": "sha512-ZDRYNClEaqUS0a8RAED0nQRqWmZk7ctdyij3Iw/PqUUef6xhYO87nx9vJNuxg7Yc6J2FdJjXRKbB0iud2ZyzwQ==",
			"dev": true
		},
		"lighterhtml": {
			"version": "3.2.0",
			"resolved": "https://registry.npmjs.org/lighterhtml/-/lighterhtml-3.2.0.tgz",
			"integrity": "sha512-3ajE3ePjCaIK9RB5BvGjP492xPlH4dkGYiau9PeSfFpdc6ND02W1bxC/TJ9yZPK5ufrE+zsrpNsoO2KKtf1onQ==",
			"dev": true,
			"requires": {
				"@ungap/create-content": "^0.2.0",
				"@ungap/template-tag-arguments": "^0.4.0",
				"@ungap/weakmap": "^0.2.0",
				"domdiff": "^2.2.2",
				"domsanitizer": "^0.2.2",
				"domtagger": "^0.6.2",
				"hyperhtml-style": "^0.1.2",
				"uhandlers": "^0.3.5",
				"umap": "^1.0.2",
				"uwire": "^1.0.1"
			}
		},
		"mostly-dom": {
			"version": "5.0.0",
			"resolved": "https://registry.npmjs.org/mostly-dom/-/mostly-dom-5.0.0.tgz",
			"integrity": "sha512-CA9m+glbrvTct3Cmyl+HXJC07pLxQ1ASUBgfQPORKMBKGM8Gl9LRRgrzZHholh5b2yDzSrdlWhV4+kJuyxVPPA==",
			"dev": true
		},
		"mostly-html": {
			"version": "3.0.0",
			"resolved": "https://registry.npmjs.org/mostly-html/-/mostly-html-3.0.0.tgz",
			"integrity": "sha512-Hj863azFGrQLRteKYQrcS2YlRJdFVF4BhcN7PIKp0nA9WOix7ATQYQuDGKFXWgWcwJcdOcutlDUAsjIwc2bIpA==",
			"dev": true,
			"requires": {
				"mostly-dom": "5.0.0"
			}
		},
		"tslib": {
			"version": "2.4.0",
			"resolved": "https://registry.npmjs.org/tslib/-/tslib-2.4.0.tgz",
			"integrity": "sha512-d6xOpEDfsi2CZVlPQzGeux8XMwLT9hssAsaPYExaQMuYskwb+x1x7J371tWlbBdWHroy99KnVB6qIkUbs5X3UQ==",
			"peer": true
		},
		"uarray": {
			"version": "1.0.0",
			"resolved": "https://registry.npmjs.org/uarray/-/uarray-1.0.0.tgz",
			"integrity": "sha512-LHmiAd5QuAv7pU2vbh+Zq9YOnqVK0H764p2Ozinpfy9ka58OID4IsGLiXsitqH7n0NAIDxvax1A/kDXpii/Ckg==",
			"dev": true
		},
		"uhandlers": {
			"version": "0.3.5",
			"resolved": "https://registry.npmjs.org/uhandlers/-/uhandlers-0.3.5.tgz",
			"integrity": "sha512-v5j3eTz8DxEGz89EgTvkCmRt+dZqmUSLB8fCzBQ1v3irsVB8WZr1gfbxm/ZpvcDv5m1r0NlXteg7fx7Rg/YP5w==",
			"dev": true,
			"requires": {
				"uarray": "^1.0.0"
			}
		},
		"umap": {
			"version": "1.0.2",
			"resolved": "https://registry.npmjs.org/umap/-/umap-1.0.2.tgz",
			"integrity": "sha512-bW127HgG4H4VAD6qlqO5vCC+7bnlYvZ6A6BdwyGblkWvlEG7VYpj1bcpf3iJpvyKmkPZWDIeZDmoULz67ec7NA==",
			"dev": true
		},
		"uwire": {
			"version": "1.0.1",
			"resolved": "https://registry.npmjs.org/uwire/-/uwire-1.0.1.tgz",
			"integrity": "sha512-LOFKTfjqUu+DXbOAxj2Jruy6KY2bDx+HT6JrTOHQFD3a7rPew0ZTkzxef2/1hRBn+YM5wRdwDMAqwqpxoEVWtg==",
			"dev": true,
			"requires": {
				"uarray": "^1.0.0"
			}
		}
	}
}
