{
	"name": "@typed/render",
	"version": "4.0.0",
	"lockfileVersion": 1,
	"requires": true,
	"dependencies": {
		"@ungap/create-content": {
			"version": "0.2.0",
			"resolved": "https://registry.npmjs.org/@ungap/create-content/-/create-content-0.2.0.tgz",
			"integrity": "sha512-CvmX0Mr5PfFARDBbSef0B+SAqSeMKaHOG/twJi9nbPtp/MiNPgyBLqZndiyO3RXQ0RXy6TqwarvB6KWzTmc4MQ==",
			"dev": true
		},
		"@ungap/import-node": {
			"version": "0.2.0",
			"resolved": "https://registry.npmjs.org/@ungap/import-node/-/import-node-0.2.0.tgz",
			"integrity": "sha512-VuWVBAMRjoOc63n8Cc19brS7KlhYJ+57790LF+lVw60nMRemCrz1T6HnoNx74IEW3FS+TM+vveJ70C6NyTKODQ==",
			"dev": true
		},
		"@ungap/trim": {
			"version": "0.2.0",
			"resolved": "https://registry.npmjs.org/@ungap/trim/-/trim-0.2.0.tgz",
			"integrity": "sha512-CfsUxeZ2R/O3EGCOe+IkAU32yHOdO+mCRmtavSIQ4HZN3Jiq/ynGzq8/asyamd28U26UJmpSV/TC7+p7qELKrg==",
			"dev": true
		},
		"@ungap/weakmap": {
			"version": "0.2.1",
			"resolved": "https://registry.npmjs.org/@ungap/weakmap/-/weakmap-0.2.1.tgz",
			"integrity": "sha512-GmVAWB+JuFKqSbzlofYK4qxk955gEv4Kd9/aj2hLOxneXMAm/J7OXcl5DlElS9tmkqwCcxGysSZGOrjzNvmjFQ==",
			"dev": true
		},
		"domconstants": {
			"version": "0.1.2",
			"resolved": "https://registry.npmjs.org/domconstants/-/domconstants-0.1.2.tgz",
			"integrity": "sha512-sPOoOckTxtwy5t8PFf6zl11gOEhOpl1k0ZCc/NfCNmHoMw8n9HnCQCzxWKX9gdBp+qM+2DTFkst++Yw6C41izQ==",
			"dev": true
		},
		"domsanitizer": {
			"version": "0.2.3",
			"resolved": "https://registry.npmjs.org/domsanitizer/-/domsanitizer-0.2.3.tgz",
			"integrity": "sha512-qglHc+5k5C2+WSEzck0WGbpa2exCKZuZKb0n4RU2Wuy7BPkpmf67mHD1BJWGxs0iJYl709f2YVeJMh06c1ILlA==",
			"dev": true,
			"requires": {
				"domconstants": "^0.1.2"
			}
		},
		"domtagger": {
			"version": "0.7.1",
			"resolved": "https://registry.npmjs.org/domtagger/-/domtagger-0.7.1.tgz",
			"integrity": "sha512-58iF+Vaqmt9MezXuwhwAoXNv1etFJRf9VeP2Gkd4xC9GFbBftgjzkWmrA5Xzb0Q9D8ha7RZgQ5kGo737HmMyIg==",
			"dev": true,
			"requires": {
				"@ungap/create-content": "^0.2.0",
				"@ungap/import-node": "^0.2.0",
				"@ungap/trim": "^0.2.0",
				"@ungap/weakmap": "^0.2.1",
				"domconstants": "^0.1.2",
				"domsanitizer": "^0.2.2",
				"umap": "^1.0.2"
			}
		},
		"hyperhtml-style": {
			"version": "0.1.2",
			"resolved": "https://registry.npmjs.org/hyperhtml-style/-/hyperhtml-style-0.1.2.tgz",
			"integrity": "sha512-ZDRYNClEaqUS0a8RAED0nQRqWmZk7ctdyij3Iw/PqUUef6xhYO87nx9vJNuxg7Yc6J2FdJjXRKbB0iud2ZyzwQ==",
			"dev": true
		},
		"lighterhtml": {
			"version": "4.2.0",
			"resolved": "https://registry.npmjs.org/lighterhtml/-/lighterhtml-4.2.0.tgz",
			"integrity": "sha512-HAb+Ri17iT+vYmFtarlt45O63BltoJY/ltDZGhnf2A1s4kno2j6su5KiZAgYD4/5AjODYQqflSy9KJZFwL5VwQ==",
			"dev": true,
			"requires": {
				"@ungap/create-content": "^0.2.0",
				"@ungap/weakmap": "^0.2.1",
				"domsanitizer": "^0.2.3",
				"domtagger": "^0.7.1",
				"hyperhtml-style": "^0.1.2",
				"udomdiff": "^1.1.0",
				"uhandlers": "^0.4.2",
				"umap": "^1.0.2",
				"uwire": "^1.1.0"
			}
		},
		"mostly-dom": {
			"version": "5.0.0",
			"resolved": "https://registry.npmjs.org/mostly-dom/-/mostly-dom-5.0.0.tgz",
			"integrity": "sha512-CA9m+glbrvTct3Cmyl+HXJC07pLxQ1ASUBgfQPORKMBKGM8Gl9LRRgrzZHholh5b2yDzSrdlWhV4+kJuyxVPPA==",
			"dev": true
		},
		"mostly-html": {
			"version": "3.0.0",
			"resolved": "https://registry.npmjs.org/mostly-html/-/mostly-html-3.0.0.tgz",
			"integrity": "sha512-Hj863azFGrQLRteKYQrcS2YlRJdFVF4BhcN7PIKp0nA9WOix7ATQYQuDGKFXWgWcwJcdOcutlDUAsjIwc2bIpA==",
			"dev": true,
			"requires": {
				"mostly-dom": "5.0.0"
			}
		},
		"uarray": {
			"version": "1.0.0",
			"resolved": "https://registry.npmjs.org/uarray/-/uarray-1.0.0.tgz",
			"integrity": "sha512-LHmiAd5QuAv7pU2vbh+Zq9YOnqVK0H764p2Ozinpfy9ka58OID4IsGLiXsitqH7n0NAIDxvax1A/kDXpii/Ckg==",
			"dev": true
		},
		"udomdiff": {
			"version": "1.1.0",
			"resolved": "https://registry.npmjs.org/udomdiff/-/udomdiff-1.1.0.tgz",
			"integrity": "sha512-aqjTs5x/wsShZBkVagdafJkP8S3UMGhkHKszsu1cszjjZ7iOp86+Qb3QOFYh01oWjPMy5ZTuxD6hw5uTKxd+VA==",
			"dev": true
		},
		"uhandlers": {
			"version": "0.4.2",
			"resolved": "https://registry.npmjs.org/uhandlers/-/uhandlers-0.4.2.tgz",
			"integrity": "sha512-4M3yo0saEReMHiUz3yTDX/e9Z1Z+X8fVvDEywdjvWHPKqzpI6xEPJ21llrBf6Tvf7E5xaPCf9l5JXaYZRU7QRA==",
			"dev": true,
			"requires": {
				"uarray": "^1.0.0"
			}
		},
		"umap": {
			"version": "1.0.2",
			"resolved": "https://registry.npmjs.org/umap/-/umap-1.0.2.tgz",
			"integrity": "sha512-bW127HgG4H4VAD6qlqO5vCC+7bnlYvZ6A6BdwyGblkWvlEG7VYpj1bcpf3iJpvyKmkPZWDIeZDmoULz67ec7NA==",
			"dev": true
		},
		"uwire": {
			"version": "1.1.0",
			"resolved": "https://registry.npmjs.org/uwire/-/uwire-1.1.0.tgz",
			"integrity": "sha512-XJPmJnySabt8D0/wnfFFywgUOBnXszDEW32nEVIfOx1n6gLTZSp+X+70+blSnHKNiIUVSFPmmRuxOal0I/aB5g==",
			"dev": true,
			"requires": {
				"uarray": "^1.0.0"
			}
		}
	}
}
